// !$*UTF8*$!
{
	archiveVersion = 1;
	classes = {
	};
	objectVersion = 50;
	objects = {

/* Begin PBXBuildFile section */
		182D023820BD52820012EB01 /* UIViewController+TTAlowPush.m in Sources */ = {isa = PBXBuildFile; fileRef = 182D023720BD52810012EB01 /* UIViewController+TTAlowPush.m */; };
		1898F4D5208F1B9700647FC9 /* Main.storyboard in Resources */ = {isa = PBXBuildFile; fileRef = 1898F4D3208F1B9700647FC9 /* Main.storyboard */; };
		1898F4D7208F1B9800647FC9 /* Assets.xcassets in Resources */ = {isa = PBXBuildFile; fileRef = 1898F4D6208F1B9800647FC9 /* Assets.xcassets */; };
		1898F4DA208F1B9800647FC9 /* LaunchScreen.storyboard in Resources */ = {isa = PBXBuildFile; fileRef = 1898F4D8208F1B9800647FC9 /* LaunchScreen.storyboard */; };
		1898F4DD208F1B9800647FC9 /* main.m in Sources */ = {isa = PBXBuildFile; fileRef = 1898F4DC208F1B9800647FC9 /* main.m */; };
		1898F500208F1CC300647FC9 /* TableViewCel2.xib in Resources */ = {isa = PBXBuildFile; fileRef = 1898F4F5208F1CC200647FC9 /* TableViewCel2.xib */; };
		1898F501208F1CC300647FC9 /* TableViewCel2.m in Sources */ = {isa = PBXBuildFile; fileRef = 1898F4F6208F1CC200647FC9 /* TableViewCel2.m */; };
		1898F502208F1CC300647FC9 /* tetController.xib in Resources */ = {isa = PBXBuildFile; fileRef = 1898F4F7208F1CC200647FC9 /* tetController.xib */; };
		1898F503208F1CC300647FC9 /* testmodel.m in Sources */ = {isa = PBXBuildFile; fileRef = 1898F4F9208F1CC300647FC9 /* testmodel.m */; };
		1898F504208F1CC300647FC9 /* tetController.m in Sources */ = {isa = PBXBuildFile; fileRef = 1898F4FA208F1CC300647FC9 /* tetController.m */; };
		1898F505208F1CC300647FC9 /* TableViewCell1.xib in Resources */ = {isa = PBXBuildFile; fileRef = 1898F4FC208F1CC300647FC9 /* TableViewCell1.xib */; };
		1898F506208F1CC300647FC9 /* TableViewCell1.m in Sources */ = {isa = PBXBuildFile; fileRef = 1898F4FD208F1CC300647FC9 /* TableViewCell1.m */; };
		1898F620208F1D8200647FC9 /* TTOCKit.podspec in Resources */ = {isa = PBXBuildFile; fileRef = 1898F61F208F1D8200647FC9 /* TTOCKit.podspec */; };
		1898F62B208F215300647FC9 /* AppDelegate.m in Sources */ = {isa = PBXBuildFile; fileRef = 1898F627208F215200647FC9 /* AppDelegate.m */; };
		1898F62C208F215300647FC9 /* ViewController.m in Sources */ = {isa = PBXBuildFile; fileRef = 1898F62A208F215300647FC9 /* ViewController.m */; };
		18BC1C492093082400D703F1 /* SandboxTools.m in Sources */ = {isa = PBXBuildFile; fileRef = 18BC1B852093082200D703F1 /* SandboxTools.m */; };
		18BC1C4A2093082400D703F1 /* DYYFloatWindow.m in Sources */ = {isa = PBXBuildFile; fileRef = 18BC1B892093082200D703F1 /* DYYFloatWindow.m */; };
		18BC1C4B2093082400D703F1 /* TTNetwork.xcassets in Resources */ = {isa = PBXBuildFile; fileRef = 18BC1B8B2093082200D703F1 /* TTNetwork.xcassets */; };
		18BC1C4C2093082400D703F1 /* DebugMange.m in Sources */ = {isa = PBXBuildFile; fileRef = 18BC1B8E2093082200D703F1 /* DebugMange.m */; };
		18BC1C4D2093082400D703F1 /* IPModel.m in Sources */ = {isa = PBXBuildFile; fileRef = 18BC1B8F2093082200D703F1 /* IPModel.m */; };
		18BC1C4E2093082400D703F1 /* NetDataModel.m in Sources */ = {isa = PBXBuildFile; fileRef = 18BC1B942093082200D703F1 /* NetDataModel.m */; };
		18BC1C4F2093082400D703F1 /* NSObject+tt_PrintProperty.m in Sources */ = {isa = PBXBuildFile; fileRef = 18BC1B962093082200D703F1 /* NSObject+tt_PrintProperty.m */; };
		18BC1C502093082400D703F1 /* UIView+TTSignal.m in Sources */ = {isa = PBXBuildFile; fileRef = 18BC1B9B2093082200D703F1 /* UIView+TTSignal.m */; };
		18BC1C512093082400D703F1 /* UIView+TTTransitions.m in Sources */ = {isa = PBXBuildFile; fileRef = 18BC1B9F2093082200D703F1 /* UIView+TTTransitions.m */; };
		18BC1C522093082400D703F1 /* UINavigationController+TTRouter.m in Sources */ = {isa = PBXBuildFile; fileRef = 18BC1BA02093082200D703F1 /* UINavigationController+TTRouter.m */; };
		18BC1C532093082400D703F1 /* ModalAnimator_downMenuAnimation_black.m in Sources */ = {isa = PBXBuildFile; fileRef = 18BC1BA32093082200D703F1 /* ModalAnimator_downMenuAnimation_black.m */; };
		18BC1C542093082400D703F1 /* ModalAnimator_downToUpAnimation.m in Sources */ = {isa = PBXBuildFile; fileRef = 18BC1BA52093082200D703F1 /* ModalAnimator_downToUpAnimation.m */; };
		18BC1C552093082400D703F1 /* ModalAnimator_Custom.m in Sources */ = {isa = PBXBuildFile; fileRef = 18BC1BA72093082200D703F1 /* ModalAnimator_Custom.m */; };
		18BC1C562093082400D703F1 /* ModalAnimator_downMenuAnimation_clear.m in Sources */ = {isa = PBXBuildFile; fileRef = 18BC1BA82093082200D703F1 /* ModalAnimator_downMenuAnimation_clear.m */; };
		18BC1C572093082400D703F1 /* ModalAnimator_midAnimation.m in Sources */ = {isa = PBXBuildFile; fileRef = 18BC1BAB2093082200D703F1 /* ModalAnimator_midAnimation.m */; };
		18BC1C582093082400D703F1 /* ModalAnimator_suchAsModalAnimation_black.m in Sources */ = {isa = PBXBuildFile; fileRef = 18BC1BAD2093082300D703F1 /* ModalAnimator_suchAsModalAnimation_black.m */; };
		18BC1C592093082400D703F1 /* ModalAnimator_midSpringPopAnimation_black.m in Sources */ = {isa = PBXBuildFile; fileRef = 18BC1BAE2093082300D703F1 /* ModalAnimator_midSpringPopAnimation_black.m */; };
		18BC1C5A2093082400D703F1 /* UIViewController+CustomPopVc.m in Sources */ = {isa = PBXBuildFile; fileRef = 18BC1BB22093082300D703F1 /* UIViewController+CustomPopVc.m */; };
		18BC1C5B2093082400D703F1 /* PopPresentationController_clearColor_frame.m in Sources */ = {isa = PBXBuildFile; fileRef = 18BC1BB62093082300D703F1 /* PopPresentationController_clearColor_frame.m */; };
		18BC1C5C2093082400D703F1 /* PopPresentationController_fadeInAlphaBlack_frame.m in Sources */ = {isa = PBXBuildFile; fileRef = 18BC1BB82093082300D703F1 /* PopPresentationController_fadeInAlphaBlack_frame.m */; };
		18BC1C5D2093082400D703F1 /* PopPresentationController_AlphaBlack_frame.m in Sources */ = {isa = PBXBuildFile; fileRef = 18BC1BB92093082300D703F1 /* PopPresentationController_AlphaBlack_frame.m */; };
		18BC1C5E2093082400D703F1 /* PushAnimator_downToupAnimation.m in Sources */ = {isa = PBXBuildFile; fileRef = 18BC1BBE2093082300D703F1 /* PushAnimator_downToupAnimation.m */; };
		18BC1C5F2093082400D703F1 /* NavigationBarPop_push_Manager.m in Sources */ = {isa = PBXBuildFile; fileRef = 18BC1BBF2093082300D703F1 /* NavigationBarPop_push_Manager.m */; };
		18BC1C602093082400D703F1 /* PopAnimator_upTpdownAnimation.m in Sources */ = {isa = PBXBuildFile; fileRef = 18BC1BC02093082300D703F1 /* PopAnimator_upTpdownAnimation.m */; };
		18BC1C612093082400D703F1 /* NSArray+BtnSelect.m in Sources */ = {isa = PBXBuildFile; fileRef = 18BC1BC82093082300D703F1 /* NSArray+BtnSelect.m */; };
		18BC1C622093082400D703F1 /* TTScanQRCodeResultDEMO.m in Sources */ = {isa = PBXBuildFile; fileRef = 18BC1BCB2093082300D703F1 /* TTScanQRCodeResultDEMO.m */; };
		18BC1C632093082400D703F1 /* TTQRScan.storyboard in Resources */ = {isa = PBXBuildFile; fileRef = 18BC1BCC2093082300D703F1 /* TTQRScan.storyboard */; };
		18BC1C642093082400D703F1 /* TTQRScanController.bundle in Resources */ = {isa = PBXBuildFile; fileRef = 18BC1BCE2093082300D703F1 /* TTQRScanController.bundle */; };
		18BC1C652093082400D703F1 /* TTQRScanController.m in Sources */ = {isa = PBXBuildFile; fileRef = 18BC1BCF2093082300D703F1 /* TTQRScanController.m */; };
		18BC1C662093082400D703F1 /* TTBrowserImageView.m in Sources */ = {isa = PBXBuildFile; fileRef = 18BC1BD12093082300D703F1 /* TTBrowserImageView.m */; };
		18BC1C672093082400D703F1 /* TTWaitingView.m in Sources */ = {isa = PBXBuildFile; fileRef = 18BC1BD52093082300D703F1 /* TTWaitingView.m */; };
		18BC1C682093082400D703F1 /* TTPhotoBrowser.m in Sources */ = {isa = PBXBuildFile; fileRef = 18BC1BD72093082300D703F1 /* TTPhotoBrowser.m */; };
		18BC1C692093082400D703F1 /* NSString+ttLimit.m in Sources */ = {isa = PBXBuildFile; fileRef = 18BC1BDA2093082300D703F1 /* NSString+ttLimit.m */; };
		18BC1C6A2093082400D703F1 /* UIView+TTframe.m in Sources */ = {isa = PBXBuildFile; fileRef = 18BC1BDE2093082300D703F1 /* UIView+TTframe.m */; };
		18BC1C6B2093082400D703F1 /* UIView+cell.m in Sources */ = {isa = PBXBuildFile; fileRef = 18BC1BDF2093082300D703F1 /* UIView+cell.m */; };
		18BC1C6C2093082400D703F1 /* NSObject+TTPlaceholderPlace.m in Sources */ = {isa = PBXBuildFile; fileRef = 18BC1BE12093082300D703F1 /* NSObject+TTPlaceholderPlace.m */; };
		18BC1C6D2093082400D703F1 /* TTBankNumberTF.m in Sources */ = {isa = PBXBuildFile; fileRef = 18BC1BE42093082300D703F1 /* TTBankNumberTF.m */; };
		18BC1C6E2093082400D703F1 /* TTPhoneNumberTF.m in Sources */ = {isa = PBXBuildFile; fileRef = 18BC1BE62093082300D703F1 /* TTPhoneNumberTF.m */; };
		18BC1C6F2093082400D703F1 /* UITextField+TTNumberTF.m in Sources */ = {isa = PBXBuildFile; fileRef = 18BC1BE82093082300D703F1 /* UITextField+TTNumberTF.m */; };
		18BC1C702093082400D703F1 /* TTProgressView.m in Sources */ = {isa = PBXBuildFile; fileRef = 18BC1BEC2093082300D703F1 /* TTProgressView.m */; };
		18BC1C712093082400D703F1 /* KVNProgress.m in Sources */ = {isa = PBXBuildFile; fileRef = 18BC1BF02093082300D703F1 /* KVNProgress.m */; };
		18BC1C722093082400D703F1 /* KVNProgressConfiguration.m in Sources */ = {isa = PBXBuildFile; fileRef = 18BC1BF12093082300D703F1 /* KVNProgressConfiguration.m */; };
		18BC1C732093082400D703F1 /* KVNProgressView.xib in Resources */ = {isa = PBXBuildFile; fileRef = 18BC1BF52093082300D703F1 /* KVNProgressView.xib */; };
		18BC1C742093082400D703F1 /* UIImage+KVNImageEffects.m in Sources */ = {isa = PBXBuildFile; fileRef = 18BC1BF72093082300D703F1 /* UIImage+KVNImageEffects.m */; };
		18BC1C752093082400D703F1 /* UIImage+KVNEmpty.m in Sources */ = {isa = PBXBuildFile; fileRef = 18BC1BFA2093082300D703F1 /* UIImage+KVNEmpty.m */; };
		18BC1C762093082400D703F1 /* UIColor+KVNContrast.m in Sources */ = {isa = PBXBuildFile; fileRef = 18BC1BFC2093082300D703F1 /* UIColor+KVNContrast.m */; };
		18BC1C772093082400D703F1 /* DBProgress.m in Sources */ = {isa = PBXBuildFile; fileRef = 18BC1BFE2093082300D703F1 /* DBProgress.m */; };
		18BC1C782093082400D703F1 /* TTTextfield.m in Sources */ = {isa = PBXBuildFile; fileRef = 18BC1C022093082300D703F1 /* TTTextfield.m */; };
		18BC1C792093082400D703F1 /* NSString+TTTextField.m in Sources */ = {isa = PBXBuildFile; fileRef = 18BC1C032093082300D703F1 /* NSString+TTTextField.m */; };
		18BC1C7A2093082400D703F1 /* TTAlertView.m in Sources */ = {isa = PBXBuildFile; fileRef = 18BC1C052093082300D703F1 /* TTAlertView.m */; };
		18BC1C7B2093082400D703F1 /* TTWebController.m in Sources */ = {isa = PBXBuildFile; fileRef = 18BC1C092093082300D703F1 /* TTWebController.m */; };
		18BC1C7C2093082400D703F1 /* UIViewController+LogDealloc.m in Sources */ = {isa = PBXBuildFile; fileRef = 18BC1C0C2093082300D703F1 /* UIViewController+LogDealloc.m */; };
		18BC1C7D2093082400D703F1 /* UIButton+TTLayout.m in Sources */ = {isa = PBXBuildFile; fileRef = 18BC1C0E2093082300D703F1 /* UIButton+TTLayout.m */; };
		18BC1C7E2093082400D703F1 /* NSObject+FBKVOController.m in Sources */ = {isa = PBXBuildFile; fileRef = 18BC1C152093082300D703F1 /* NSObject+FBKVOController.m */; };
		18BC1C7F2093082400D703F1 /* FBKVOController.m in Sources */ = {isa = PBXBuildFile; fileRef = 18BC1C162093082300D703F1 /* FBKVOController.m */; };
		18BC1C802093082400D703F1 /* UIViewController+AlphaBar.m in Sources */ = {isa = PBXBuildFile; fileRef = 18BC1C182093082300D703F1 /* UIViewController+AlphaBar.m */; };
		18BC1C812093082400D703F1 /* UINavigationBar+ttAwesome.m in Sources */ = {isa = PBXBuildFile; fileRef = 18BC1C192093082300D703F1 /* UINavigationBar+ttAwesome.m */; };
		18BC1C822093082400D703F1 /* UIViewController+DZNEmptyDataSet.m in Sources */ = {isa = PBXBuildFile; fileRef = 18BC1C1E2093082300D703F1 /* UIViewController+DZNEmptyDataSet.m */; };
		18BC1C862093082400D703F1 /* UIViewController+NVBarClick.m in Sources */ = {isa = PBXBuildFile; fileRef = 18BC1C252093082300D703F1 /* UIViewController+NVBarClick.m */; };
		18BC1C872093082400D703F1 /* FBShimmeringLayer.m in Sources */ = {isa = PBXBuildFile; fileRef = 18BC1C2A2093082300D703F1 /* FBShimmeringLayer.m */; };
		18BC1C882093082400D703F1 /* FBShimmeringView.m in Sources */ = {isa = PBXBuildFile; fileRef = 18BC1C2B2093082300D703F1 /* FBShimmeringView.m */; };
		18BC1C892093082400D703F1 /* UIViewController+ViewIsScrollview.m in Sources */ = {isa = PBXBuildFile; fileRef = 18BC1C2E2093082300D703F1 /* UIViewController+ViewIsScrollview.m */; };
		18BC1C8A2093082400D703F1 /* UIViewController+easyJump.m in Sources */ = {isa = PBXBuildFile; fileRef = 18BC1C322093082300D703F1 /* UIViewController+easyJump.m */; };
		18BC1C8B2093082400D703F1 /* UIViewController+auto_implementation.m in Sources */ = {isa = PBXBuildFile; fileRef = 18BC1C342093082300D703F1 /* UIViewController+auto_implementation.m */; };
		18BC1C8C2093082400D703F1 /* TTMutableProxy.m in Sources */ = {isa = PBXBuildFile; fileRef = 18BC1C3A2093082400D703F1 /* TTMutableProxy.m */; };
		18BC1C8D2093082400D703F1 /* UIView+TTVM.m in Sources */ = {isa = PBXBuildFile; fileRef = 18BC1C3B2093082400D703F1 /* UIView+TTVM.m */; };
		18BC1C8E2093082400D703F1 /* TTGroupViewBaseMake.m in Sources */ = {isa = PBXBuildFile; fileRef = 18BC1C3C2093082400D703F1 /* TTGroupViewBaseMake.m */; };
		18BC1C8F2093082400D703F1 /* TTTableSectionMake.m in Sources */ = {isa = PBXBuildFile; fileRef = 18BC1C402093082400D703F1 /* TTTableSectionMake.m */; };
		18BC1C902093082400D703F1 /* UITableView+TTVM.m in Sources */ = {isa = PBXBuildFile; fileRef = 18BC1C422093082400D703F1 /* UITableView+TTVM.m */; };
		18BC1C912093082400D703F1 /* UITableView+TTCellAnimation.m in Sources */ = {isa = PBXBuildFile; fileRef = 18BC1C462093082400D703F1 /* UITableView+TTCellAnimation.m */; };
		18BC1C922093082400D703F1 /* UICollectionView+TTVM.m in Sources */ = {isa = PBXBuildFile; fileRef = 18BC1C482093082400D703F1 /* UICollectionView+TTVM.m */; };
		D2CD3A8CAFDBE1F1016E66C1 /* Pods_TTOCKitDemo.framework in Frameworks */ = {isa = PBXBuildFile; fileRef = CE11FB83628B3001E0F2223A /* Pods_TTOCKitDemo.framework */; };
/* End PBXBuildFile section */

/* Begin PBXFileReference section */
		182D023620BD52810012EB01 /* UIViewController+TTAlowPush.h */ = {isa = PBXFileReference; fileEncoding = 4; lastKnownFileType = sourcecode.c.h; path = "UIViewController+TTAlowPush.h"; sourceTree = "<group>"; };
		182D023720BD52810012EB01 /* UIViewController+TTAlowPush.m */ = {isa = PBXFileReference; fileEncoding = 4; lastKnownFileType = sourcecode.c.objc; path = "UIViewController+TTAlowPush.m"; sourceTree = "<group>"; };
		1898F4CA208F1B9700647FC9 /* TTOCKitDemo.app */ = {isa = PBXFileReference; explicitFileType = wrapper.application; includeInIndex = 0; path = TTOCKitDemo.app; sourceTree = BUILT_PRODUCTS_DIR; };
		1898F4D4208F1B9700647FC9 /* Base */ = {isa = PBXFileReference; lastKnownFileType = file.storyboard; name = Base; path = Base.lproj/Main.storyboard; sourceTree = "<group>"; };
		1898F4D6208F1B9800647FC9 /* Assets.xcassets */ = {isa = PBXFileReference; lastKnownFileType = folder.assetcatalog; path = Assets.xcassets; sourceTree = "<group>"; };
		1898F4D9208F1B9800647FC9 /* Base */ = {isa = PBXFileReference; lastKnownFileType = file.storyboard; name = Base; path = Base.lproj/LaunchScreen.storyboard; sourceTree = "<group>"; };
		1898F4DB208F1B9800647FC9 /* Info.plist */ = {isa = PBXFileReference; lastKnownFileType = text.plist.xml; path = Info.plist; sourceTree = "<group>"; };
		1898F4DC208F1B9800647FC9 /* main.m */ = {isa = PBXFileReference; lastKnownFileType = sourcecode.c.objc; path = main.m; sourceTree = "<group>"; };
		1898F4F5208F1CC200647FC9 /* TableViewCel2.xib */ = {isa = PBXFileReference; fileEncoding = 4; lastKnownFileType = file.xib; path = TableViewCel2.xib; sourceTree = "<group>"; };
		1898F4F6208F1CC200647FC9 /* TableViewCel2.m */ = {isa = PBXFileReference; fileEncoding = 4; lastKnownFileType = sourcecode.c.objc; path = TableViewCel2.m; sourceTree = "<group>"; };
		1898F4F7208F1CC200647FC9 /* tetController.xib */ = {isa = PBXFileReference; fileEncoding = 4; lastKnownFileType = file.xib; path = tetController.xib; sourceTree = "<group>"; };
		1898F4F8208F1CC200647FC9 /* TableViewCell1.h */ = {isa = PBXFileReference; fileEncoding = 4; lastKnownFileType = sourcecode.c.h; path = TableViewCell1.h; sourceTree = "<group>"; };
		1898F4F9208F1CC300647FC9 /* testmodel.m */ = {isa = PBXFileReference; fileEncoding = 4; lastKnownFileType = sourcecode.c.objc; path = testmodel.m; sourceTree = "<group>"; };
		1898F4FA208F1CC300647FC9 /* tetController.m */ = {isa = PBXFileReference; fileEncoding = 4; lastKnownFileType = sourcecode.c.objc; path = tetController.m; sourceTree = "<group>"; };
		1898F4FB208F1CC300647FC9 /* tetController.h */ = {isa = PBXFileReference; fileEncoding = 4; lastKnownFileType = sourcecode.c.h; path = tetController.h; sourceTree = "<group>"; };
		1898F4FC208F1CC300647FC9 /* TableViewCell1.xib */ = {isa = PBXFileReference; fileEncoding = 4; lastKnownFileType = file.xib; path = TableViewCell1.xib; sourceTree = "<group>"; };
		1898F4FD208F1CC300647FC9 /* TableViewCell1.m */ = {isa = PBXFileReference; fileEncoding = 4; lastKnownFileType = sourcecode.c.objc; path = TableViewCell1.m; sourceTree = "<group>"; };
		1898F4FE208F1CC300647FC9 /* TableViewCel2.h */ = {isa = PBXFileReference; fileEncoding = 4; lastKnownFileType = sourcecode.c.h; path = TableViewCel2.h; sourceTree = "<group>"; };
		1898F4FF208F1CC300647FC9 /* testmodel.h */ = {isa = PBXFileReference; fileEncoding = 4; lastKnownFileType = sourcecode.c.h; path = testmodel.h; sourceTree = "<group>"; };
		1898F61F208F1D8200647FC9 /* TTOCKit.podspec */ = {isa = PBXFileReference; fileEncoding = 4; lastKnownFileType = text; name = TTOCKit.podspec; path = ../../TTOCKit.podspec; sourceTree = "<group>"; xcLanguageSpecificationIdentifier = xcode.lang.ruby; };
		1898F627208F215200647FC9 /* AppDelegate.m */ = {isa = PBXFileReference; fileEncoding = 4; lastKnownFileType = sourcecode.c.objc; path = AppDelegate.m; sourceTree = "<group>"; };
		1898F628208F215200647FC9 /* AppDelegate.h */ = {isa = PBXFileReference; fileEncoding = 4; lastKnownFileType = sourcecode.c.h; path = AppDelegate.h; sourceTree = "<group>"; };
		1898F629208F215300647FC9 /* ViewController.h */ = {isa = PBXFileReference; fileEncoding = 4; lastKnownFileType = sourcecode.c.h; path = ViewController.h; sourceTree = "<group>"; };
		1898F62A208F215300647FC9 /* ViewController.m */ = {isa = PBXFileReference; fileEncoding = 4; lastKnownFileType = sourcecode.c.objc; path = ViewController.m; sourceTree = "<group>"; };
		18BC1B7F2093082200D703F1 /* NetDataModel.h */ = {isa = PBXFileReference; fileEncoding = 4; lastKnownFileType = sourcecode.c.h; path = NetDataModel.h; sourceTree = "<group>"; };
		18BC1B822093082200D703F1 /* TTDataConfig.h */ = {isa = PBXFileReference; fileEncoding = 4; lastKnownFileType = sourcecode.c.h; path = TTDataConfig.h; sourceTree = "<group>"; };
		18BC1B842093082200D703F1 /* SandboxTools.h */ = {isa = PBXFileReference; fileEncoding = 4; lastKnownFileType = sourcecode.c.h; path = SandboxTools.h; sourceTree = "<group>"; };
		18BC1B852093082200D703F1 /* SandboxTools.m */ = {isa = PBXFileReference; fileEncoding = 4; lastKnownFileType = sourcecode.c.objc; path = SandboxTools.m; sourceTree = "<group>"; };
		18BC1B882093082200D703F1 /* DYYFloatWindow.h */ = {isa = PBXFileReference; fileEncoding = 4; lastKnownFileType = sourcecode.c.h; path = DYYFloatWindow.h; sourceTree = "<group>"; };
		18BC1B892093082200D703F1 /* DYYFloatWindow.m */ = {isa = PBXFileReference; fileEncoding = 4; lastKnownFileType = sourcecode.c.objc; path = DYYFloatWindow.m; sourceTree = "<group>"; };
		18BC1B8B2093082200D703F1 /* TTNetwork.xcassets */ = {isa = PBXFileReference; lastKnownFileType = folder.assetcatalog; path = TTNetwork.xcassets; sourceTree = "<group>"; };
		18BC1B8C2093082200D703F1 /* IPModel.h */ = {isa = PBXFileReference; fileEncoding = 4; lastKnownFileType = sourcecode.c.h; path = IPModel.h; sourceTree = "<group>"; };
		18BC1B8D2093082200D703F1 /* DebugMange.h */ = {isa = PBXFileReference; fileEncoding = 4; lastKnownFileType = sourcecode.c.h; path = DebugMange.h; sourceTree = "<group>"; };
		18BC1B8E2093082200D703F1 /* DebugMange.m */ = {isa = PBXFileReference; fileEncoding = 4; lastKnownFileType = sourcecode.c.objc; path = DebugMange.m; sourceTree = "<group>"; };
		18BC1B8F2093082200D703F1 /* IPModel.m */ = {isa = PBXFileReference; fileEncoding = 4; lastKnownFileType = sourcecode.c.objc; path = IPModel.m; sourceTree = "<group>"; };
		18BC1B902093082200D703F1 /* TTdataMacros.h */ = {isa = PBXFileReference; fileEncoding = 4; lastKnownFileType = sourcecode.c.h; path = TTdataMacros.h; sourceTree = "<group>"; };
		18BC1B922093082200D703F1 /* TTAutoModel.h */ = {isa = PBXFileReference; fileEncoding = 4; lastKnownFileType = sourcecode.c.h; path = TTAutoModel.h; sourceTree = "<group>"; };
		18BC1B932093082200D703F1 /* NSObject+tt_PrintProperty.h */ = {isa = PBXFileReference; fileEncoding = 4; lastKnownFileType = sourcecode.c.h; path = "NSObject+tt_PrintProperty.h"; sourceTree = "<group>"; };
		18BC1B942093082200D703F1 /* NetDataModel.m */ = {isa = PBXFileReference; fileEncoding = 4; lastKnownFileType = sourcecode.c.objc; path = NetDataModel.m; sourceTree = "<group>"; };
		18BC1B952093082200D703F1 /* TTNetwork.h */ = {isa = PBXFileReference; fileEncoding = 4; lastKnownFileType = sourcecode.c.h; path = TTNetwork.h; sourceTree = "<group>"; };
		18BC1B962093082200D703F1 /* NSObject+tt_PrintProperty.m */ = {isa = PBXFileReference; fileEncoding = 4; lastKnownFileType = sourcecode.c.objc; path = "NSObject+tt_PrintProperty.m"; sourceTree = "<group>"; };
		18BC1B982093082200D703F1 /* TTSignal.h */ = {isa = PBXFileReference; fileEncoding = 4; lastKnownFileType = sourcecode.c.h; path = TTSignal.h; sourceTree = "<group>"; };
		18BC1B992093082200D703F1 /* UIView+TTSignal.h */ = {isa = PBXFileReference; fileEncoding = 4; lastKnownFileType = sourcecode.c.h; path = "UIView+TTSignal.h"; sourceTree = "<group>"; };
		18BC1B9A2093082200D703F1 /* TTMacros.h */ = {isa = PBXFileReference; fileEncoding = 4; lastKnownFileType = sourcecode.c.h; path = TTMacros.h; sourceTree = "<group>"; };
		18BC1B9B2093082200D703F1 /* UIView+TTSignal.m */ = {isa = PBXFileReference; fileEncoding = 4; lastKnownFileType = sourcecode.c.objc; path = "UIView+TTSignal.m"; sourceTree = "<group>"; };
		18BC1B9E2093082200D703F1 /* UIView+TTTransitions.h */ = {isa = PBXFileReference; fileEncoding = 4; lastKnownFileType = sourcecode.c.h; path = "UIView+TTTransitions.h"; sourceTree = "<group>"; };
		18BC1B9F2093082200D703F1 /* UIView+TTTransitions.m */ = {isa = PBXFileReference; fileEncoding = 4; lastKnownFileType = sourcecode.c.objc; path = "UIView+TTTransitions.m"; sourceTree = "<group>"; };
		18BC1BA02093082200D703F1 /* UINavigationController+TTRouter.m */ = {isa = PBXFileReference; fileEncoding = 4; lastKnownFileType = sourcecode.c.objc; path = "UINavigationController+TTRouter.m"; sourceTree = "<group>"; };
		18BC1BA32093082200D703F1 /* ModalAnimator_downMenuAnimation_black.m */ = {isa = PBXFileReference; fileEncoding = 4; lastKnownFileType = sourcecode.c.objc; path = ModalAnimator_downMenuAnimation_black.m; sourceTree = "<group>"; };
		18BC1BA42093082200D703F1 /* ModalAnimator_midAnimation.h */ = {isa = PBXFileReference; fileEncoding = 4; lastKnownFileType = sourcecode.c.h; path = ModalAnimator_midAnimation.h; sourceTree = "<group>"; };
		18BC1BA52093082200D703F1 /* ModalAnimator_downToUpAnimation.m */ = {isa = PBXFileReference; fileEncoding = 4; lastKnownFileType = sourcecode.c.objc; path = ModalAnimator_downToUpAnimation.m; sourceTree = "<group>"; };
		18BC1BA62093082200D703F1 /* ModalAnimator_suchAsModalAnimation_black.h */ = {isa = PBXFileReference; fileEncoding = 4; lastKnownFileType = sourcecode.c.h; path = ModalAnimator_suchAsModalAnimation_black.h; sourceTree = "<group>"; };
		18BC1BA72093082200D703F1 /* ModalAnimator_Custom.m */ = {isa = PBXFileReference; fileEncoding = 4; lastKnownFileType = sourcecode.c.objc; path = ModalAnimator_Custom.m; sourceTree = "<group>"; };
		18BC1BA82093082200D703F1 /* ModalAnimator_downMenuAnimation_clear.m */ = {isa = PBXFileReference; fileEncoding = 4; lastKnownFileType = sourcecode.c.objc; path = ModalAnimator_downMenuAnimation_clear.m; sourceTree = "<group>"; };
		18BC1BA92093082200D703F1 /* ModalAnimator_midSpringPopAnimation_black.h */ = {isa = PBXFileReference; fileEncoding = 4; lastKnownFileType = sourcecode.c.h; path = ModalAnimator_midSpringPopAnimation_black.h; sourceTree = "<group>"; };
		18BC1BAA2093082200D703F1 /* ModalAnimator_downToUpAnimation.h */ = {isa = PBXFileReference; fileEncoding = 4; lastKnownFileType = sourcecode.c.h; path = ModalAnimator_downToUpAnimation.h; sourceTree = "<group>"; };
		18BC1BAB2093082200D703F1 /* ModalAnimator_midAnimation.m */ = {isa = PBXFileReference; fileEncoding = 4; lastKnownFileType = sourcecode.c.objc; path = ModalAnimator_midAnimation.m; sourceTree = "<group>"; };
		18BC1BAC2093082300D703F1 /* ModalAnimator_downMenuAnimation_black.h */ = {isa = PBXFileReference; fileEncoding = 4; lastKnownFileType = sourcecode.c.h; path = ModalAnimator_downMenuAnimation_black.h; sourceTree = "<group>"; };
		18BC1BAD2093082300D703F1 /* ModalAnimator_suchAsModalAnimation_black.m */ = {isa = PBXFileReference; fileEncoding = 4; lastKnownFileType = sourcecode.c.objc; path = ModalAnimator_suchAsModalAnimation_black.m; sourceTree = "<group>"; };
		18BC1BAE2093082300D703F1 /* ModalAnimator_midSpringPopAnimation_black.m */ = {isa = PBXFileReference; fileEncoding = 4; lastKnownFileType = sourcecode.c.objc; path = ModalAnimator_midSpringPopAnimation_black.m; sourceTree = "<group>"; };
		18BC1BAF2093082300D703F1 /* ModalAnimator_downMenuAnimation_clear.h */ = {isa = PBXFileReference; fileEncoding = 4; lastKnownFileType = sourcecode.c.h; path = ModalAnimator_downMenuAnimation_clear.h; sourceTree = "<group>"; };
		18BC1BB02093082300D703F1 /* ModalAnimator_Custom.h */ = {isa = PBXFileReference; fileEncoding = 4; lastKnownFileType = sourcecode.c.h; path = ModalAnimator_Custom.h; sourceTree = "<group>"; };
		18BC1BB12093082300D703F1 /* UIViewController+CustomPopVc.h */ = {isa = PBXFileReference; fileEncoding = 4; lastKnownFileType = sourcecode.c.h; path = "UIViewController+CustomPopVc.h"; sourceTree = "<group>"; };
		18BC1BB22093082300D703F1 /* UIViewController+CustomPopVc.m */ = {isa = PBXFileReference; fileEncoding = 4; lastKnownFileType = sourcecode.c.objc; path = "UIViewController+CustomPopVc.m"; sourceTree = "<group>"; };
		18BC1BB42093082300D703F1 /* PopPresentationController_AlphaBlack_frame.h */ = {isa = PBXFileReference; fileEncoding = 4; lastKnownFileType = sourcecode.c.h; path = PopPresentationController_AlphaBlack_frame.h; sourceTree = "<group>"; };
		18BC1BB52093082300D703F1 /* PopPresentationController_fadeInAlphaBlack_frame.h */ = {isa = PBXFileReference; fileEncoding = 4; lastKnownFileType = sourcecode.c.h; path = PopPresentationController_fadeInAlphaBlack_frame.h; sourceTree = "<group>"; };
		18BC1BB62093082300D703F1 /* PopPresentationController_clearColor_frame.m */ = {isa = PBXFileReference; fileEncoding = 4; lastKnownFileType = sourcecode.c.objc; path = PopPresentationController_clearColor_frame.m; sourceTree = "<group>"; };
		18BC1BB72093082300D703F1 /* PopPresentationController_clearColor_frame.h */ = {isa = PBXFileReference; fileEncoding = 4; lastKnownFileType = sourcecode.c.h; path = PopPresentationController_clearColor_frame.h; sourceTree = "<group>"; };
		18BC1BB82093082300D703F1 /* PopPresentationController_fadeInAlphaBlack_frame.m */ = {isa = PBXFileReference; fileEncoding = 4; lastKnownFileType = sourcecode.c.objc; path = PopPresentationController_fadeInAlphaBlack_frame.m; sourceTree = "<group>"; };
		18BC1BB92093082300D703F1 /* PopPresentationController_AlphaBlack_frame.m */ = {isa = PBXFileReference; fileEncoding = 4; lastKnownFileType = sourcecode.c.objc; path = PopPresentationController_AlphaBlack_frame.m; sourceTree = "<group>"; };
		18BC1BBA2093082300D703F1 /* UINavigationController+TTRouter.h */ = {isa = PBXFileReference; fileEncoding = 4; lastKnownFileType = sourcecode.c.h; path = "UINavigationController+TTRouter.h"; sourceTree = "<group>"; };
		18BC1BBB2093082300D703F1 /* TTRouter.h */ = {isa = PBXFileReference; fileEncoding = 4; lastKnownFileType = sourcecode.c.h; path = TTRouter.h; sourceTree = "<group>"; };
		18BC1BBE2093082300D703F1 /* PushAnimator_downToupAnimation.m */ = {isa = PBXFileReference; fileEncoding = 4; lastKnownFileType = sourcecode.c.objc; path = PushAnimator_downToupAnimation.m; sourceTree = "<group>"; };
		18BC1BBF2093082300D703F1 /* NavigationBarPop_push_Manager.m */ = {isa = PBXFileReference; fileEncoding = 4; lastKnownFileType = sourcecode.c.objc; path = NavigationBarPop_push_Manager.m; sourceTree = "<group>"; };
		18BC1BC02093082300D703F1 /* PopAnimator_upTpdownAnimation.m */ = {isa = PBXFileReference; fileEncoding = 4; lastKnownFileType = sourcecode.c.objc; path = PopAnimator_upTpdownAnimation.m; sourceTree = "<group>"; };
		18BC1BC12093082300D703F1 /* PushAnimator_downToupAnimation.h */ = {isa = PBXFileReference; fileEncoding = 4; lastKnownFileType = sourcecode.c.h; path = PushAnimator_downToupAnimation.h; sourceTree = "<group>"; };
		18BC1BC22093082300D703F1 /* NavigationBarPop_push_Manager.h */ = {isa = PBXFileReference; fileEncoding = 4; lastKnownFileType = sourcecode.c.h; path = NavigationBarPop_push_Manager.h; sourceTree = "<group>"; };
		18BC1BC32093082300D703F1 /* PopAnimator_upTpdownAnimation.h */ = {isa = PBXFileReference; fileEncoding = 4; lastKnownFileType = sourcecode.c.h; path = PopAnimator_upTpdownAnimation.h; sourceTree = "<group>"; };
		18BC1BC52093082300D703F1 /* TTTools.h */ = {isa = PBXFileReference; fileEncoding = 4; lastKnownFileType = sourcecode.c.h; path = TTTools.h; sourceTree = "<group>"; };
		18BC1BC72093082300D703F1 /* NSArray+BtnSelect.h */ = {isa = PBXFileReference; fileEncoding = 4; lastKnownFileType = sourcecode.c.h; path = "NSArray+BtnSelect.h"; sourceTree = "<group>"; };
		18BC1BC82093082300D703F1 /* NSArray+BtnSelect.m */ = {isa = PBXFileReference; fileEncoding = 4; lastKnownFileType = sourcecode.c.objc; path = "NSArray+BtnSelect.m"; sourceTree = "<group>"; };
		18BC1BCA2093082300D703F1 /* TTQRScanController.h */ = {isa = PBXFileReference; fileEncoding = 4; lastKnownFileType = sourcecode.c.h; path = TTQRScanController.h; sourceTree = "<group>"; };
		18BC1BCB2093082300D703F1 /* TTScanQRCodeResultDEMO.m */ = {isa = PBXFileReference; fileEncoding = 4; lastKnownFileType = sourcecode.c.objc; path = TTScanQRCodeResultDEMO.m; sourceTree = "<group>"; };
		18BC1BCC2093082300D703F1 /* TTQRScan.storyboard */ = {isa = PBXFileReference; fileEncoding = 4; lastKnownFileType = file.storyboard; path = TTQRScan.storyboard; sourceTree = "<group>"; };
		18BC1BCD2093082300D703F1 /* TTScanQRCodeResultDEMO.h */ = {isa = PBXFileReference; fileEncoding = 4; lastKnownFileType = sourcecode.c.h; path = TTScanQRCodeResultDEMO.h; sourceTree = "<group>"; };
		18BC1BCE2093082300D703F1 /* TTQRScanController.bundle */ = {isa = PBXFileReference; lastKnownFileType = "wrapper.plug-in"; path = TTQRScanController.bundle; sourceTree = "<group>"; };
		18BC1BCF2093082300D703F1 /* TTQRScanController.m */ = {isa = PBXFileReference; fileEncoding = 4; lastKnownFileType = sourcecode.c.objc; path = TTQRScanController.m; sourceTree = "<group>"; };
		18BC1BD12093082300D703F1 /* TTBrowserImageView.m */ = {isa = PBXFileReference; fileEncoding = 4; lastKnownFileType = sourcecode.c.objc; path = TTBrowserImageView.m; sourceTree = "<group>"; };
		18BC1BD22093082300D703F1 /* TTWaitingView.h */ = {isa = PBXFileReference; fileEncoding = 4; lastKnownFileType = sourcecode.c.h; path = TTWaitingView.h; sourceTree = "<group>"; };
		18BC1BD32093082300D703F1 /* TTPhotoBrowser.h */ = {isa = PBXFileReference; fileEncoding = 4; lastKnownFileType = sourcecode.c.h; path = TTPhotoBrowser.h; sourceTree = "<group>"; };
		18BC1BD42093082300D703F1 /* TTBrowserImageView.h */ = {isa = PBXFileReference; fileEncoding = 4; lastKnownFileType = sourcecode.c.h; path = TTBrowserImageView.h; sourceTree = "<group>"; };
		18BC1BD52093082300D703F1 /* TTWaitingView.m */ = {isa = PBXFileReference; fileEncoding = 4; lastKnownFileType = sourcecode.c.objc; path = TTWaitingView.m; sourceTree = "<group>"; };
		18BC1BD62093082300D703F1 /* TTPhotoBrowserConfig.h */ = {isa = PBXFileReference; fileEncoding = 4; lastKnownFileType = sourcecode.c.h; path = TTPhotoBrowserConfig.h; sourceTree = "<group>"; };
		18BC1BD72093082300D703F1 /* TTPhotoBrowser.m */ = {isa = PBXFileReference; fileEncoding = 4; lastKnownFileType = sourcecode.c.objc; path = TTPhotoBrowser.m; sourceTree = "<group>"; };
		18BC1BD92093082300D703F1 /* NSString+ttLimit.h */ = {isa = PBXFileReference; fileEncoding = 4; lastKnownFileType = sourcecode.c.h; path = "NSString+ttLimit.h"; sourceTree = "<group>"; };
		18BC1BDA2093082300D703F1 /* NSString+ttLimit.m */ = {isa = PBXFileReference; fileEncoding = 4; lastKnownFileType = sourcecode.c.objc; path = "NSString+ttLimit.m"; sourceTree = "<group>"; };
		18BC1BDC2093082300D703F1 /* UIView+cell.h */ = {isa = PBXFileReference; fileEncoding = 4; lastKnownFileType = sourcecode.c.h; path = "UIView+cell.h"; sourceTree = "<group>"; };
		18BC1BDD2093082300D703F1 /* UIView+TTframe.h */ = {isa = PBXFileReference; fileEncoding = 4; lastKnownFileType = sourcecode.c.h; path = "UIView+TTframe.h"; sourceTree = "<group>"; };
		18BC1BDE2093082300D703F1 /* UIView+TTframe.m */ = {isa = PBXFileReference; fileEncoding = 4; lastKnownFileType = sourcecode.c.objc; path = "UIView+TTframe.m"; sourceTree = "<group>"; };
		18BC1BDF2093082300D703F1 /* UIView+cell.m */ = {isa = PBXFileReference; fileEncoding = 4; lastKnownFileType = sourcecode.c.objc; path = "UIView+cell.m"; sourceTree = "<group>"; };
		18BC1BE12093082300D703F1 /* NSObject+TTPlaceholderPlace.m */ = {isa = PBXFileReference; fileEncoding = 4; lastKnownFileType = sourcecode.c.objc; path = "NSObject+TTPlaceholderPlace.m"; sourceTree = "<group>"; };
		18BC1BE22093082300D703F1 /* NSObject+TTPlaceholderPlace.h */ = {isa = PBXFileReference; fileEncoding = 4; lastKnownFileType = sourcecode.c.h; path = "NSObject+TTPlaceholderPlace.h"; sourceTree = "<group>"; };
		18BC1BE42093082300D703F1 /* TTBankNumberTF.m */ = {isa = PBXFileReference; fileEncoding = 4; lastKnownFileType = sourcecode.c.objc; path = TTBankNumberTF.m; sourceTree = "<group>"; };
		18BC1BE52093082300D703F1 /* UITextField+TTNumberTF.h */ = {isa = PBXFileReference; fileEncoding = 4; lastKnownFileType = sourcecode.c.h; path = "UITextField+TTNumberTF.h"; sourceTree = "<group>"; };
		18BC1BE62093082300D703F1 /* TTPhoneNumberTF.m */ = {isa = PBXFileReference; fileEncoding = 4; lastKnownFileType = sourcecode.c.objc; path = TTPhoneNumberTF.m; sourceTree = "<group>"; };
		18BC1BE72093082300D703F1 /* TTBankNumberTF.h */ = {isa = PBXFileReference; fileEncoding = 4; lastKnownFileType = sourcecode.c.h; path = TTBankNumberTF.h; sourceTree = "<group>"; };
		18BC1BE82093082300D703F1 /* UITextField+TTNumberTF.m */ = {isa = PBXFileReference; fileEncoding = 4; lastKnownFileType = sourcecode.c.objc; path = "UITextField+TTNumberTF.m"; sourceTree = "<group>"; };
		18BC1BE92093082300D703F1 /* TTPhoneNumberTF.h */ = {isa = PBXFileReference; fileEncoding = 4; lastKnownFileType = sourcecode.c.h; path = TTPhoneNumberTF.h; sourceTree = "<group>"; };
		18BC1BEC2093082300D703F1 /* TTProgressView.m */ = {isa = PBXFileReference; fileEncoding = 4; lastKnownFileType = sourcecode.c.objc; path = TTProgressView.m; sourceTree = "<group>"; };
		18BC1BED2093082300D703F1 /* TTProgressView.h */ = {isa = PBXFileReference; fileEncoding = 4; lastKnownFileType = sourcecode.c.h; path = TTProgressView.h; sourceTree = "<group>"; };
		18BC1BF02093082300D703F1 /* KVNProgress.m */ = {isa = PBXFileReference; fileEncoding = 4; lastKnownFileType = sourcecode.c.objc; path = KVNProgress.m; sourceTree = "<group>"; };
		18BC1BF12093082300D703F1 /* KVNProgressConfiguration.m */ = {isa = PBXFileReference; fileEncoding = 4; lastKnownFileType = sourcecode.c.objc; path = KVNProgressConfiguration.m; sourceTree = "<group>"; };
		18BC1BF22093082300D703F1 /* KVNProgress.h */ = {isa = PBXFileReference; fileEncoding = 4; lastKnownFileType = sourcecode.c.h; path = KVNProgress.h; sourceTree = "<group>"; };
		18BC1BF32093082300D703F1 /* KVNProgressConfiguration.h */ = {isa = PBXFileReference; fileEncoding = 4; lastKnownFileType = sourcecode.c.h; path = KVNProgressConfiguration.h; sourceTree = "<group>"; };
		18BC1BF52093082300D703F1 /* KVNProgressView.xib */ = {isa = PBXFileReference; fileEncoding = 4; lastKnownFileType = file.xib; path = KVNProgressView.xib; sourceTree = "<group>"; };
		18BC1BF72093082300D703F1 /* UIImage+KVNImageEffects.m */ = {isa = PBXFileReference; fileEncoding = 4; lastKnownFileType = sourcecode.c.objc; path = "UIImage+KVNImageEffects.m"; sourceTree = "<group>"; };
		18BC1BF82093082300D703F1 /* UIImage+KVNEmpty.h */ = {isa = PBXFileReference; fileEncoding = 4; lastKnownFileType = sourcecode.c.h; path = "UIImage+KVNEmpty.h"; sourceTree = "<group>"; };
		18BC1BF92093082300D703F1 /* UIColor+KVNContrast.h */ = {isa = PBXFileReference; fileEncoding = 4; lastKnownFileType = sourcecode.c.h; path = "UIColor+KVNContrast.h"; sourceTree = "<group>"; };
		18BC1BFA2093082300D703F1 /* UIImage+KVNEmpty.m */ = {isa = PBXFileReference; fileEncoding = 4; lastKnownFileType = sourcecode.c.objc; path = "UIImage+KVNEmpty.m"; sourceTree = "<group>"; };
		18BC1BFB2093082300D703F1 /* UIImage+KVNImageEffects.h */ = {isa = PBXFileReference; fileEncoding = 4; lastKnownFileType = sourcecode.c.h; path = "UIImage+KVNImageEffects.h"; sourceTree = "<group>"; };
		18BC1BFC2093082300D703F1 /* UIColor+KVNContrast.m */ = {isa = PBXFileReference; fileEncoding = 4; lastKnownFileType = sourcecode.c.objc; path = "UIColor+KVNContrast.m"; sourceTree = "<group>"; };
		18BC1BFD2093082300D703F1 /* DBProgress.h */ = {isa = PBXFileReference; fileEncoding = 4; lastKnownFileType = sourcecode.c.h; path = DBProgress.h; sourceTree = "<group>"; };
		18BC1BFE2093082300D703F1 /* DBProgress.m */ = {isa = PBXFileReference; fileEncoding = 4; lastKnownFileType = sourcecode.c.objc; path = DBProgress.m; sourceTree = "<group>"; };
		18BC1C002093082300D703F1 /* TTTextfield.h */ = {isa = PBXFileReference; fileEncoding = 4; lastKnownFileType = sourcecode.c.h; path = TTTextfield.h; sourceTree = "<group>"; };
		18BC1C012093082300D703F1 /* NSString+TTTextField.h */ = {isa = PBXFileReference; fileEncoding = 4; lastKnownFileType = sourcecode.c.h; path = "NSString+TTTextField.h"; sourceTree = "<group>"; };
		18BC1C022093082300D703F1 /* TTTextfield.m */ = {isa = PBXFileReference; fileEncoding = 4; lastKnownFileType = sourcecode.c.objc; path = TTTextfield.m; sourceTree = "<group>"; };
		18BC1C032093082300D703F1 /* NSString+TTTextField.m */ = {isa = PBXFileReference; fileEncoding = 4; lastKnownFileType = sourcecode.c.objc; path = "NSString+TTTextField.m"; sourceTree = "<group>"; };
		18BC1C052093082300D703F1 /* TTAlertView.m */ = {isa = PBXFileReference; fileEncoding = 4; lastKnownFileType = sourcecode.c.objc; path = TTAlertView.m; sourceTree = "<group>"; };
		18BC1C062093082300D703F1 /* TTAlertView.h */ = {isa = PBXFileReference; fileEncoding = 4; lastKnownFileType = sourcecode.c.h; path = TTAlertView.h; sourceTree = "<group>"; };
		18BC1C082093082300D703F1 /* TTWebController.h */ = {isa = PBXFileReference; fileEncoding = 4; lastKnownFileType = sourcecode.c.h; path = TTWebController.h; sourceTree = "<group>"; };
		18BC1C092093082300D703F1 /* TTWebController.m */ = {isa = PBXFileReference; fileEncoding = 4; lastKnownFileType = sourcecode.c.objc; path = TTWebController.m; sourceTree = "<group>"; };
		18BC1C0B2093082300D703F1 /* UIViewController+LogDealloc.h */ = {isa = PBXFileReference; fileEncoding = 4; lastKnownFileType = sourcecode.c.h; path = "UIViewController+LogDealloc.h"; sourceTree = "<group>"; };
		18BC1C0C2093082300D703F1 /* UIViewController+LogDealloc.m */ = {isa = PBXFileReference; fileEncoding = 4; lastKnownFileType = sourcecode.c.objc; path = "UIViewController+LogDealloc.m"; sourceTree = "<group>"; };
		18BC1C0E2093082300D703F1 /* UIButton+TTLayout.m */ = {isa = PBXFileReference; fileEncoding = 4; lastKnownFileType = sourcecode.c.objc; path = "UIButton+TTLayout.m"; sourceTree = "<group>"; };
		18BC1C0F2093082300D703F1 /* UIButton+TTLayout.h */ = {isa = PBXFileReference; fileEncoding = 4; lastKnownFileType = sourcecode.c.h; path = "UIButton+TTLayout.h"; sourceTree = "<group>"; };
		18BC1C132093082300D703F1 /* KVOController.h */ = {isa = PBXFileReference; fileEncoding = 4; lastKnownFileType = sourcecode.c.h; path = KVOController.h; sourceTree = "<group>"; };
		18BC1C142093082300D703F1 /* FBKVOController.h */ = {isa = PBXFileReference; fileEncoding = 4; lastKnownFileType = sourcecode.c.h; path = FBKVOController.h; sourceTree = "<group>"; };
		18BC1C152093082300D703F1 /* NSObject+FBKVOController.m */ = {isa = PBXFileReference; fileEncoding = 4; lastKnownFileType = sourcecode.c.objc; path = "NSObject+FBKVOController.m"; sourceTree = "<group>"; };
		18BC1C162093082300D703F1 /* FBKVOController.m */ = {isa = PBXFileReference; fileEncoding = 4; lastKnownFileType = sourcecode.c.objc; path = FBKVOController.m; sourceTree = "<group>"; };
		18BC1C172093082300D703F1 /* NSObject+FBKVOController.h */ = {isa = PBXFileReference; fileEncoding = 4; lastKnownFileType = sourcecode.c.h; path = "NSObject+FBKVOController.h"; sourceTree = "<group>"; };
		18BC1C182093082300D703F1 /* UIViewController+AlphaBar.m */ = {isa = PBXFileReference; fileEncoding = 4; lastKnownFileType = sourcecode.c.objc; path = "UIViewController+AlphaBar.m"; sourceTree = "<group>"; };
		18BC1C192093082300D703F1 /* UINavigationBar+ttAwesome.m */ = {isa = PBXFileReference; fileEncoding = 4; lastKnownFileType = sourcecode.c.objc; path = "UINavigationBar+ttAwesome.m"; sourceTree = "<group>"; };
		18BC1C1A2093082300D703F1 /* UIViewController+AlphaBar.h */ = {isa = PBXFileReference; fileEncoding = 4; lastKnownFileType = sourcecode.c.h; path = "UIViewController+AlphaBar.h"; sourceTree = "<group>"; };
		18BC1C1B2093082300D703F1 /* UINavigationBar+ttAwesome.h */ = {isa = PBXFileReference; fileEncoding = 4; lastKnownFileType = sourcecode.c.h; path = "UINavigationBar+ttAwesome.h"; sourceTree = "<group>"; };
		18BC1C1D2093082300D703F1 /* UIViewController+DZNEmptyDataSet.h */ = {isa = PBXFileReference; fileEncoding = 4; lastKnownFileType = sourcecode.c.h; path = "UIViewController+DZNEmptyDataSet.h"; sourceTree = "<group>"; };
		18BC1C1E2093082300D703F1 /* UIViewController+DZNEmptyDataSet.m */ = {isa = PBXFileReference; fileEncoding = 4; lastKnownFileType = sourcecode.c.objc; path = "UIViewController+DZNEmptyDataSet.m"; sourceTree = "<group>"; };
		18BC1C252093082300D703F1 /* UIViewController+NVBarClick.m */ = {isa = PBXFileReference; fileEncoding = 4; lastKnownFileType = sourcecode.c.objc; path = "UIViewController+NVBarClick.m"; sourceTree = "<group>"; };
		18BC1C272093082300D703F1 /* FBShimmering.h */ = {isa = PBXFileReference; fileEncoding = 4; lastKnownFileType = sourcecode.c.h; path = FBShimmering.h; sourceTree = "<group>"; };
		18BC1C282093082300D703F1 /* FBShimmeringLayer.h */ = {isa = PBXFileReference; fileEncoding = 4; lastKnownFileType = sourcecode.c.h; path = FBShimmeringLayer.h; sourceTree = "<group>"; };
		18BC1C292093082300D703F1 /* FBShimmeringView.h */ = {isa = PBXFileReference; fileEncoding = 4; lastKnownFileType = sourcecode.c.h; path = FBShimmeringView.h; sourceTree = "<group>"; };
		18BC1C2A2093082300D703F1 /* FBShimmeringLayer.m */ = {isa = PBXFileReference; fileEncoding = 4; lastKnownFileType = sourcecode.c.objc; path = FBShimmeringLayer.m; sourceTree = "<group>"; };
		18BC1C2B2093082300D703F1 /* FBShimmeringView.m */ = {isa = PBXFileReference; fileEncoding = 4; lastKnownFileType = sourcecode.c.objc; path = FBShimmeringView.m; sourceTree = "<group>"; };
		18BC1C2C2093082300D703F1 /* UIViewController+NVBarClick.h */ = {isa = PBXFileReference; fileEncoding = 4; lastKnownFileType = sourcecode.c.h; path = "UIViewController+NVBarClick.h"; sourceTree = "<group>"; };
		18BC1C2E2093082300D703F1 /* UIViewController+ViewIsScrollview.m */ = {isa = PBXFileReference; fileEncoding = 4; lastKnownFileType = sourcecode.c.objc; path = "UIViewController+ViewIsScrollview.m"; sourceTree = "<group>"; };
		18BC1C2F2093082300D703F1 /* UIViewController+ViewIsScrollview.h */ = {isa = PBXFileReference; fileEncoding = 4; lastKnownFileType = sourcecode.c.h; path = "UIViewController+ViewIsScrollview.h"; sourceTree = "<group>"; };
		18BC1C302093082300D703F1 /* TTControllerCategoryHeader.h */ = {isa = PBXFileReference; fileEncoding = 4; lastKnownFileType = sourcecode.c.h; path = TTControllerCategoryHeader.h; sourceTree = "<group>"; };
		18BC1C322093082300D703F1 /* UIViewController+easyJump.m */ = {isa = PBXFileReference; fileEncoding = 4; lastKnownFileType = sourcecode.c.objc; path = "UIViewController+easyJump.m"; sourceTree = "<group>"; };
		18BC1C332093082300D703F1 /* ControllerCategoryOverride.h */ = {isa = PBXFileReference; fileEncoding = 4; lastKnownFileType = sourcecode.c.h; path = ControllerCategoryOverride.h; sourceTree = "<group>"; };
		18BC1C342093082300D703F1 /* UIViewController+auto_implementation.m */ = {isa = PBXFileReference; fileEncoding = 4; lastKnownFileType = sourcecode.c.objc; path = "UIViewController+auto_implementation.m"; sourceTree = "<group>"; };
		18BC1C352093082300D703F1 /* UIViewController+easyJump.h */ = {isa = PBXFileReference; fileEncoding = 4; lastKnownFileType = sourcecode.c.h; path = "UIViewController+easyJump.h"; sourceTree = "<group>"; };
		18BC1C362093082300D703F1 /* UIViewController+auto_implementation.h */ = {isa = PBXFileReference; fileEncoding = 4; lastKnownFileType = sourcecode.c.h; path = "UIViewController+auto_implementation.h"; sourceTree = "<group>"; };
		18BC1C382093082300D703F1 /* TTOCKitConfig.h */ = {isa = PBXFileReference; fileEncoding = 4; lastKnownFileType = sourcecode.c.h; path = TTOCKitConfig.h; sourceTree = "<group>"; };
		18BC1C3A2093082400D703F1 /* TTMutableProxy.m */ = {isa = PBXFileReference; fileEncoding = 4; lastKnownFileType = sourcecode.c.objc; path = TTMutableProxy.m; sourceTree = "<group>"; };
		18BC1C3B2093082400D703F1 /* UIView+TTVM.m */ = {isa = PBXFileReference; fileEncoding = 4; lastKnownFileType = sourcecode.c.objc; path = "UIView+TTVM.m"; sourceTree = "<group>"; };
		18BC1C3C2093082400D703F1 /* TTGroupViewBaseMake.m */ = {isa = PBXFileReference; fileEncoding = 4; lastKnownFileType = sourcecode.c.objc; path = TTGroupViewBaseMake.m; sourceTree = "<group>"; };
		18BC1C3D2093082400D703F1 /* UITableView+TTVM.h */ = {isa = PBXFileReference; fileEncoding = 4; lastKnownFileType = sourcecode.c.h; path = "UITableView+TTVM.h"; sourceTree = "<group>"; };
		18BC1C3E2093082400D703F1 /* UITableView+TTCellAnimation.h */ = {isa = PBXFileReference; fileEncoding = 4; lastKnownFileType = sourcecode.c.h; path = "UITableView+TTCellAnimation.h"; sourceTree = "<group>"; };
		18BC1C3F2093082400D703F1 /* UICollectionView+TTVM.h */ = {isa = PBXFileReference; fileEncoding = 4; lastKnownFileType = sourcecode.c.h; path = "UICollectionView+TTVM.h"; sourceTree = "<group>"; };
		18BC1C402093082400D703F1 /* TTTableSectionMake.m */ = {isa = PBXFileReference; fileEncoding = 4; lastKnownFileType = sourcecode.c.objc; path = TTTableSectionMake.m; sourceTree = "<group>"; };
		18BC1C412093082400D703F1 /* TTMutableProxy.h */ = {isa = PBXFileReference; fileEncoding = 4; lastKnownFileType = sourcecode.c.h; path = TTMutableProxy.h; sourceTree = "<group>"; };
		18BC1C422093082400D703F1 /* UITableView+TTVM.m */ = {isa = PBXFileReference; fileEncoding = 4; lastKnownFileType = sourcecode.c.objc; path = "UITableView+TTVM.m"; sourceTree = "<group>"; };
		18BC1C432093082400D703F1 /* TTGroupViewBaseMake.h */ = {isa = PBXFileReference; fileEncoding = 4; lastKnownFileType = sourcecode.c.h; path = TTGroupViewBaseMake.h; sourceTree = "<group>"; };
		18BC1C442093082400D703F1 /* TTVM.h */ = {isa = PBXFileReference; fileEncoding = 4; lastKnownFileType = sourcecode.c.h; path = TTVM.h; sourceTree = "<group>"; };
		18BC1C452093082400D703F1 /* UIView+TTVM.h */ = {isa = PBXFileReference; fileEncoding = 4; lastKnownFileType = sourcecode.c.h; path = "UIView+TTVM.h"; sourceTree = "<group>"; };
		18BC1C462093082400D703F1 /* UITableView+TTCellAnimation.m */ = {isa = PBXFileReference; fileEncoding = 4; lastKnownFileType = sourcecode.c.objc; path = "UITableView+TTCellAnimation.m"; sourceTree = "<group>"; };
		18BC1C472093082400D703F1 /* TTTableSectionMake.h */ = {isa = PBXFileReference; fileEncoding = 4; lastKnownFileType = sourcecode.c.h; path = TTTableSectionMake.h; sourceTree = "<group>"; };
		18BC1C482093082400D703F1 /* UICollectionView+TTVM.m */ = {isa = PBXFileReference; fileEncoding = 4; lastKnownFileType = sourcecode.c.objc; path = "UICollectionView+TTVM.m"; sourceTree = "<group>"; };
		3B2045AFD3AF51BF34B7798C /* Pods-TTOCKitDemo.release.xcconfig */ = {isa = PBXFileReference; includeInIndex = 1; lastKnownFileType = text.xcconfig; name = "Pods-TTOCKitDemo.release.xcconfig"; path = "Pods/Target Support Files/Pods-TTOCKitDemo/Pods-TTOCKitDemo.release.xcconfig"; sourceTree = "<group>"; };
		CE11FB83628B3001E0F2223A /* Pods_TTOCKitDemo.framework */ = {isa = PBXFileReference; explicitFileType = wrapper.framework; includeInIndex = 0; path = Pods_TTOCKitDemo.framework; sourceTree = BUILT_PRODUCTS_DIR; };
		CE465CB0BF6252462AB40D23 /* Pods-TTOCKitDemo.debug.xcconfig */ = {isa = PBXFileReference; includeInIndex = 1; lastKnownFileType = text.xcconfig; name = "Pods-TTOCKitDemo.debug.xcconfig"; path = "Pods/Target Support Files/Pods-TTOCKitDemo/Pods-TTOCKitDemo.debug.xcconfig"; sourceTree = "<group>"; };
/* End PBXFileReference section */

/* Begin PBXFrameworksBuildPhase section */
		1898F4C7208F1B9700647FC9 /* Frameworks */ = {
			isa = PBXFrameworksBuildPhase;
			buildActionMask = 2147483647;
			files = (
				D2CD3A8CAFDBE1F1016E66C1 /* Pods_TTOCKitDemo.framework in Frameworks */,
			);
			runOnlyForDeploymentPostprocessing = 0;
		};
/* End PBXFrameworksBuildPhase section */

/* Begin PBXGroup section */
		182D023520BD52810012EB01 /* TTAllowPush(多次push问题) */ = {
			isa = PBXGroup;
			children = (
				182D023620BD52810012EB01 /* UIViewController+TTAlowPush.h */,
				182D023720BD52810012EB01 /* UIViewController+TTAlowPush.m */,
			);
			path = "TTAllowPush(多次push问题)";
			sourceTree = "<group>";
		};
		1898F4C1208F1B9700647FC9 = {
			isa = PBXGroup;
			children = (
				1898F4CC208F1B9700647FC9 /* TTOCKitDemo */,
				1898F4CB208F1B9700647FC9 /* Products */,
				60B3B42BDE27376802079F40 /* Pods */,
				37C9D115F609273BECC08E72 /* Frameworks */,
			);
			sourceTree = "<group>";
		};
		1898F4CB208F1B9700647FC9 /* Products */ = {
			isa = PBXGroup;
			children = (
				1898F4CA208F1B9700647FC9 /* TTOCKitDemo.app */,
			);
			name = Products;
			sourceTree = "<group>";
		};
		1898F4CC208F1B9700647FC9 /* TTOCKitDemo */ = {
			isa = PBXGroup;
			children = (
				1898F61F208F1D8200647FC9 /* TTOCKit.podspec */,
				1898F9222090166300647FC9 /* TTOCKit */,
				1898F4FE208F1CC300647FC9 /* TableViewCel2.h */,
				1898F4F6208F1CC200647FC9 /* TableViewCel2.m */,
				1898F4F5208F1CC200647FC9 /* TableViewCel2.xib */,
				1898F4F8208F1CC200647FC9 /* TableViewCell1.h */,
				1898F4FD208F1CC300647FC9 /* TableViewCell1.m */,
				1898F4FC208F1CC300647FC9 /* TableViewCell1.xib */,
				1898F4FF208F1CC300647FC9 /* testmodel.h */,
				1898F4F9208F1CC300647FC9 /* testmodel.m */,
				1898F4FB208F1CC300647FC9 /* tetController.h */,
				1898F4FA208F1CC300647FC9 /* tetController.m */,
				1898F4F7208F1CC200647FC9 /* tetController.xib */,
				1898F628208F215200647FC9 /* AppDelegate.h */,
				1898F627208F215200647FC9 /* AppDelegate.m */,
				1898F629208F215300647FC9 /* ViewController.h */,
				1898F62A208F215300647FC9 /* ViewController.m */,
				1898F4D3208F1B9700647FC9 /* Main.storyboard */,
				1898F4D6208F1B9800647FC9 /* Assets.xcassets */,
				1898F4D8208F1B9800647FC9 /* LaunchScreen.storyboard */,
				1898F4DB208F1B9800647FC9 /* Info.plist */,
				1898F4DC208F1B9800647FC9 /* main.m */,
			);
			path = TTOCKitDemo;
			sourceTree = "<group>";
		};
		1898F9222090166300647FC9 /* TTOCKit */ = {
			isa = PBXGroup;
			children = (
				18BC1C102093082300D703F1 /* TTControllerCategory */,
				18BC1C392093082400D703F1 /* TTMVVM */,
				18BC1B7E2093082200D703F1 /* TTNetwork */,
				18BC1C372093082300D703F1 /* TTOCKitHeader */,
				18BC1B9C2093082200D703F1 /* TTRouter */,
				18BC1B972093082200D703F1 /* TTSignal */,
				18BC1BC42093082300D703F1 /* TTTools */,
			);
			name = TTOCKit;
			path = ../../TTOCKit;
			sourceTree = "<group>";
		};
		18BC1B7E2093082200D703F1 /* TTNetwork */ = {
			isa = PBXGroup;
			children = (
				18BC1B802093082200D703F1 /* NetChangeTools服务器切换 */,
				18BC1B952093082200D703F1 /* TTNetwork.h */,
				18BC1B7F2093082200D703F1 /* NetDataModel.h */,
				18BC1B942093082200D703F1 /* NetDataModel.m */,
				18BC1B932093082200D703F1 /* NSObject+tt_PrintProperty.h */,
				18BC1B962093082200D703F1 /* NSObject+tt_PrintProperty.m */,
			);
			path = TTNetwork;
			sourceTree = "<group>";
		};
		18BC1B802093082200D703F1 /* NetChangeTools服务器切换 */ = {
			isa = PBXGroup;
			children = (
				18BC1B812093082200D703F1 /* TTIPManage(服务器切换) */,
				18BC1B912093082200D703F1 /* TTAutoModel(万能模型) */,
			);
			path = "NetChangeTools服务器切换";
			sourceTree = "<group>";
		};
		18BC1B812093082200D703F1 /* TTIPManage(服务器切换) */ = {
			isa = PBXGroup;
			children = (
				18BC1B822093082200D703F1 /* TTDataConfig.h */,
				18BC1B832093082200D703F1 /* 缓存工具 */,
				18BC1B862093082200D703F1 /* 网络切换工具 */,
			);
			path = "TTIPManage(服务器切换)";
			sourceTree = "<group>";
		};
		18BC1B832093082200D703F1 /* 缓存工具 */ = {
			isa = PBXGroup;
			children = (
				18BC1B842093082200D703F1 /* SandboxTools.h */,
				18BC1B852093082200D703F1 /* SandboxTools.m */,
			);
			path = "缓存工具";
			sourceTree = "<group>";
		};
		18BC1B862093082200D703F1 /* 网络切换工具 */ = {
			isa = PBXGroup;
			children = (
				18BC1B872093082200D703F1 /* DYYFloatWindow */,
				18BC1B8C2093082200D703F1 /* IPModel.h */,
				18BC1B8D2093082200D703F1 /* DebugMange.h */,
				18BC1B8E2093082200D703F1 /* DebugMange.m */,
				18BC1B8F2093082200D703F1 /* IPModel.m */,
				18BC1B902093082200D703F1 /* TTdataMacros.h */,
			);
			path = "网络切换工具";
			sourceTree = "<group>";
		};
		18BC1B872093082200D703F1 /* DYYFloatWindow */ = {
			isa = PBXGroup;
			children = (
				18BC1B882093082200D703F1 /* DYYFloatWindow.h */,
				18BC1B892093082200D703F1 /* DYYFloatWindow.m */,
				18BC1B8A2093082200D703F1 /* resource */,
			);
			path = DYYFloatWindow;
			sourceTree = "<group>";
		};
		18BC1B8A2093082200D703F1 /* resource */ = {
			isa = PBXGroup;
			children = (
				18BC1B8B2093082200D703F1 /* TTNetwork.xcassets */,
			);
			path = resource;
			sourceTree = "<group>";
		};
		18BC1B912093082200D703F1 /* TTAutoModel(万能模型) */ = {
			isa = PBXGroup;
			children = (
				18BC1B922093082200D703F1 /* TTAutoModel.h */,
			);
			path = "TTAutoModel(万能模型)";
			sourceTree = "<group>";
		};
		18BC1B972093082200D703F1 /* TTSignal */ = {
			isa = PBXGroup;
			children = (
				18BC1B982093082200D703F1 /* TTSignal.h */,
				18BC1B9A2093082200D703F1 /* TTMacros.h */,
				18BC1B992093082200D703F1 /* UIView+TTSignal.h */,
				18BC1B9B2093082200D703F1 /* UIView+TTSignal.m */,
			);
			path = TTSignal;
			sourceTree = "<group>";
		};
		18BC1B9C2093082200D703F1 /* TTRouter */ = {
			isa = PBXGroup;
			children = (
				18BC1B9D2093082200D703F1 /* TTRouterCategory */,
				18BC1BA12093082200D703F1 /* PresentViewController(自定义modal动画) */,
				18BC1BBC2093082300D703F1 /* PushViewController(自定义push动画) */,
				18BC1BBA2093082300D703F1 /* UINavigationController+TTRouter.h */,
				18BC1BA02093082200D703F1 /* UINavigationController+TTRouter.m */,
				18BC1BBB2093082300D703F1 /* TTRouter.h */,
			);
			path = TTRouter;
			sourceTree = "<group>";
		};
		18BC1B9D2093082200D703F1 /* TTRouterCategory */ = {
			isa = PBXGroup;
			children = (
				18BC1B9E2093082200D703F1 /* UIView+TTTransitions.h */,
				18BC1B9F2093082200D703F1 /* UIView+TTTransitions.m */,
			);
			path = TTRouterCategory;
			sourceTree = "<group>";
		};
		18BC1BA12093082200D703F1 /* PresentViewController(自定义modal动画) */ = {
			isa = PBXGroup;
			children = (
				18BC1BA22093082200D703F1 /* 上下控制器视图管理者 */,
				18BC1BB12093082300D703F1 /* UIViewController+CustomPopVc.h */,
				18BC1BB22093082300D703F1 /* UIViewController+CustomPopVc.m */,
				18BC1BB32093082300D703F1 /* 转场隔层设置 */,
			);
			path = "PresentViewController(自定义modal动画)";
			sourceTree = "<group>";
		};
		18BC1BA22093082200D703F1 /* 上下控制器视图管理者 */ = {
			isa = PBXGroup;
			children = (
				18BC1BA32093082200D703F1 /* ModalAnimator_downMenuAnimation_black.m */,
				18BC1BA42093082200D703F1 /* ModalAnimator_midAnimation.h */,
				18BC1BA52093082200D703F1 /* ModalAnimator_downToUpAnimation.m */,
				18BC1BA62093082200D703F1 /* ModalAnimator_suchAsModalAnimation_black.h */,
				18BC1BA72093082200D703F1 /* ModalAnimator_Custom.m */,
				18BC1BA82093082200D703F1 /* ModalAnimator_downMenuAnimation_clear.m */,
				18BC1BA92093082200D703F1 /* ModalAnimator_midSpringPopAnimation_black.h */,
				18BC1BAA2093082200D703F1 /* ModalAnimator_downToUpAnimation.h */,
				18BC1BAB2093082200D703F1 /* ModalAnimator_midAnimation.m */,
				18BC1BAC2093082300D703F1 /* ModalAnimator_downMenuAnimation_black.h */,
				18BC1BAD2093082300D703F1 /* ModalAnimator_suchAsModalAnimation_black.m */,
				18BC1BAE2093082300D703F1 /* ModalAnimator_midSpringPopAnimation_black.m */,
				18BC1BAF2093082300D703F1 /* ModalAnimator_downMenuAnimation_clear.h */,
				18BC1BB02093082300D703F1 /* ModalAnimator_Custom.h */,
			);
			path = "上下控制器视图管理者";
			sourceTree = "<group>";
		};
		18BC1BB32093082300D703F1 /* 转场隔层设置 */ = {
			isa = PBXGroup;
			children = (
				18BC1BB42093082300D703F1 /* PopPresentationController_AlphaBlack_frame.h */,
				18BC1BB52093082300D703F1 /* PopPresentationController_fadeInAlphaBlack_frame.h */,
				18BC1BB62093082300D703F1 /* PopPresentationController_clearColor_frame.m */,
				18BC1BB72093082300D703F1 /* PopPresentationController_clearColor_frame.h */,
				18BC1BB82093082300D703F1 /* PopPresentationController_fadeInAlphaBlack_frame.m */,
				18BC1BB92093082300D703F1 /* PopPresentationController_AlphaBlack_frame.m */,
			);
			path = "转场隔层设置";
			sourceTree = "<group>";
		};
		18BC1BBC2093082300D703F1 /* PushViewController(自定义push动画) */ = {
			isa = PBXGroup;
			children = (
				18BC1BBD2093082300D703F1 /* 上下控制器视图管理者 */,
			);
			path = "PushViewController(自定义push动画)";
			sourceTree = "<group>";
		};
		18BC1BBD2093082300D703F1 /* 上下控制器视图管理者 */ = {
			isa = PBXGroup;
			children = (
				18BC1BBE2093082300D703F1 /* PushAnimator_downToupAnimation.m */,
				18BC1BBF2093082300D703F1 /* NavigationBarPop_push_Manager.m */,
				18BC1BC02093082300D703F1 /* PopAnimator_upTpdownAnimation.m */,
				18BC1BC12093082300D703F1 /* PushAnimator_downToupAnimation.h */,
				18BC1BC22093082300D703F1 /* NavigationBarPop_push_Manager.h */,
				18BC1BC32093082300D703F1 /* PopAnimator_upTpdownAnimation.h */,
			);
			path = "上下控制器视图管理者";
			sourceTree = "<group>";
		};
		18BC1BC42093082300D703F1 /* TTTools */ = {
			isa = PBXGroup;
			children = (
				18BC1BC52093082300D703F1 /* TTTools.h */,
				18BC1BC62093082300D703F1 /* TTBtnArrSelected */,
				18BC1BC92093082300D703F1 /* TTQRScanController */,
				18BC1BD02093082300D703F1 /* TTPhotoBrowser */,
				18BC1BD82093082300D703F1 /* TTNSStringCategory */,
				18BC1BDB2093082300D703F1 /* TTCommonTools */,
				18BC1BE02093082300D703F1 /* TTPlaceholderPlace */,
				18BC1BE32093082300D703F1 /* TTNumberTF */,
				18BC1BEA2093082300D703F1 /* TTProgress */,
				18BC1BFF2093082300D703F1 /* TTLimitTextField */,
				18BC1C042093082300D703F1 /* TTAlertView */,
				18BC1C072093082300D703F1 /* TTWebView */,
				18BC1C0A2093082300D703F1 /* TTLogVcDealloc */,
				18BC1C0D2093082300D703F1 /* TTButtonInnerRect */,
			);
			path = TTTools;
			sourceTree = "<group>";
		};
		18BC1BC62093082300D703F1 /* TTBtnArrSelected */ = {
			isa = PBXGroup;
			children = (
				18BC1BC72093082300D703F1 /* NSArray+BtnSelect.h */,
				18BC1BC82093082300D703F1 /* NSArray+BtnSelect.m */,
			);
			path = TTBtnArrSelected;
			sourceTree = "<group>";
		};
		18BC1BC92093082300D703F1 /* TTQRScanController */ = {
			isa = PBXGroup;
			children = (
				18BC1BCA2093082300D703F1 /* TTQRScanController.h */,
				18BC1BCF2093082300D703F1 /* TTQRScanController.m */,
				18BC1BCD2093082300D703F1 /* TTScanQRCodeResultDEMO.h */,
				18BC1BCB2093082300D703F1 /* TTScanQRCodeResultDEMO.m */,
				18BC1BCC2093082300D703F1 /* TTQRScan.storyboard */,
				18BC1BCE2093082300D703F1 /* TTQRScanController.bundle */,
			);
			path = TTQRScanController;
			sourceTree = "<group>";
		};
		18BC1BD02093082300D703F1 /* TTPhotoBrowser */ = {
			isa = PBXGroup;
			children = (
				18BC1BD42093082300D703F1 /* TTBrowserImageView.h */,
				18BC1BD12093082300D703F1 /* TTBrowserImageView.m */,
				18BC1BD22093082300D703F1 /* TTWaitingView.h */,
				18BC1BD52093082300D703F1 /* TTWaitingView.m */,
				18BC1BD32093082300D703F1 /* TTPhotoBrowser.h */,
				18BC1BD72093082300D703F1 /* TTPhotoBrowser.m */,
				18BC1BD62093082300D703F1 /* TTPhotoBrowserConfig.h */,
			);
			path = TTPhotoBrowser;
			sourceTree = "<group>";
		};
		18BC1BD82093082300D703F1 /* TTNSStringCategory */ = {
			isa = PBXGroup;
			children = (
				18BC1BD92093082300D703F1 /* NSString+ttLimit.h */,
				18BC1BDA2093082300D703F1 /* NSString+ttLimit.m */,
			);
			path = TTNSStringCategory;
			sourceTree = "<group>";
		};
		18BC1BDB2093082300D703F1 /* TTCommonTools */ = {
			isa = PBXGroup;
			children = (
				18BC1BDC2093082300D703F1 /* UIView+cell.h */,
				18BC1BDF2093082300D703F1 /* UIView+cell.m */,
				18BC1BDD2093082300D703F1 /* UIView+TTframe.h */,
				18BC1BDE2093082300D703F1 /* UIView+TTframe.m */,
			);
			path = TTCommonTools;
			sourceTree = "<group>";
		};
		18BC1BE02093082300D703F1 /* TTPlaceholderPlace */ = {
			isa = PBXGroup;
			children = (
				18BC1BE22093082300D703F1 /* NSObject+TTPlaceholderPlace.h */,
				18BC1BE12093082300D703F1 /* NSObject+TTPlaceholderPlace.m */,
			);
			path = TTPlaceholderPlace;
			sourceTree = "<group>";
		};
		18BC1BE32093082300D703F1 /* TTNumberTF */ = {
			isa = PBXGroup;
			children = (
				18BC1BE52093082300D703F1 /* UITextField+TTNumberTF.h */,
				18BC1BE82093082300D703F1 /* UITextField+TTNumberTF.m */,
				18BC1BE92093082300D703F1 /* TTPhoneNumberTF.h */,
				18BC1BE62093082300D703F1 /* TTPhoneNumberTF.m */,
				18BC1BE72093082300D703F1 /* TTBankNumberTF.h */,
				18BC1BE42093082300D703F1 /* TTBankNumberTF.m */,
			);
			path = TTNumberTF;
			sourceTree = "<group>";
		};
		18BC1BEA2093082300D703F1 /* TTProgress */ = {
			isa = PBXGroup;
			children = (
				18BC1BEB2093082300D703F1 /* kit */,
				18BC1BFD2093082300D703F1 /* DBProgress.h */,
				18BC1BFE2093082300D703F1 /* DBProgress.m */,
			);
			path = TTProgress;
			sourceTree = "<group>";
		};
		18BC1BEB2093082300D703F1 /* kit */ = {
			isa = PBXGroup;
			children = (
				18BC1BEC2093082300D703F1 /* TTProgressView.m */,
				18BC1BED2093082300D703F1 /* TTProgressView.h */,
				18BC1BEE2093082300D703F1 /* KVNProgress */,
			);
			path = kit;
			sourceTree = "<group>";
		};
		18BC1BEE2093082300D703F1 /* KVNProgress */ = {
			isa = PBXGroup;
			children = (
				18BC1BEF2093082300D703F1 /* Classes */,
				18BC1BF42093082300D703F1 /* Resources */,
				18BC1BF62093082300D703F1 /* Categories */,
			);
			path = KVNProgress;
			sourceTree = "<group>";
		};
		18BC1BEF2093082300D703F1 /* Classes */ = {
			isa = PBXGroup;
			children = (
				18BC1BF02093082300D703F1 /* KVNProgress.m */,
				18BC1BF12093082300D703F1 /* KVNProgressConfiguration.m */,
				18BC1BF22093082300D703F1 /* KVNProgress.h */,
				18BC1BF32093082300D703F1 /* KVNProgressConfiguration.h */,
			);
			path = Classes;
			sourceTree = "<group>";
		};
		18BC1BF42093082300D703F1 /* Resources */ = {
			isa = PBXGroup;
			children = (
				18BC1BF52093082300D703F1 /* KVNProgressView.xib */,
			);
			path = Resources;
			sourceTree = "<group>";
		};
		18BC1BF62093082300D703F1 /* Categories */ = {
			isa = PBXGroup;
			children = (
				18BC1BF72093082300D703F1 /* UIImage+KVNImageEffects.m */,
				18BC1BF82093082300D703F1 /* UIImage+KVNEmpty.h */,
				18BC1BF92093082300D703F1 /* UIColor+KVNContrast.h */,
				18BC1BFA2093082300D703F1 /* UIImage+KVNEmpty.m */,
				18BC1BFB2093082300D703F1 /* UIImage+KVNImageEffects.h */,
				18BC1BFC2093082300D703F1 /* UIColor+KVNContrast.m */,
			);
			path = Categories;
			sourceTree = "<group>";
		};
		18BC1BFF2093082300D703F1 /* TTLimitTextField */ = {
			isa = PBXGroup;
			children = (
				18BC1C012093082300D703F1 /* NSString+TTTextField.h */,
				18BC1C032093082300D703F1 /* NSString+TTTextField.m */,
				18BC1C002093082300D703F1 /* TTTextfield.h */,
				18BC1C022093082300D703F1 /* TTTextfield.m */,
			);
			path = TTLimitTextField;
			sourceTree = "<group>";
		};
		18BC1C042093082300D703F1 /* TTAlertView */ = {
			isa = PBXGroup;
			children = (
				18BC1C062093082300D703F1 /* TTAlertView.h */,
				18BC1C052093082300D703F1 /* TTAlertView.m */,
			);
			path = TTAlertView;
			sourceTree = "<group>";
		};
		18BC1C072093082300D703F1 /* TTWebView */ = {
			isa = PBXGroup;
			children = (
				18BC1C082093082300D703F1 /* TTWebController.h */,
				18BC1C092093082300D703F1 /* TTWebController.m */,
			);
			path = TTWebView;
			sourceTree = "<group>";
		};
		18BC1C0A2093082300D703F1 /* TTLogVcDealloc */ = {
			isa = PBXGroup;
			children = (
				18BC1C0B2093082300D703F1 /* UIViewController+LogDealloc.h */,
				18BC1C0C2093082300D703F1 /* UIViewController+LogDealloc.m */,
			);
			path = TTLogVcDealloc;
			sourceTree = "<group>";
		};
		18BC1C0D2093082300D703F1 /* TTButtonInnerRect */ = {
			isa = PBXGroup;
			children = (
				18BC1C0F2093082300D703F1 /* UIButton+TTLayout.h */,
				18BC1C0E2093082300D703F1 /* UIButton+TTLayout.m */,
			);
			path = TTButtonInnerRect;
			sourceTree = "<group>";
		};
		18BC1C102093082300D703F1 /* TTControllerCategory */ = {
			isa = PBXGroup;
			children = (
				182D023520BD52810012EB01 /* TTAllowPush(多次push问题) */,
				18BC1C112093082300D703F1 /* AlphaBar(半透明导航栏) */,
				18BC1C1C2093082300D703F1 /* DZNEmptyDataSet(空页面扩展) */,
				18BC1C242093082300D703F1 /* NBarClick(导航栏点击) */,
				18BC1C2D2093082300D703F1 /* bgScrollview(背景设置为scrollview) */,
				18BC1C302093082300D703F1 /* TTControllerCategoryHeader.h */,
				18BC1C312093082300D703F1 /* easyJump(控制器跳转) */,
			);
			path = TTControllerCategory;
			sourceTree = "<group>";
		};
		18BC1C112093082300D703F1 /* AlphaBar(半透明导航栏) */ = {
			isa = PBXGroup;
			children = (
				18BC1C122093082300D703F1 /* FBKVOController */,
				18BC1C1A2093082300D703F1 /* UIViewController+AlphaBar.h */,
				18BC1C182093082300D703F1 /* UIViewController+AlphaBar.m */,
				18BC1C1B2093082300D703F1 /* UINavigationBar+ttAwesome.h */,
				18BC1C192093082300D703F1 /* UINavigationBar+ttAwesome.m */,
			);
			path = "AlphaBar(半透明导航栏)";
			sourceTree = "<group>";
		};
		18BC1C122093082300D703F1 /* FBKVOController */ = {
			isa = PBXGroup;
			children = (
				18BC1C132093082300D703F1 /* KVOController.h */,
				18BC1C142093082300D703F1 /* FBKVOController.h */,
				18BC1C162093082300D703F1 /* FBKVOController.m */,
				18BC1C172093082300D703F1 /* NSObject+FBKVOController.h */,
				18BC1C152093082300D703F1 /* NSObject+FBKVOController.m */,
			);
			path = FBKVOController;
			sourceTree = "<group>";
		};
		18BC1C1C2093082300D703F1 /* DZNEmptyDataSet(空页面扩展) */ = {
			isa = PBXGroup;
			children = (
				18BC1C1D2093082300D703F1 /* UIViewController+DZNEmptyDataSet.h */,
				18BC1C1E2093082300D703F1 /* UIViewController+DZNEmptyDataSet.m */,
			);
			path = "DZNEmptyDataSet(空页面扩展)";
			sourceTree = "<group>";
		};
		18BC1C242093082300D703F1 /* NBarClick(导航栏点击) */ = {
			isa = PBXGroup;
			children = (
				18BC1C252093082300D703F1 /* UIViewController+NVBarClick.m */,
				18BC1C262093082300D703F1 /* FBShimmering */,
				18BC1C2C2093082300D703F1 /* UIViewController+NVBarClick.h */,
			);
			path = "NBarClick(导航栏点击)";
			sourceTree = "<group>";
		};
		18BC1C262093082300D703F1 /* FBShimmering */ = {
			isa = PBXGroup;
			children = (
				18BC1C272093082300D703F1 /* FBShimmering.h */,
				18BC1C282093082300D703F1 /* FBShimmeringLayer.h */,
				18BC1C292093082300D703F1 /* FBShimmeringView.h */,
				18BC1C2A2093082300D703F1 /* FBShimmeringLayer.m */,
				18BC1C2B2093082300D703F1 /* FBShimmeringView.m */,
			);
			path = FBShimmering;
			sourceTree = "<group>";
		};
		18BC1C2D2093082300D703F1 /* bgScrollview(背景设置为scrollview) */ = {
			isa = PBXGroup;
			children = (
				18BC1C2E2093082300D703F1 /* UIViewController+ViewIsScrollview.m */,
				18BC1C2F2093082300D703F1 /* UIViewController+ViewIsScrollview.h */,
			);
			path = "bgScrollview(背景设置为scrollview)";
			sourceTree = "<group>";
		};
		18BC1C312093082300D703F1 /* easyJump(控制器跳转) */ = {
			isa = PBXGroup;
			children = (
				18BC1C332093082300D703F1 /* ControllerCategoryOverride.h */,
				18BC1C362093082300D703F1 /* UIViewController+auto_implementation.h */,
				18BC1C342093082300D703F1 /* UIViewController+auto_implementation.m */,
				18BC1C352093082300D703F1 /* UIViewController+easyJump.h */,
				18BC1C322093082300D703F1 /* UIViewController+easyJump.m */,
			);
			path = "easyJump(控制器跳转)";
			sourceTree = "<group>";
		};
		18BC1C372093082300D703F1 /* TTOCKitHeader */ = {
			isa = PBXGroup;
			children = (
				18BC1C382093082300D703F1 /* TTOCKitConfig.h */,
			);
			path = TTOCKitHeader;
			sourceTree = "<group>";
		};
		18BC1C392093082400D703F1 /* TTMVVM */ = {
			isa = PBXGroup;
			children = (
				18BC1C3D2093082400D703F1 /* UITableView+TTVM.h */,
				18BC1C422093082400D703F1 /* UITableView+TTVM.m */,
				18BC1C3E2093082400D703F1 /* UITableView+TTCellAnimation.h */,
				18BC1C462093082400D703F1 /* UITableView+TTCellAnimation.m */,
				18BC1C3F2093082400D703F1 /* UICollectionView+TTVM.h */,
				18BC1C482093082400D703F1 /* UICollectionView+TTVM.m */,
				18BC1C472093082400D703F1 /* TTTableSectionMake.h */,
				18BC1C402093082400D703F1 /* TTTableSectionMake.m */,
				18BC1C412093082400D703F1 /* TTMutableProxy.h */,
				18BC1C3A2093082400D703F1 /* TTMutableProxy.m */,
				18BC1C432093082400D703F1 /* TTGroupViewBaseMake.h */,
				18BC1C3C2093082400D703F1 /* TTGroupViewBaseMake.m */,
				18BC1C442093082400D703F1 /* TTVM.h */,
				18BC1C452093082400D703F1 /* UIView+TTVM.h */,
				18BC1C3B2093082400D703F1 /* UIView+TTVM.m */,
			);
			path = TTMVVM;
			sourceTree = "<group>";
		};
		37C9D115F609273BECC08E72 /* Frameworks */ = {
			isa = PBXGroup;
			children = (
				CE11FB83628B3001E0F2223A /* Pods_TTOCKitDemo.framework */,
			);
			name = Frameworks;
			sourceTree = "<group>";
		};
		60B3B42BDE27376802079F40 /* Pods */ = {
			isa = PBXGroup;
			children = (
				CE465CB0BF6252462AB40D23 /* Pods-TTOCKitDemo.debug.xcconfig */,
				3B2045AFD3AF51BF34B7798C /* Pods-TTOCKitDemo.release.xcconfig */,
			);
			name = Pods;
			sourceTree = "<group>";
		};
/* End PBXGroup section */

/* Begin PBXNativeTarget section */
		1898F4C9208F1B9700647FC9 /* TTOCKitDemo */ = {
			isa = PBXNativeTarget;
			buildConfigurationList = 1898F4E0208F1B9800647FC9 /* Build configuration list for PBXNativeTarget "TTOCKitDemo" */;
			buildPhases = (
				858AEF4C6C0769B5E6FB8A3D /* [CP] Check Pods Manifest.lock */,
				1898F4C6208F1B9700647FC9 /* Sources */,
				1898F4C7208F1B9700647FC9 /* Frameworks */,
				1898F4C8208F1B9700647FC9 /* Resources */,
				4ACCE48390D7C0572562901F /* [CP] Embed Pods Frameworks */,
				612F74031FA3FC37ACA50B5C /* [CP] Copy Pods Resources */,
			);
			buildRules = (
			);
			dependencies = (
			);
			name = TTOCKitDemo;
			productName = TTOCKitDemo;
			productReference = 1898F4CA208F1B9700647FC9 /* TTOCKitDemo.app */;
			productType = "com.apple.product-type.application";
		};
/* End PBXNativeTarget section */

/* Begin PBXProject section */
		1898F4C2208F1B9700647FC9 /* Project object */ = {
			isa = PBXProject;
			attributes = {
				LastUpgradeCheck = 0930;
				ORGANIZATIONNAME = ttayaa;
				TargetAttributes = {
					1898F4C9208F1B9700647FC9 = {
						CreatedOnToolsVersion = 9.3;
					};
				};
			};
			buildConfigurationList = 1898F4C5208F1B9700647FC9 /* Build configuration list for PBXProject "TTOCKitDemo" */;
			compatibilityVersion = "Xcode 9.3";
			developmentRegion = en;
			hasScannedForEncodings = 0;
			knownRegions = (
				en,
				Base,
			);
			mainGroup = 1898F4C1208F1B9700647FC9;
			productRefGroup = 1898F4CB208F1B9700647FC9 /* Products */;
			projectDirPath = "";
			projectRoot = "";
			targets = (
				1898F4C9208F1B9700647FC9 /* TTOCKitDemo */,
			);
		};
/* End PBXProject section */

/* Begin PBXResourcesBuildPhase section */
		1898F4C8208F1B9700647FC9 /* Resources */ = {
			isa = PBXResourcesBuildPhase;
			buildActionMask = 2147483647;
			files = (
				18BC1C4B2093082400D703F1 /* TTNetwork.xcassets in Resources */,
				1898F4DA208F1B9800647FC9 /* LaunchScreen.storyboard in Resources */,
				1898F4D7208F1B9800647FC9 /* Assets.xcassets in Resources */,
				18BC1C732093082400D703F1 /* KVNProgressView.xib in Resources */,
				1898F620208F1D8200647FC9 /* TTOCKit.podspec in Resources */,
				1898F502208F1CC300647FC9 /* tetController.xib in Resources */,
				1898F4D5208F1B9700647FC9 /* Main.storyboard in Resources */,
				18BC1C632093082400D703F1 /* TTQRScan.storyboard in Resources */,
				1898F500208F1CC300647FC9 /* TableViewCel2.xib in Resources */,
				1898F505208F1CC300647FC9 /* TableViewCell1.xib in Resources */,
				18BC1C642093082400D703F1 /* TTQRScanController.bundle in Resources */,
			);
			runOnlyForDeploymentPostprocessing = 0;
		};
/* End PBXResourcesBuildPhase section */

/* Begin PBXShellScriptBuildPhase section */
		4ACCE48390D7C0572562901F /* [CP] Embed Pods Frameworks */ = {
			isa = PBXShellScriptBuildPhase;
			buildActionMask = 2147483647;
			files = (
			);
			inputPaths = (
				"${SRCROOT}/Pods/Target Support Files/Pods-TTOCKitDemo/Pods-TTOCKitDemo-frameworks.sh",
				"${BUILT_PRODUCTS_DIR}/AFNetworking/AFNetworking.framework",
				"${BUILT_PRODUCTS_DIR}/DZNEmptyDataSet/DZNEmptyDataSet.framework",
				"${BUILT_PRODUCTS_DIR}/SDWebImage/SDWebImage.framework",
				"${BUILT_PRODUCTS_DIR}/YYModel/YYModel.framework",
			);
			name = "[CP] Embed Pods Frameworks";
			outputPaths = (
				"${TARGET_BUILD_DIR}/${FRAMEWORKS_FOLDER_PATH}/AFNetworking.framework",
				"${TARGET_BUILD_DIR}/${FRAMEWORKS_FOLDER_PATH}/DZNEmptyDataSet.framework",
				"${TARGET_BUILD_DIR}/${FRAMEWORKS_FOLDER_PATH}/SDWebImage.framework",
				"${TARGET_BUILD_DIR}/${FRAMEWORKS_FOLDER_PATH}/YYModel.framework",
			);
			runOnlyForDeploymentPostprocessing = 0;
			shellPath = /bin/sh;
			shellScript = "\"${SRCROOT}/Pods/Target Support Files/Pods-TTOCKitDemo/Pods-TTOCKitDemo-frameworks.sh\"\n";
			showEnvVarsInLog = 0;
		};
		612F74031FA3FC37ACA50B5C /* [CP] Copy Pods Resources */ = {
			isa = PBXShellScriptBuildPhase;
			buildActionMask = 2147483647;
			files = (
			);
			inputPaths = (
				"${SRCROOT}/Pods/Target Support Files/Pods-TTOCKitDemo/Pods-TTOCKitDemo-resources.sh",
				"${PODS_ROOT}/TTOCKit/TTOCKit/TTControllerCategory/DZNEmptyDataSet(空页面扩展)/DZNEmptyDataSet/placeholder_dropbox@2x.png",
				"${PODS_ROOT}/TTOCKit/TTOCKit/TTControllerCategory/DZNEmptyDataSet(空页面扩展)/DZNEmptyDataSet/placeholder_dropbox@3x.png",
				"${PODS_ROOT}/TTOCKit/TTOCKit/TTNetwork/NetChangeTools服务器切换/TTIPManage(服务器切换)/网络切换工具/DYYFloatWindow/resource/TTNetwork.bundle/ccc.png",
				"${PODS_ROOT}/TTOCKit/TTOCKit/TTNetwork/NetChangeTools服务器切换/TTIPManage(服务器切换)/网络切换工具/DYYFloatWindow/resource/TTNetwork.bundle/ddd.png",
				"${PODS_ROOT}/TTOCKit/TTOCKit/TTNetwork/NetChangeTools服务器切换/TTIPManage(服务器切换)/网络切换工具/DYYFloatWindow/resource/TTNetwork.bundle/eee.png",
				"${PODS_ROOT}/TTOCKit/TTOCKit/TTNetwork/NetChangeTools服务器切换/TTIPManage(服务器切换)/网络切换工具/DYYFloatWindow/resource/TTNetwork.bundle/fff.png",
				"${PODS_ROOT}/TTOCKit/TTOCKit/TTNetwork/NetChangeTools服务器切换/TTIPManage(服务器切换)/网络切换工具/DYYFloatWindow/resource/TTNetwork.bundle/z.png",
				"${PODS_ROOT}/TTOCKit/TTOCKit/TTNetwork/NetChangeTools服务器切换/TTIPManage(服务器切换)/网络切换工具/DYYFloatWindow/resource/TTNetwork.bundle/zzz.png",
				"${PODS_ROOT}/TTOCKit/TTOCKit/TTTools/TTProgress/kit/KVNProgress/Resources/KVNProgressView.xib",
				"${PODS_ROOT}/TTOCKit/TTOCKit/TTTools/TTQRScanController/TTQRScan.storyboard",
				"${PODS_ROOT}/TTOCKit/TTOCKit/TTTools/TTQRScanController/TTQRScanController.bundle/Nbar_black.png",
				"${PODS_ROOT}/TTOCKit/TTOCKit/TTTools/TTQRScanController/TTQRScanController.bundle/qrcode_tabbar_icon_barcode@3x.png",
				"${PODS_ROOT}/TTOCKit/TTOCKit/TTTools/TTQRScanController/TTQRScanController.bundle/qrcode_tabbar_icon_barcode_highlighted@3x.png",
				"${PODS_ROOT}/TTOCKit/TTOCKit/TTTools/TTQRScanController/TTQRScanController.bundle/qrcode_tabbar_icon_qrcode@3x.png",
				"${PODS_ROOT}/TTOCKit/TTOCKit/TTTools/TTQRScanController/TTQRScanController.bundle/qrcode_tabbar_icon_qrcode_highlighted@3x.png",
				"${PODS_ROOT}/TTOCKit/TTOCKit/TTTools/TTQRScanController/TTQRScanController.bundle/yu_sao_01@3x.png",
				"${PODS_ROOT}/TTOCKit/TTOCKit/TTTools/TTQRScanController/TTQRScanController.bundle/yu_sao_02@3x.png",
				"${PODS_ROOT}/TTOCKit/TTOCKit/TTTools/TTQRScanController/TTQRScanController.bundle/yu_sao_03@3x.png",
				"${PODS_ROOT}/TTOCKit/TTOCKit/TTTools/TTQRScanController/TTQRScanController.bundle/yu_sao_04@3x.png",
			);
			name = "[CP] Copy Pods Resources";
			outputPaths = (
				"${TARGET_BUILD_DIR}/${UNLOCALIZED_RESOURCES_FOLDER_PATH}/placeholder_dropbox@2x.png",
				"${TARGET_BUILD_DIR}/${UNLOCALIZED_RESOURCES_FOLDER_PATH}/placeholder_dropbox@3x.png",
				"${TARGET_BUILD_DIR}/${UNLOCALIZED_RESOURCES_FOLDER_PATH}/ccc.png",
				"${TARGET_BUILD_DIR}/${UNLOCALIZED_RESOURCES_FOLDER_PATH}/ddd.png",
				"${TARGET_BUILD_DIR}/${UNLOCALIZED_RESOURCES_FOLDER_PATH}/eee.png",
				"${TARGET_BUILD_DIR}/${UNLOCALIZED_RESOURCES_FOLDER_PATH}/fff.png",
				"${TARGET_BUILD_DIR}/${UNLOCALIZED_RESOURCES_FOLDER_PATH}/z.png",
				"${TARGET_BUILD_DIR}/${UNLOCALIZED_RESOURCES_FOLDER_PATH}/zzz.png",
				"${TARGET_BUILD_DIR}/${UNLOCALIZED_RESOURCES_FOLDER_PATH}/KVNProgressView.nib",
				"${TARGET_BUILD_DIR}/${UNLOCALIZED_RESOURCES_FOLDER_PATH}/TTQRScan.storyboardc",
				"${TARGET_BUILD_DIR}/${UNLOCALIZED_RESOURCES_FOLDER_PATH}/Nbar_black.png",
				"${TARGET_BUILD_DIR}/${UNLOCALIZED_RESOURCES_FOLDER_PATH}/qrcode_tabbar_icon_barcode@3x.png",
				"${TARGET_BUILD_DIR}/${UNLOCALIZED_RESOURCES_FOLDER_PATH}/qrcode_tabbar_icon_barcode_highlighted@3x.png",
				"${TARGET_BUILD_DIR}/${UNLOCALIZED_RESOURCES_FOLDER_PATH}/qrcode_tabbar_icon_qrcode@3x.png",
				"${TARGET_BUILD_DIR}/${UNLOCALIZED_RESOURCES_FOLDER_PATH}/qrcode_tabbar_icon_qrcode_highlighted@3x.png",
				"${TARGET_BUILD_DIR}/${UNLOCALIZED_RESOURCES_FOLDER_PATH}/yu_sao_01@3x.png",
				"${TARGET_BUILD_DIR}/${UNLOCALIZED_RESOURCES_FOLDER_PATH}/yu_sao_02@3x.png",
				"${TARGET_BUILD_DIR}/${UNLOCALIZED_RESOURCES_FOLDER_PATH}/yu_sao_03@3x.png",
				"${TARGET_BUILD_DIR}/${UNLOCALIZED_RESOURCES_FOLDER_PATH}/yu_sao_04@3x.png",
			);
			runOnlyForDeploymentPostprocessing = 0;
			shellPath = /bin/sh;
			shellScript = "\"${SRCROOT}/Pods/Target Support Files/Pods-TTOCKitDemo/Pods-TTOCKitDemo-resources.sh\"\n";
			showEnvVarsInLog = 0;
		};
		858AEF4C6C0769B5E6FB8A3D /* [CP] Check Pods Manifest.lock */ = {
			isa = PBXShellScriptBuildPhase;
			buildActionMask = 2147483647;
			files = (
			);
			inputPaths = (
				"${PODS_PODFILE_DIR_PATH}/Podfile.lock",
				"${PODS_ROOT}/Manifest.lock",
			);
			name = "[CP] Check Pods Manifest.lock";
			outputPaths = (
				"$(DERIVED_FILE_DIR)/Pods-TTOCKitDemo-checkManifestLockResult.txt",
			);
			runOnlyForDeploymentPostprocessing = 0;
			shellPath = /bin/sh;
			shellScript = "diff \"${PODS_PODFILE_DIR_PATH}/Podfile.lock\" \"${PODS_ROOT}/Manifest.lock\" > /dev/null\nif [ $? != 0 ] ; then\n    # print error to STDERR\n    echo \"error: The sandbox is not in sync with the Podfile.lock. Run 'pod install' or update your CocoaPods installation.\" >&2\n    exit 1\nfi\n# This output is used by Xcode 'outputs' to avoid re-running this script phase.\necho \"SUCCESS\" > \"${SCRIPT_OUTPUT_FILE_0}\"\n";
			showEnvVarsInLog = 0;
		};
/* End PBXShellScriptBuildPhase section */

/* Begin PBXSourcesBuildPhase section */
		1898F4C6208F1B9700647FC9 /* Sources */ = {
			isa = PBXSourcesBuildPhase;
			buildActionMask = 2147483647;
			files = (
				1898F4DD208F1B9800647FC9 /* main.m in Sources */,
				18BC1C492093082400D703F1 /* SandboxTools.m in Sources */,
				18BC1C7F2093082400D703F1 /* FBKVOController.m in Sources */,
				18BC1C6D2093082400D703F1 /* TTBankNumberTF.m in Sources */,
				18BC1C622093082400D703F1 /* TTScanQRCodeResultDEMO.m in Sources */,
				18BC1C872093082400D703F1 /* FBShimmeringLayer.m in Sources */,
				18BC1C812093082400D703F1 /* UINavigationBar+ttAwesome.m in Sources */,
				18BC1C802093082400D703F1 /* UIViewController+AlphaBar.m in Sources */,
				18BC1C6C2093082400D703F1 /* NSObject+TTPlaceholderPlace.m in Sources */,
				18BC1C662093082400D703F1 /* TTBrowserImageView.m in Sources */,
				18BC1C502093082400D703F1 /* UIView+TTSignal.m in Sources */,
				18BC1C762093082400D703F1 /* UIColor+KVNContrast.m in Sources */,
				18BC1C8E2093082400D703F1 /* TTGroupViewBaseMake.m in Sources */,
				18BC1C702093082400D703F1 /* TTProgressView.m in Sources */,
				18BC1C7D2093082400D703F1 /* UIButton+TTLayout.m in Sources */,
				18BC1C4C2093082400D703F1 /* DebugMange.m in Sources */,
				18BC1C5A2093082400D703F1 /* UIViewController+CustomPopVc.m in Sources */,
				18BC1C532093082400D703F1 /* ModalAnimator_downMenuAnimation_black.m in Sources */,
				182D023820BD52820012EB01 /* UIViewController+TTAlowPush.m in Sources */,
				18BC1C822093082400D703F1 /* UIViewController+DZNEmptyDataSet.m in Sources */,
				18BC1C542093082400D703F1 /* ModalAnimator_downToUpAnimation.m in Sources */,
				18BC1C4E2093082400D703F1 /* NetDataModel.m in Sources */,
				18BC1C8D2093082400D703F1 /* UIView+TTVM.m in Sources */,
				18BC1C892093082400D703F1 /* UIViewController+ViewIsScrollview.m in Sources */,
				18BC1C722093082400D703F1 /* KVNProgressConfiguration.m in Sources */,
				18BC1C5F2093082400D703F1 /* NavigationBarPop_push_Manager.m in Sources */,
				18BC1C592093082400D703F1 /* ModalAnimator_midSpringPopAnimation_black.m in Sources */,
				18BC1C742093082400D703F1 /* UIImage+KVNImageEffects.m in Sources */,
				18BC1C4A2093082400D703F1 /* DYYFloatWindow.m in Sources */,
				18BC1C8B2093082400D703F1 /* UIViewController+auto_implementation.m in Sources */,
				18BC1C562093082400D703F1 /* ModalAnimator_downMenuAnimation_clear.m in Sources */,
				18BC1C692093082400D703F1 /* NSString+ttLimit.m in Sources */,
				18BC1C6F2093082400D703F1 /* UITextField+TTNumberTF.m in Sources */,
				18BC1C6B2093082400D703F1 /* UIView+cell.m in Sources */,
				18BC1C522093082400D703F1 /* UINavigationController+TTRouter.m in Sources */,
				18BC1C672093082400D703F1 /* TTWaitingView.m in Sources */,
				18BC1C582093082400D703F1 /* ModalAnimator_suchAsModalAnimation_black.m in Sources */,
				18BC1C882093082400D703F1 /* FBShimmeringView.m in Sources */,
				18BC1C7E2093082400D703F1 /* NSObject+FBKVOController.m in Sources */,
				18BC1C682093082400D703F1 /* TTPhotoBrowser.m in Sources */,
				18BC1C7C2093082400D703F1 /* UIViewController+LogDealloc.m in Sources */,
				18BC1C5B2093082400D703F1 /* PopPresentationController_clearColor_frame.m in Sources */,
				18BC1C5E2093082400D703F1 /* PushAnimator_downToupAnimation.m in Sources */,
				18BC1C792093082400D703F1 /* NSString+TTTextField.m in Sources */,
				18BC1C552093082400D703F1 /* ModalAnimator_Custom.m in Sources */,
				18BC1C6E2093082400D703F1 /* TTPhoneNumberTF.m in Sources */,
				18BC1C6A2093082400D703F1 /* UIView+TTframe.m in Sources */,
				18BC1C572093082400D703F1 /* ModalAnimator_midAnimation.m in Sources */,
				18BC1C4D2093082400D703F1 /* IPModel.m in Sources */,
				18BC1C7A2093082400D703F1 /* TTAlertView.m in Sources */,
				18BC1C7B2093082400D703F1 /* TTWebController.m in Sources */,
				18BC1C782093082400D703F1 /* TTTextfield.m in Sources */,
				1898F501208F1CC300647FC9 /* TableViewCel2.m in Sources */,
				18BC1C712093082400D703F1 /* KVNProgress.m in Sources */,
				18BC1C772093082400D703F1 /* DBProgress.m in Sources */,
				18BC1C602093082400D703F1 /* PopAnimator_upTpdownAnimation.m in Sources */,
				1898F62C208F215300647FC9 /* ViewController.m in Sources */,
				18BC1C4F2093082400D703F1 /* NSObject+tt_PrintProperty.m in Sources */,
				18BC1C8F2093082400D703F1 /* TTTableSectionMake.m in Sources */,
				18BC1C512093082400D703F1 /* UIView+TTTransitions.m in Sources */,
				18BC1C922093082400D703F1 /* UICollectionView+TTVM.m in Sources */,
				18BC1C912093082400D703F1 /* UITableView+TTCellAnimation.m in Sources */,
				18BC1C752093082400D703F1 /* UIImage+KVNEmpty.m in Sources */,
				1898F506208F1CC300647FC9 /* TableViewCell1.m in Sources */,
				18BC1C5D2093082400D703F1 /* PopPresentationController_AlphaBlack_frame.m in Sources */,
				18BC1C652093082400D703F1 /* TTQRScanController.m in Sources */,
				1898F503208F1CC300647FC9 /* testmodel.m in Sources */,
				18BC1C5C2093082400D703F1 /* PopPresentationController_fadeInAlphaBlack_frame.m in Sources */,
				1898F504208F1CC300647FC9 /* tetController.m in Sources */,
				18BC1C612093082400D703F1 /* NSArray+BtnSelect.m in Sources */,
				18BC1C862093082400D703F1 /* UIViewController+NVBarClick.m in Sources */,
				18BC1C8C2093082400D703F1 /* TTMutableProxy.m in Sources */,
				18BC1C902093082400D703F1 /* UITableView+TTVM.m in Sources */,
				1898F62B208F215300647FC9 /* AppDelegate.m in Sources */,
				18BC1C8A2093082400D703F1 /* UIViewController+easyJump.m in Sources */,
			);
			runOnlyForDeploymentPostprocessing = 0;
		};
/* End PBXSourcesBuildPhase section */

/* Begin PBXVariantGroup section */
		1898F4D3208F1B9700647FC9 /* Main.storyboard */ = {
			isa = PBXVariantGroup;
			children = (
				1898F4D4208F1B9700647FC9 /* Base */,
			);
			name = Main.storyboard;
			sourceTree = "<group>";
		};
		1898F4D8208F1B9800647FC9 /* LaunchScreen.storyboard */ = {
			isa = PBXVariantGroup;
			children = (
				1898F4D9208F1B9800647FC9 /* Base */,
			);
			name = LaunchScreen.storyboard;
			sourceTree = "<group>";
		};
/* End PBXVariantGroup section */

/* Begin XCBuildConfiguration section */
		1898F4DE208F1B9800647FC9 /* Debug */ = {
			isa = XCBuildConfiguration;
			buildSettings = {
				ALWAYS_SEARCH_USER_PATHS = NO;
				CLANG_ANALYZER_NONNULL = YES;
				CLANG_ANALYZER_NUMBER_OBJECT_CONVERSION = YES_AGGRESSIVE;
				CLANG_CXX_LANGUAGE_STANDARD = "gnu++14";
				CLANG_CXX_LIBRARY = "libc++";
				CLANG_ENABLE_MODULES = YES;
				CLANG_ENABLE_OBJC_ARC = YES;
				CLANG_ENABLE_OBJC_WEAK = YES;
				CLANG_WARN_BLOCK_CAPTURE_AUTORELEASING = YES;
				CLANG_WARN_BOOL_CONVERSION = YES;
				CLANG_WARN_COMMA = YES;
				CLANG_WARN_CONSTANT_CONVERSION = YES;
				CLANG_WARN_DEPRECATED_OBJC_IMPLEMENTATIONS = YES;
				CLANG_WARN_DIRECT_OBJC_ISA_USAGE = YES_ERROR;
				CLANG_WARN_DOCUMENTATION_COMMENTS = YES;
				CLANG_WARN_EMPTY_BODY = YES;
				CLANG_WARN_ENUM_CONVERSION = YES;
				CLANG_WARN_INFINITE_RECURSION = YES;
				CLANG_WARN_INT_CONVERSION = YES;
				CLANG_WARN_NON_LITERAL_NULL_CONVERSION = YES;
				CLANG_WARN_OBJC_IMPLICIT_RETAIN_SELF = YES;
				CLANG_WARN_OBJC_LITERAL_CONVERSION = YES;
				CLANG_WARN_OBJC_ROOT_CLASS = YES_ERROR;
				CLANG_WARN_RANGE_LOOP_ANALYSIS = YES;
				CLANG_WARN_STRICT_PROTOTYPES = YES;
				CLANG_WARN_SUSPICIOUS_MOVE = YES;
				CLANG_WARN_UNGUARDED_AVAILABILITY = YES_AGGRESSIVE;
				CLANG_WARN_UNREACHABLE_CODE = YES;
				CLANG_WARN__DUPLICATE_METHOD_MATCH = YES;
				CODE_SIGN_IDENTITY = "iPhone Developer";
				COPY_PHASE_STRIP = NO;
				DEBUG_INFORMATION_FORMAT = dwarf;
				ENABLE_STRICT_OBJC_MSGSEND = YES;
				ENABLE_TESTABILITY = YES;
				GCC_C_LANGUAGE_STANDARD = gnu11;
				GCC_DYNAMIC_NO_PIC = NO;
				GCC_NO_COMMON_BLOCKS = YES;
				GCC_OPTIMIZATION_LEVEL = 0;
				GCC_PREPROCESSOR_DEFINITIONS = (
					"DEBUG=1",
					"$(inherited)",
				);
				GCC_WARN_64_TO_32_BIT_CONVERSION = YES;
				GCC_WARN_ABOUT_RETURN_TYPE = YES_ERROR;
				GCC_WARN_UNDECLARED_SELECTOR = YES;
				GCC_WARN_UNINITIALIZED_AUTOS = YES_AGGRESSIVE;
				GCC_WARN_UNUSED_FUNCTION = YES;
				GCC_WARN_UNUSED_VARIABLE = YES;
				IPHONEOS_DEPLOYMENT_TARGET = 11.3;
				MTL_ENABLE_DEBUG_INFO = YES;
				ONLY_ACTIVE_ARCH = YES;
				SDKROOT = iphoneos;
			};
			name = Debug;
		};
		1898F4DF208F1B9800647FC9 /* Release */ = {
			isa = XCBuildConfiguration;
			buildSettings = {
				ALWAYS_SEARCH_USER_PATHS = NO;
				CLANG_ANALYZER_NONNULL = YES;
				CLANG_ANALYZER_NUMBER_OBJECT_CONVERSION = YES_AGGRESSIVE;
				CLANG_CXX_LANGUAGE_STANDARD = "gnu++14";
				CLANG_CXX_LIBRARY = "libc++";
				CLANG_ENABLE_MODULES = YES;
				CLANG_ENABLE_OBJC_ARC = YES;
				CLANG_ENABLE_OBJC_WEAK = YES;
				CLANG_WARN_BLOCK_CAPTURE_AUTORELEASING = YES;
				CLANG_WARN_BOOL_CONVERSION = YES;
				CLANG_WARN_COMMA = YES;
				CLANG_WARN_CONSTANT_CONVERSION = YES;
				CLANG_WARN_DEPRECATED_OBJC_IMPLEMENTATIONS = YES;
				CLANG_WARN_DIRECT_OBJC_ISA_USAGE = YES_ERROR;
				CLANG_WARN_DOCUMENTATION_COMMENTS = YES;
				CLANG_WARN_EMPTY_BODY = YES;
				CLANG_WARN_ENUM_CONVERSION = YES;
				CLANG_WARN_INFINITE_RECURSION = YES;
				CLANG_WARN_INT_CONVERSION = YES;
				CLANG_WARN_NON_LITERAL_NULL_CONVERSION = YES;
				CLANG_WARN_OBJC_IMPLICIT_RETAIN_SELF = YES;
				CLANG_WARN_OBJC_LITERAL_CONVERSION = YES;
				CLANG_WARN_OBJC_ROOT_CLASS = YES_ERROR;
				CLANG_WARN_RANGE_LOOP_ANALYSIS = YES;
				CLANG_WARN_STRICT_PROTOTYPES = YES;
				CLANG_WARN_SUSPICIOUS_MOVE = YES;
				CLANG_WARN_UNGUARDED_AVAILABILITY = YES_AGGRESSIVE;
				CLANG_WARN_UNREACHABLE_CODE = YES;
				CLANG_WARN__DUPLICATE_METHOD_MATCH = YES;
				CODE_SIGN_IDENTITY = "iPhone Developer";
				COPY_PHASE_STRIP = NO;
				DEBUG_INFORMATION_FORMAT = "dwarf-with-dsym";
				ENABLE_NS_ASSERTIONS = NO;
				ENABLE_STRICT_OBJC_MSGSEND = YES;
				GCC_C_LANGUAGE_STANDARD = gnu11;
				GCC_NO_COMMON_BLOCKS = YES;
				GCC_WARN_64_TO_32_BIT_CONVERSION = YES;
				GCC_WARN_ABOUT_RETURN_TYPE = YES_ERROR;
				GCC_WARN_UNDECLARED_SELECTOR = YES;
				GCC_WARN_UNINITIALIZED_AUTOS = YES_AGGRESSIVE;
				GCC_WARN_UNUSED_FUNCTION = YES;
				GCC_WARN_UNUSED_VARIABLE = YES;
				IPHONEOS_DEPLOYMENT_TARGET = 11.3;
				MTL_ENABLE_DEBUG_INFO = NO;
				SDKROOT = iphoneos;
				VALIDATE_PRODUCT = YES;
			};
			name = Release;
		};
		1898F4E1208F1B9800647FC9 /* Debug */ = {
			isa = XCBuildConfiguration;
			baseConfigurationReference = CE465CB0BF6252462AB40D23 /* Pods-TTOCKitDemo.debug.xcconfig */;
			buildSettings = {
				ASSETCATALOG_COMPILER_APPICON_NAME = AppIcon;
				CODE_SIGN_STYLE = Automatic;
				DEVELOPMENT_TEAM = W4K85W89V2;
				INFOPLIST_FILE = TTOCKitDemo/Info.plist;
				LD_RUNPATH_SEARCH_PATHS = (
					"$(inherited)",
					"@executable_path/Frameworks",
				);
				PRODUCT_BUNDLE_IDENTIFIER = ttayaa.TTOCKitDemo;
				PRODUCT_NAME = "$(TARGET_NAME)";
				TARGETED_DEVICE_FAMILY = "1,2";
			};
			name = Debug;
		};
		1898F4E2208F1B9800647FC9 /* Release */ = {
			isa = XCBuildConfiguration;
			baseConfigurationReference = 3B2045AFD3AF51BF34B7798C /* Pods-TTOCKitDemo.release.xcconfig */;
			buildSettings = {
				ASSETCATALOG_COMPILER_APPICON_NAME = AppIcon;
				CODE_SIGN_STYLE = Automatic;
				DEVELOPMENT_TEAM = W4K85W89V2;
				INFOPLIST_FILE = TTOCKitDemo/Info.plist;
				LD_RUNPATH_SEARCH_PATHS = (
					"$(inherited)",
					"@executable_path/Frameworks",
				);
				PRODUCT_BUNDLE_IDENTIFIER = ttayaa.TTOCKitDemo;
				PRODUCT_NAME = "$(TARGET_NAME)";
				TARGETED_DEVICE_FAMILY = "1,2";
			};
			name = Release;
		};
/* End XCBuildConfiguration section */

/* Begin XCConfigurationList section */
		1898F4C5208F1B9700647FC9 /* Build configuration list for PBXProject "TTOCKitDemo" */ = {
			isa = XCConfigurationList;
			buildConfigurations = (
				1898F4DE208F1B9800647FC9 /* Debug */,
				1898F4DF208F1B9800647FC9 /* Release */,
			);
			defaultConfigurationIsVisible = 0;
			defaultConfigurationName = Release;
		};
		1898F4E0208F1B9800647FC9 /* Build configuration list for PBXNativeTarget "TTOCKitDemo" */ = {
			isa = XCConfigurationList;
			buildConfigurations = (
				1898F4E1208F1B9800647FC9 /* Debug */,
				1898F4E2208F1B9800647FC9 /* Release */,
			);
			defaultConfigurationIsVisible = 0;
			defaultConfigurationName = Release;
		};
/* End XCConfigurationList section */
	};
	rootObject = 1898F4C2208F1B9700647FC9 /* Project object */;
}
