// !$*UTF8*$!
{
	archiveVersion = 1;
	classes = {
	};
	objectVersion = 50;
	objects = {

/* Begin PBXBuildFile section */
		1898F261208DD0CD00647FC9 /* AppDelegate.m in Sources */ = {isa = PBXBuildFile; fileRef = 1898F260208DD0CD00647FC9 /* AppDelegate.m */; };
		1898F264208DD0CD00647FC9 /* ViewController.m in Sources */ = {isa = PBXBuildFile; fileRef = 1898F263208DD0CD00647FC9 /* ViewController.m */; };
		1898F267208DD0CD00647FC9 /* Main.storyboard in Resources */ = {isa = PBXBuildFile; fileRef = 1898F265208DD0CD00647FC9 /* Main.storyboard */; };
		1898F269208DD0CE00647FC9 /* Assets.xcassets in Resources */ = {isa = PBXBuildFile; fileRef = 1898F268208DD0CE00647FC9 /* Assets.xcassets */; };
		1898F26C208DD0CE00647FC9 /* LaunchScreen.storyboard in Resources */ = {isa = PBXBuildFile; fileRef = 1898F26A208DD0CE00647FC9 /* LaunchScreen.storyboard */; };
		1898F26F208DD0CE00647FC9 /* main.m in Sources */ = {isa = PBXBuildFile; fileRef = 1898F26E208DD0CE00647FC9 /* main.m */; };
		1898F32F208DD1F400647FC9 /* NSObject+FBKVOController.m in Sources */ = {isa = PBXBuildFile; fileRef = 1898F27B208DD1F400647FC9 /* NSObject+FBKVOController.m */; };
		1898F330208DD1F400647FC9 /* FBKVOController.m in Sources */ = {isa = PBXBuildFile; fileRef = 1898F27C208DD1F400647FC9 /* FBKVOController.m */; };
		1898F331208DD1F400647FC9 /* UIViewController+AlphaBar.m in Sources */ = {isa = PBXBuildFile; fileRef = 1898F27E208DD1F400647FC9 /* UIViewController+AlphaBar.m */; };
		1898F332208DD1F400647FC9 /* UINavigationBar+ttAwesome.m in Sources */ = {isa = PBXBuildFile; fileRef = 1898F27F208DD1F400647FC9 /* UINavigationBar+ttAwesome.m */; };
		1898F333208DD1F400647FC9 /* UIViewController+DZNEmptyDataSet.m in Sources */ = {isa = PBXBuildFile; fileRef = 1898F284208DD1F400647FC9 /* UIViewController+DZNEmptyDataSet.m */; };
		1898F334208DD1F400647FC9 /* placeholder_dropbox@2x.png in Resources */ = {isa = PBXBuildFile; fileRef = 1898F286208DD1F400647FC9 /* placeholder_dropbox@2x.png */; };
		1898F335208DD1F400647FC9 /* placeholder_dropbox@3x.png in Resources */ = {isa = PBXBuildFile; fileRef = 1898F287208DD1F400647FC9 /* placeholder_dropbox@3x.png */; };
		1898F336208DD1F400647FC9 /* UIScrollView+EmptyDataSet.m in Sources */ = {isa = PBXBuildFile; fileRef = 1898F288208DD1F400647FC9 /* UIScrollView+EmptyDataSet.m */; };
		1898F337208DD1F400647FC9 /* UIViewController+NVBarClick.m in Sources */ = {isa = PBXBuildFile; fileRef = 1898F28B208DD1F400647FC9 /* UIViewController+NVBarClick.m */; };
		1898F338208DD1F400647FC9 /* FBShimmeringLayer.m in Sources */ = {isa = PBXBuildFile; fileRef = 1898F290208DD1F400647FC9 /* FBShimmeringLayer.m */; };
		1898F339208DD1F400647FC9 /* FBShimmeringView.m in Sources */ = {isa = PBXBuildFile; fileRef = 1898F291208DD1F400647FC9 /* FBShimmeringView.m */; };
		1898F33A208DD1F400647FC9 /* UIViewController+ViewIsScrollview.m in Sources */ = {isa = PBXBuildFile; fileRef = 1898F294208DD1F400647FC9 /* UIViewController+ViewIsScrollview.m */; };
		1898F33B208DD1F400647FC9 /* UIViewController+easyJump.m in Sources */ = {isa = PBXBuildFile; fileRef = 1898F298208DD1F400647FC9 /* UIViewController+easyJump.m */; };
		1898F33C208DD1F400647FC9 /* UIViewController+auto_implementation.m in Sources */ = {isa = PBXBuildFile; fileRef = 1898F29A208DD1F400647FC9 /* UIViewController+auto_implementation.m */; };
		1898F33D208DD1F400647FC9 /* TTMutableProxy.m in Sources */ = {isa = PBXBuildFile; fileRef = 1898F29E208DD1F400647FC9 /* TTMutableProxy.m */; };
		1898F33E208DD1F400647FC9 /* UIView+TTVM.m in Sources */ = {isa = PBXBuildFile; fileRef = 1898F29F208DD1F400647FC9 /* UIView+TTVM.m */; };
		1898F33F208DD1F400647FC9 /* TTGroupViewBaseMake.m in Sources */ = {isa = PBXBuildFile; fileRef = 1898F2A0208DD1F400647FC9 /* TTGroupViewBaseMake.m */; };
		1898F340208DD1F400647FC9 /* TTTableSectionMake.m in Sources */ = {isa = PBXBuildFile; fileRef = 1898F2A4208DD1F400647FC9 /* TTTableSectionMake.m */; };
		1898F341208DD1F400647FC9 /* UITableView+TTVM.m in Sources */ = {isa = PBXBuildFile; fileRef = 1898F2A6208DD1F400647FC9 /* UITableView+TTVM.m */; };
		1898F342208DD1F400647FC9 /* UITableView+TTCellAnimation.m in Sources */ = {isa = PBXBuildFile; fileRef = 1898F2AA208DD1F400647FC9 /* UITableView+TTCellAnimation.m */; };
		1898F343208DD1F400647FC9 /* UICollectionView+TTVM.m in Sources */ = {isa = PBXBuildFile; fileRef = 1898F2AC208DD1F400647FC9 /* UICollectionView+TTVM.m */; };
		1898F344208DD1F400647FC9 /* TTScanQRCodeResultDEMO.m in Sources */ = {isa = PBXBuildFile; fileRef = 1898F2B0208DD1F400647FC9 /* TTScanQRCodeResultDEMO.m */; };
		1898F346208DD1F400647FC9 /* TTQRScan.storyboard in Resources */ = {isa = PBXBuildFile; fileRef = 1898F2B2208DD1F400647FC9 /* TTQRScan.storyboard */; };
		1898F347208DD1F400647FC9 /* TTQRScanController.m in Sources */ = {isa = PBXBuildFile; fileRef = 1898F2B4208DD1F400647FC9 /* TTQRScanController.m */; };
		1898F348208DD1F400647FC9 /* TTBrowserImageView.m in Sources */ = {isa = PBXBuildFile; fileRef = 1898F2B6208DD1F400647FC9 /* TTBrowserImageView.m */; };
		1898F349208DD1F400647FC9 /* TTWaitingView.m in Sources */ = {isa = PBXBuildFile; fileRef = 1898F2BA208DD1F400647FC9 /* TTWaitingView.m */; };
		1898F34A208DD1F400647FC9 /* TTPhotoBrowser.m in Sources */ = {isa = PBXBuildFile; fileRef = 1898F2BC208DD1F400647FC9 /* TTPhotoBrowser.m */; };
		1898F34B208DD1F400647FC9 /* TTBankNumberTF.m in Sources */ = {isa = PBXBuildFile; fileRef = 1898F2BE208DD1F400647FC9 /* TTBankNumberTF.m */; };
		1898F34C208DD1F400647FC9 /* TTPhoneNumberTF.m in Sources */ = {isa = PBXBuildFile; fileRef = 1898F2C0208DD1F400647FC9 /* TTPhoneNumberTF.m */; };
		1898F34D208DD1F400647FC9 /* UITextField+TTNumberTF.m in Sources */ = {isa = PBXBuildFile; fileRef = 1898F2C2208DD1F400647FC9 /* UITextField+TTNumberTF.m */; };
		1898F34E208DD1F400647FC9 /* TTProgressView.m in Sources */ = {isa = PBXBuildFile; fileRef = 1898F2C6208DD1F400647FC9 /* TTProgressView.m */; };
		1898F34F208DD1F400647FC9 /* KVNProgress.m in Sources */ = {isa = PBXBuildFile; fileRef = 1898F2CA208DD1F400647FC9 /* KVNProgress.m */; };
		1898F350208DD1F400647FC9 /* KVNProgressConfiguration.m in Sources */ = {isa = PBXBuildFile; fileRef = 1898F2CB208DD1F400647FC9 /* KVNProgressConfiguration.m */; };
		1898F351208DD1F400647FC9 /* KVNProgressView.xib in Resources */ = {isa = PBXBuildFile; fileRef = 1898F2CF208DD1F400647FC9 /* KVNProgressView.xib */; };
		1898F352208DD1F400647FC9 /* UIImage+KVNImageEffects.m in Sources */ = {isa = PBXBuildFile; fileRef = 1898F2D1208DD1F400647FC9 /* UIImage+KVNImageEffects.m */; };
		1898F353208DD1F400647FC9 /* UIImage+KVNEmpty.m in Sources */ = {isa = PBXBuildFile; fileRef = 1898F2D4208DD1F400647FC9 /* UIImage+KVNEmpty.m */; };
		1898F354208DD1F400647FC9 /* UIColor+KVNContrast.m in Sources */ = {isa = PBXBuildFile; fileRef = 1898F2D6208DD1F400647FC9 /* UIColor+KVNContrast.m */; };
		1898F355208DD1F400647FC9 /* DBProgress.m in Sources */ = {isa = PBXBuildFile; fileRef = 1898F2D8208DD1F400647FC9 /* DBProgress.m */; };
		1898F356208DD1F400647FC9 /* TTTextfield.m in Sources */ = {isa = PBXBuildFile; fileRef = 1898F2DC208DD1F400647FC9 /* TTTextfield.m */; };
		1898F357208DD1F400647FC9 /* NSString+TTTextField.m in Sources */ = {isa = PBXBuildFile; fileRef = 1898F2DD208DD1F400647FC9 /* NSString+TTTextField.m */; };
		1898F358208DD1F400647FC9 /* TTAlertView.m in Sources */ = {isa = PBXBuildFile; fileRef = 1898F2DF208DD1F400647FC9 /* TTAlertView.m */; };
		1898F359208DD1F400647FC9 /* TTWebController.m in Sources */ = {isa = PBXBuildFile; fileRef = 1898F2E3208DD1F400647FC9 /* TTWebController.m */; };
		1898F35A208DD1F400647FC9 /* UIViewController+LogDealloc.m in Sources */ = {isa = PBXBuildFile; fileRef = 1898F2E6208DD1F400647FC9 /* UIViewController+LogDealloc.m */; };
		1898F35B208DD1F400647FC9 /* UIButton+TTLayout.m in Sources */ = {isa = PBXBuildFile; fileRef = 1898F2E8208DD1F400647FC9 /* UIButton+TTLayout.m */; };
		1898F35C208DD1F400647FC9 /* NSObject+DataPaging.m in Sources */ = {isa = PBXBuildFile; fileRef = 1898F2EB208DD1F400647FC9 /* NSObject+DataPaging.m */; };
		1898F35D208DD1F400647FC9 /* SandboxTools.m in Sources */ = {isa = PBXBuildFile; fileRef = 1898F2F2208DD1F400647FC9 /* SandboxTools.m */; };
		1898F35E208DD1F400647FC9 /* DYYFloatWindow.m in Sources */ = {isa = PBXBuildFile; fileRef = 1898F2F6208DD1F400647FC9 /* DYYFloatWindow.m */; };
		1898F35F208DD1F400647FC9 /* TTNetwork.bundle in Resources */ = {isa = PBXBuildFile; fileRef = 1898F2F8208DD1F400647FC9 /* TTNetwork.bundle */; };
		1898F360208DD1F400647FC9 /* DebugMange.m in Sources */ = {isa = PBXBuildFile; fileRef = 1898F2FB208DD1F400647FC9 /* DebugMange.m */; };
		1898F361208DD1F400647FC9 /* IPModel.m in Sources */ = {isa = PBXBuildFile; fileRef = 1898F2FC208DD1F400647FC9 /* IPModel.m */; };
		1898F362208DD1F400647FC9 /* NSDictionary+tt.m in Sources */ = {isa = PBXBuildFile; fileRef = 1898F300208DD1F400647FC9 /* NSDictionary+tt.m */; };
		1898F363208DD1F400647FC9 /* NetDataModel.m in Sources */ = {isa = PBXBuildFile; fileRef = 1898F302208DD1F400647FC9 /* NetDataModel.m */; };
		1898F364208DD1F400647FC9 /* NSObject+tt_PrintProperty.m in Sources */ = {isa = PBXBuildFile; fileRef = 1898F305208DD1F400647FC9 /* NSObject+tt_PrintProperty.m */; };
		1898F365208DD1F400647FC9 /* UIView+TTTransitions.m in Sources */ = {isa = PBXBuildFile; fileRef = 1898F30A208DD1F400647FC9 /* UIView+TTTransitions.m */; };
		1898F366208DD1F400647FC9 /* UINavigationController+TTRouter.m in Sources */ = {isa = PBXBuildFile; fileRef = 1898F30B208DD1F400647FC9 /* UINavigationController+TTRouter.m */; };
		1898F367208DD1F400647FC9 /* ModalAnimator_downMenuAnimation_black.m in Sources */ = {isa = PBXBuildFile; fileRef = 1898F30E208DD1F400647FC9 /* ModalAnimator_downMenuAnimation_black.m */; };
		1898F368208DD1F400647FC9 /* ModalAnimator_downToUpAnimation.m in Sources */ = {isa = PBXBuildFile; fileRef = 1898F310208DD1F400647FC9 /* ModalAnimator_downToUpAnimation.m */; };
		1898F369208DD1F400647FC9 /* ModalAnimator_Custom.m in Sources */ = {isa = PBXBuildFile; fileRef = 1898F312208DD1F400647FC9 /* ModalAnimator_Custom.m */; };
		1898F36A208DD1F400647FC9 /* ModalAnimator_downMenuAnimation_clear.m in Sources */ = {isa = PBXBuildFile; fileRef = 1898F313208DD1F400647FC9 /* ModalAnimator_downMenuAnimation_clear.m */; };
		1898F36B208DD1F400647FC9 /* ModalAnimator_midAnimation.m in Sources */ = {isa = PBXBuildFile; fileRef = 1898F316208DD1F400647FC9 /* ModalAnimator_midAnimation.m */; };
		1898F36C208DD1F400647FC9 /* ModalAnimator_suchAsModalAnimation_black.m in Sources */ = {isa = PBXBuildFile; fileRef = 1898F318208DD1F400647FC9 /* ModalAnimator_suchAsModalAnimation_black.m */; };
		1898F36D208DD1F400647FC9 /* ModalAnimator_midSpringPopAnimation_black.m in Sources */ = {isa = PBXBuildFile; fileRef = 1898F319208DD1F400647FC9 /* ModalAnimator_midSpringPopAnimation_black.m */; };
		1898F36E208DD1F400647FC9 /* UIViewController+CustomPopVc.m in Sources */ = {isa = PBXBuildFile; fileRef = 1898F31D208DD1F400647FC9 /* UIViewController+CustomPopVc.m */; };
		1898F36F208DD1F400647FC9 /* PopPresentationController_clearColor_frame.m in Sources */ = {isa = PBXBuildFile; fileRef = 1898F321208DD1F400647FC9 /* PopPresentationController_clearColor_frame.m */; };
		1898F370208DD1F400647FC9 /* PopPresentationController_fadeInAlphaBlack_frame.m in Sources */ = {isa = PBXBuildFile; fileRef = 1898F323208DD1F400647FC9 /* PopPresentationController_fadeInAlphaBlack_frame.m */; };
		1898F371208DD1F400647FC9 /* PopPresentationController_AlphaBlack_frame.m in Sources */ = {isa = PBXBuildFile; fileRef = 1898F324208DD1F400647FC9 /* PopPresentationController_AlphaBlack_frame.m */; };
		1898F372208DD1F400647FC9 /* PushAnimator_downToupAnimation.m in Sources */ = {isa = PBXBuildFile; fileRef = 1898F329208DD1F400647FC9 /* PushAnimator_downToupAnimation.m */; };
		1898F373208DD1F400647FC9 /* NavigationBarPop_push_Manager.m in Sources */ = {isa = PBXBuildFile; fileRef = 1898F32A208DD1F400647FC9 /* NavigationBarPop_push_Manager.m */; };
		1898F374208DD1F400647FC9 /* PopAnimator_upTpdownAnimation.m in Sources */ = {isa = PBXBuildFile; fileRef = 1898F32B208DD1F400647FC9 /* PopAnimator_upTpdownAnimation.m */; };
		1898F37B208DD21400647FC9 /* TableViewCell1.xib in Resources */ = {isa = PBXBuildFile; fileRef = 1898F375208DD21300647FC9 /* TableViewCell1.xib */; };
		1898F37C208DD21400647FC9 /* TableViewCel2.xib in Resources */ = {isa = PBXBuildFile; fileRef = 1898F377208DD21400647FC9 /* TableViewCel2.xib */; };
		1898F37D208DD21400647FC9 /* TableViewCel2.m in Sources */ = {isa = PBXBuildFile; fileRef = 1898F378208DD21400647FC9 /* TableViewCel2.m */; };
		1898F37E208DD21400647FC9 /* TableViewCell1.m in Sources */ = {isa = PBXBuildFile; fileRef = 1898F379208DD21400647FC9 /* TableViewCell1.m */; };
		1898F382208DD21E00647FC9 /* tetController.xib in Resources */ = {isa = PBXBuildFile; fileRef = 1898F37F208DD21D00647FC9 /* tetController.xib */; };
		1898F383208DD21E00647FC9 /* tetController.m in Sources */ = {isa = PBXBuildFile; fileRef = 1898F381208DD21E00647FC9 /* tetController.m */; };
		1898F388208DD2A100647FC9 /* UIView+TTSignal.m in Sources */ = {isa = PBXBuildFile; fileRef = 1898F386208DD2A100647FC9 /* UIView+TTSignal.m */; };
		1898F38B208DDB5000647FC9 /* testmodel.m in Sources */ = {isa = PBXBuildFile; fileRef = 1898F38A208DDB5000647FC9 /* testmodel.m */; };
		1898F38F208ED3BD00647FC9 /* NSObject+TTPlaceholderPlace.m in Sources */ = {isa = PBXBuildFile; fileRef = 1898F38D208ED3BD00647FC9 /* NSObject+TTPlaceholderPlace.m */; };
		1898F393208ED6BB00647FC9 /* NSString+ttLimit.m in Sources */ = {isa = PBXBuildFile; fileRef = 1898F392208ED6BB00647FC9 /* NSString+ttLimit.m */; };
		1898F397208EDB7D00647FC9 /* NSArray+BtnSelect.m in Sources */ = {isa = PBXBuildFile; fileRef = 1898F396208EDB7D00647FC9 /* NSArray+BtnSelect.m */; };
		1898F39F208EDD2000647FC9 /* TTQRScanController.bundle in Resources */ = {isa = PBXBuildFile; fileRef = 1898F39E208EDD2000647FC9 /* TTQRScanController.bundle */; };
		1898F3A1208F03AC00647FC9 /* TTKit.podspec in Resources */ = {isa = PBXBuildFile; fileRef = 1898F3A0208F03AB00647FC9 /* TTKit.podspec */; };
		464145C41004139499330A12 /* Pods_TTKitDemo.framework in Frameworks */ = {isa = PBXBuildFile; fileRef = AF56E97F04EB23D0ADCE1108 /* Pods_TTKitDemo.framework */; };
/* End PBXBuildFile section */

/* Begin PBXFileReference section */
		1898F25C208DD0CD00647FC9 /* TTKitDemo.app */ = {isa = PBXFileReference; explicitFileType = wrapper.application; includeInIndex = 0; path = TTKitDemo.app; sourceTree = BUILT_PRODUCTS_DIR; };
		1898F25F208DD0CD00647FC9 /* AppDelegate.h */ = {isa = PBXFileReference; lastKnownFileType = sourcecode.c.h; path = AppDelegate.h; sourceTree = "<group>"; };
		1898F260208DD0CD00647FC9 /* AppDelegate.m */ = {isa = PBXFileReference; lastKnownFileType = sourcecode.c.objc; path = AppDelegate.m; sourceTree = "<group>"; };
		1898F262208DD0CD00647FC9 /* ViewController.h */ = {isa = PBXFileReference; lastKnownFileType = sourcecode.c.h; path = ViewController.h; sourceTree = "<group>"; };
		1898F263208DD0CD00647FC9 /* ViewController.m */ = {isa = PBXFileReference; lastKnownFileType = sourcecode.c.objc; path = ViewController.m; sourceTree = "<group>"; };
		1898F266208DD0CD00647FC9 /* Base */ = {isa = PBXFileReference; lastKnownFileType = file.storyboard; name = Base; path = Base.lproj/Main.storyboard; sourceTree = "<group>"; };
		1898F268208DD0CE00647FC9 /* Assets.xcassets */ = {isa = PBXFileReference; lastKnownFileType = folder.assetcatalog; path = Assets.xcassets; sourceTree = "<group>"; };
		1898F26B208DD0CE00647FC9 /* Base */ = {isa = PBXFileReference; lastKnownFileType = file.storyboard; name = Base; path = Base.lproj/LaunchScreen.storyboard; sourceTree = "<group>"; };
		1898F26D208DD0CE00647FC9 /* Info.plist */ = {isa = PBXFileReference; lastKnownFileType = text.plist.xml; path = Info.plist; sourceTree = "<group>"; };
		1898F26E208DD0CE00647FC9 /* main.m */ = {isa = PBXFileReference; lastKnownFileType = sourcecode.c.objc; path = main.m; sourceTree = "<group>"; };
		1898F279208DD1F400647FC9 /* KVOController.h */ = {isa = PBXFileReference; fileEncoding = 4; lastKnownFileType = sourcecode.c.h; path = KVOController.h; sourceTree = "<group>"; };
		1898F27A208DD1F400647FC9 /* FBKVOController.h */ = {isa = PBXFileReference; fileEncoding = 4; lastKnownFileType = sourcecode.c.h; path = FBKVOController.h; sourceTree = "<group>"; };
		1898F27B208DD1F400647FC9 /* NSObject+FBKVOController.m */ = {isa = PBXFileReference; fileEncoding = 4; lastKnownFileType = sourcecode.c.objc; path = "NSObject+FBKVOController.m"; sourceTree = "<group>"; };
		1898F27C208DD1F400647FC9 /* FBKVOController.m */ = {isa = PBXFileReference; fileEncoding = 4; lastKnownFileType = sourcecode.c.objc; path = FBKVOController.m; sourceTree = "<group>"; };
		1898F27D208DD1F400647FC9 /* NSObject+FBKVOController.h */ = {isa = PBXFileReference; fileEncoding = 4; lastKnownFileType = sourcecode.c.h; path = "NSObject+FBKVOController.h"; sourceTree = "<group>"; };
		1898F27E208DD1F400647FC9 /* UIViewController+AlphaBar.m */ = {isa = PBXFileReference; fileEncoding = 4; lastKnownFileType = sourcecode.c.objc; path = "UIViewController+AlphaBar.m"; sourceTree = "<group>"; };
		1898F27F208DD1F400647FC9 /* UINavigationBar+ttAwesome.m */ = {isa = PBXFileReference; fileEncoding = 4; lastKnownFileType = sourcecode.c.objc; path = "UINavigationBar+ttAwesome.m"; sourceTree = "<group>"; };
		1898F280208DD1F400647FC9 /* UIViewController+AlphaBar.h */ = {isa = PBXFileReference; fileEncoding = 4; lastKnownFileType = sourcecode.c.h; path = "UIViewController+AlphaBar.h"; sourceTree = "<group>"; };
		1898F281208DD1F400647FC9 /* UINavigationBar+ttAwesome.h */ = {isa = PBXFileReference; fileEncoding = 4; lastKnownFileType = sourcecode.c.h; path = "UINavigationBar+ttAwesome.h"; sourceTree = "<group>"; };
		1898F283208DD1F400647FC9 /* UIViewController+DZNEmptyDataSet.h */ = {isa = PBXFileReference; fileEncoding = 4; lastKnownFileType = sourcecode.c.h; path = "UIViewController+DZNEmptyDataSet.h"; sourceTree = "<group>"; };
		1898F284208DD1F400647FC9 /* UIViewController+DZNEmptyDataSet.m */ = {isa = PBXFileReference; fileEncoding = 4; lastKnownFileType = sourcecode.c.objc; path = "UIViewController+DZNEmptyDataSet.m"; sourceTree = "<group>"; };
		1898F286208DD1F400647FC9 /* placeholder_dropbox@2x.png */ = {isa = PBXFileReference; lastKnownFileType = image.png; path = "placeholder_dropbox@2x.png"; sourceTree = "<group>"; };
		1898F287208DD1F400647FC9 /* placeholder_dropbox@3x.png */ = {isa = PBXFileReference; lastKnownFileType = image.png; path = "placeholder_dropbox@3x.png"; sourceTree = "<group>"; };
		1898F288208DD1F400647FC9 /* UIScrollView+EmptyDataSet.m */ = {isa = PBXFileReference; fileEncoding = 4; lastKnownFileType = sourcecode.c.objc; path = "UIScrollView+EmptyDataSet.m"; sourceTree = "<group>"; };
		1898F289208DD1F400647FC9 /* UIScrollView+EmptyDataSet.h */ = {isa = PBXFileReference; fileEncoding = 4; lastKnownFileType = sourcecode.c.h; path = "UIScrollView+EmptyDataSet.h"; sourceTree = "<group>"; };
		1898F28B208DD1F400647FC9 /* UIViewController+NVBarClick.m */ = {isa = PBXFileReference; fileEncoding = 4; lastKnownFileType = sourcecode.c.objc; path = "UIViewController+NVBarClick.m"; sourceTree = "<group>"; };
		1898F28D208DD1F400647FC9 /* FBShimmering.h */ = {isa = PBXFileReference; fileEncoding = 4; lastKnownFileType = sourcecode.c.h; path = FBShimmering.h; sourceTree = "<group>"; };
		1898F28E208DD1F400647FC9 /* FBShimmeringLayer.h */ = {isa = PBXFileReference; fileEncoding = 4; lastKnownFileType = sourcecode.c.h; path = FBShimmeringLayer.h; sourceTree = "<group>"; };
		1898F28F208DD1F400647FC9 /* FBShimmeringView.h */ = {isa = PBXFileReference; fileEncoding = 4; lastKnownFileType = sourcecode.c.h; path = FBShimmeringView.h; sourceTree = "<group>"; };
		1898F290208DD1F400647FC9 /* FBShimmeringLayer.m */ = {isa = PBXFileReference; fileEncoding = 4; lastKnownFileType = sourcecode.c.objc; path = FBShimmeringLayer.m; sourceTree = "<group>"; };
		1898F291208DD1F400647FC9 /* FBShimmeringView.m */ = {isa = PBXFileReference; fileEncoding = 4; lastKnownFileType = sourcecode.c.objc; path = FBShimmeringView.m; sourceTree = "<group>"; };
		1898F292208DD1F400647FC9 /* UIViewController+NVBarClick.h */ = {isa = PBXFileReference; fileEncoding = 4; lastKnownFileType = sourcecode.c.h; path = "UIViewController+NVBarClick.h"; sourceTree = "<group>"; };
		1898F294208DD1F400647FC9 /* UIViewController+ViewIsScrollview.m */ = {isa = PBXFileReference; fileEncoding = 4; lastKnownFileType = sourcecode.c.objc; path = "UIViewController+ViewIsScrollview.m"; sourceTree = "<group>"; };
		1898F295208DD1F400647FC9 /* UIViewController+ViewIsScrollview.h */ = {isa = PBXFileReference; fileEncoding = 4; lastKnownFileType = sourcecode.c.h; path = "UIViewController+ViewIsScrollview.h"; sourceTree = "<group>"; };
		1898F296208DD1F400647FC9 /* TTControllerCategoryHeader.h */ = {isa = PBXFileReference; fileEncoding = 4; lastKnownFileType = sourcecode.c.h; path = TTControllerCategoryHeader.h; sourceTree = "<group>"; };
		1898F298208DD1F400647FC9 /* UIViewController+easyJump.m */ = {isa = PBXFileReference; fileEncoding = 4; lastKnownFileType = sourcecode.c.objc; path = "UIViewController+easyJump.m"; sourceTree = "<group>"; };
		1898F299208DD1F400647FC9 /* ControllerCategoryOverride.h */ = {isa = PBXFileReference; fileEncoding = 4; lastKnownFileType = sourcecode.c.h; path = ControllerCategoryOverride.h; sourceTree = "<group>"; };
		1898F29A208DD1F400647FC9 /* UIViewController+auto_implementation.m */ = {isa = PBXFileReference; fileEncoding = 4; lastKnownFileType = sourcecode.c.objc; path = "UIViewController+auto_implementation.m"; sourceTree = "<group>"; };
		1898F29B208DD1F400647FC9 /* UIViewController+easyJump.h */ = {isa = PBXFileReference; fileEncoding = 4; lastKnownFileType = sourcecode.c.h; path = "UIViewController+easyJump.h"; sourceTree = "<group>"; };
		1898F29C208DD1F400647FC9 /* UIViewController+auto_implementation.h */ = {isa = PBXFileReference; fileEncoding = 4; lastKnownFileType = sourcecode.c.h; path = "UIViewController+auto_implementation.h"; sourceTree = "<group>"; };
		1898F29E208DD1F400647FC9 /* TTMutableProxy.m */ = {isa = PBXFileReference; fileEncoding = 4; lastKnownFileType = sourcecode.c.objc; path = TTMutableProxy.m; sourceTree = "<group>"; };
		1898F29F208DD1F400647FC9 /* UIView+TTVM.m */ = {isa = PBXFileReference; fileEncoding = 4; lastKnownFileType = sourcecode.c.objc; path = "UIView+TTVM.m"; sourceTree = "<group>"; };
		1898F2A0208DD1F400647FC9 /* TTGroupViewBaseMake.m */ = {isa = PBXFileReference; fileEncoding = 4; lastKnownFileType = sourcecode.c.objc; path = TTGroupViewBaseMake.m; sourceTree = "<group>"; };
		1898F2A1208DD1F400647FC9 /* UITableView+TTVM.h */ = {isa = PBXFileReference; fileEncoding = 4; lastKnownFileType = sourcecode.c.h; path = "UITableView+TTVM.h"; sourceTree = "<group>"; };
		1898F2A2208DD1F400647FC9 /* UITableView+TTCellAnimation.h */ = {isa = PBXFileReference; fileEncoding = 4; lastKnownFileType = sourcecode.c.h; path = "UITableView+TTCellAnimation.h"; sourceTree = "<group>"; };
		1898F2A3208DD1F400647FC9 /* UICollectionView+TTVM.h */ = {isa = PBXFileReference; fileEncoding = 4; lastKnownFileType = sourcecode.c.h; path = "UICollectionView+TTVM.h"; sourceTree = "<group>"; };
		1898F2A4208DD1F400647FC9 /* TTTableSectionMake.m */ = {isa = PBXFileReference; fileEncoding = 4; lastKnownFileType = sourcecode.c.objc; path = TTTableSectionMake.m; sourceTree = "<group>"; };
		1898F2A5208DD1F400647FC9 /* TTMutableProxy.h */ = {isa = PBXFileReference; fileEncoding = 4; lastKnownFileType = sourcecode.c.h; path = TTMutableProxy.h; sourceTree = "<group>"; };
		1898F2A6208DD1F400647FC9 /* UITableView+TTVM.m */ = {isa = PBXFileReference; fileEncoding = 4; lastKnownFileType = sourcecode.c.objc; path = "UITableView+TTVM.m"; sourceTree = "<group>"; };
		1898F2A7208DD1F400647FC9 /* TTGroupViewBaseMake.h */ = {isa = PBXFileReference; fileEncoding = 4; lastKnownFileType = sourcecode.c.h; path = TTGroupViewBaseMake.h; sourceTree = "<group>"; };
		1898F2A8208DD1F400647FC9 /* TTVM.h */ = {isa = PBXFileReference; fileEncoding = 4; lastKnownFileType = sourcecode.c.h; path = TTVM.h; sourceTree = "<group>"; };
		1898F2A9208DD1F400647FC9 /* UIView+TTVM.h */ = {isa = PBXFileReference; fileEncoding = 4; lastKnownFileType = sourcecode.c.h; path = "UIView+TTVM.h"; sourceTree = "<group>"; };
		1898F2AA208DD1F400647FC9 /* UITableView+TTCellAnimation.m */ = {isa = PBXFileReference; fileEncoding = 4; lastKnownFileType = sourcecode.c.objc; path = "UITableView+TTCellAnimation.m"; sourceTree = "<group>"; };
		1898F2AB208DD1F400647FC9 /* TTTableSectionMake.h */ = {isa = PBXFileReference; fileEncoding = 4; lastKnownFileType = sourcecode.c.h; path = TTTableSectionMake.h; sourceTree = "<group>"; };
		1898F2AC208DD1F400647FC9 /* UICollectionView+TTVM.m */ = {isa = PBXFileReference; fileEncoding = 4; lastKnownFileType = sourcecode.c.objc; path = "UICollectionView+TTVM.m"; sourceTree = "<group>"; };
		1898F2AF208DD1F400647FC9 /* TTQRScanController.h */ = {isa = PBXFileReference; fileEncoding = 4; lastKnownFileType = sourcecode.c.h; path = TTQRScanController.h; sourceTree = "<group>"; };
		1898F2B0208DD1F400647FC9 /* TTScanQRCodeResultDEMO.m */ = {isa = PBXFileReference; fileEncoding = 4; lastKnownFileType = sourcecode.c.objc; path = TTScanQRCodeResultDEMO.m; sourceTree = "<group>"; };
		1898F2B2208DD1F400647FC9 /* TTQRScan.storyboard */ = {isa = PBXFileReference; fileEncoding = 4; lastKnownFileType = file.storyboard; path = TTQRScan.storyboard; sourceTree = "<group>"; };
		1898F2B3208DD1F400647FC9 /* TTScanQRCodeResultDEMO.h */ = {isa = PBXFileReference; fileEncoding = 4; lastKnownFileType = sourcecode.c.h; path = TTScanQRCodeResultDEMO.h; sourceTree = "<group>"; };
		1898F2B4208DD1F400647FC9 /* TTQRScanController.m */ = {isa = PBXFileReference; fileEncoding = 4; lastKnownFileType = sourcecode.c.objc; path = TTQRScanController.m; sourceTree = "<group>"; };
		1898F2B6208DD1F400647FC9 /* TTBrowserImageView.m */ = {isa = PBXFileReference; fileEncoding = 4; lastKnownFileType = sourcecode.c.objc; path = TTBrowserImageView.m; sourceTree = "<group>"; };
		1898F2B7208DD1F400647FC9 /* TTWaitingView.h */ = {isa = PBXFileReference; fileEncoding = 4; lastKnownFileType = sourcecode.c.h; path = TTWaitingView.h; sourceTree = "<group>"; };
		1898F2B8208DD1F400647FC9 /* TTPhotoBrowser.h */ = {isa = PBXFileReference; fileEncoding = 4; lastKnownFileType = sourcecode.c.h; path = TTPhotoBrowser.h; sourceTree = "<group>"; };
		1898F2B9208DD1F400647FC9 /* TTBrowserImageView.h */ = {isa = PBXFileReference; fileEncoding = 4; lastKnownFileType = sourcecode.c.h; path = TTBrowserImageView.h; sourceTree = "<group>"; };
		1898F2BA208DD1F400647FC9 /* TTWaitingView.m */ = {isa = PBXFileReference; fileEncoding = 4; lastKnownFileType = sourcecode.c.objc; path = TTWaitingView.m; sourceTree = "<group>"; };
		1898F2BB208DD1F400647FC9 /* TTPhotoBrowserConfig.h */ = {isa = PBXFileReference; fileEncoding = 4; lastKnownFileType = sourcecode.c.h; path = TTPhotoBrowserConfig.h; sourceTree = "<group>"; };
		1898F2BC208DD1F400647FC9 /* TTPhotoBrowser.m */ = {isa = PBXFileReference; fileEncoding = 4; lastKnownFileType = sourcecode.c.objc; path = TTPhotoBrowser.m; sourceTree = "<group>"; };
		1898F2BE208DD1F400647FC9 /* TTBankNumberTF.m */ = {isa = PBXFileReference; fileEncoding = 4; lastKnownFileType = sourcecode.c.objc; path = TTBankNumberTF.m; sourceTree = "<group>"; };
		1898F2BF208DD1F400647FC9 /* UITextField+TTNumberTF.h */ = {isa = PBXFileReference; fileEncoding = 4; lastKnownFileType = sourcecode.c.h; path = "UITextField+TTNumberTF.h"; sourceTree = "<group>"; };
		1898F2C0208DD1F400647FC9 /* TTPhoneNumberTF.m */ = {isa = PBXFileReference; fileEncoding = 4; lastKnownFileType = sourcecode.c.objc; path = TTPhoneNumberTF.m; sourceTree = "<group>"; };
		1898F2C1208DD1F400647FC9 /* TTBankNumberTF.h */ = {isa = PBXFileReference; fileEncoding = 4; lastKnownFileType = sourcecode.c.h; path = TTBankNumberTF.h; sourceTree = "<group>"; };
		1898F2C2208DD1F400647FC9 /* UITextField+TTNumberTF.m */ = {isa = PBXFileReference; fileEncoding = 4; lastKnownFileType = sourcecode.c.objc; path = "UITextField+TTNumberTF.m"; sourceTree = "<group>"; };
		1898F2C3208DD1F400647FC9 /* TTPhoneNumberTF.h */ = {isa = PBXFileReference; fileEncoding = 4; lastKnownFileType = sourcecode.c.h; path = TTPhoneNumberTF.h; sourceTree = "<group>"; };
		1898F2C6208DD1F400647FC9 /* TTProgressView.m */ = {isa = PBXFileReference; fileEncoding = 4; lastKnownFileType = sourcecode.c.objc; path = TTProgressView.m; sourceTree = "<group>"; };
		1898F2C7208DD1F400647FC9 /* TTProgressView.h */ = {isa = PBXFileReference; fileEncoding = 4; lastKnownFileType = sourcecode.c.h; path = TTProgressView.h; sourceTree = "<group>"; };
		1898F2CA208DD1F400647FC9 /* KVNProgress.m */ = {isa = PBXFileReference; fileEncoding = 4; lastKnownFileType = sourcecode.c.objc; path = KVNProgress.m; sourceTree = "<group>"; };
		1898F2CB208DD1F400647FC9 /* KVNProgressConfiguration.m */ = {isa = PBXFileReference; fileEncoding = 4; lastKnownFileType = sourcecode.c.objc; path = KVNProgressConfiguration.m; sourceTree = "<group>"; };
		1898F2CC208DD1F400647FC9 /* KVNProgress.h */ = {isa = PBXFileReference; fileEncoding = 4; lastKnownFileType = sourcecode.c.h; path = KVNProgress.h; sourceTree = "<group>"; };
		1898F2CD208DD1F400647FC9 /* KVNProgressConfiguration.h */ = {isa = PBXFileReference; fileEncoding = 4; lastKnownFileType = sourcecode.c.h; path = KVNProgressConfiguration.h; sourceTree = "<group>"; };
		1898F2CF208DD1F400647FC9 /* KVNProgressView.xib */ = {isa = PBXFileReference; fileEncoding = 4; lastKnownFileType = file.xib; path = KVNProgressView.xib; sourceTree = "<group>"; };
		1898F2D1208DD1F400647FC9 /* UIImage+KVNImageEffects.m */ = {isa = PBXFileReference; fileEncoding = 4; lastKnownFileType = sourcecode.c.objc; path = "UIImage+KVNImageEffects.m"; sourceTree = "<group>"; };
		1898F2D2208DD1F400647FC9 /* UIImage+KVNEmpty.h */ = {isa = PBXFileReference; fileEncoding = 4; lastKnownFileType = sourcecode.c.h; path = "UIImage+KVNEmpty.h"; sourceTree = "<group>"; };
		1898F2D3208DD1F400647FC9 /* UIColor+KVNContrast.h */ = {isa = PBXFileReference; fileEncoding = 4; lastKnownFileType = sourcecode.c.h; path = "UIColor+KVNContrast.h"; sourceTree = "<group>"; };
		1898F2D4208DD1F400647FC9 /* UIImage+KVNEmpty.m */ = {isa = PBXFileReference; fileEncoding = 4; lastKnownFileType = sourcecode.c.objc; path = "UIImage+KVNEmpty.m"; sourceTree = "<group>"; };
		1898F2D5208DD1F400647FC9 /* UIImage+KVNImageEffects.h */ = {isa = PBXFileReference; fileEncoding = 4; lastKnownFileType = sourcecode.c.h; path = "UIImage+KVNImageEffects.h"; sourceTree = "<group>"; };
		1898F2D6208DD1F400647FC9 /* UIColor+KVNContrast.m */ = {isa = PBXFileReference; fileEncoding = 4; lastKnownFileType = sourcecode.c.objc; path = "UIColor+KVNContrast.m"; sourceTree = "<group>"; };
		1898F2D7208DD1F400647FC9 /* DBProgress.h */ = {isa = PBXFileReference; fileEncoding = 4; lastKnownFileType = sourcecode.c.h; path = DBProgress.h; sourceTree = "<group>"; };
		1898F2D8208DD1F400647FC9 /* DBProgress.m */ = {isa = PBXFileReference; fileEncoding = 4; lastKnownFileType = sourcecode.c.objc; path = DBProgress.m; sourceTree = "<group>"; };
		1898F2DA208DD1F400647FC9 /* TTTextfield.h */ = {isa = PBXFileReference; fileEncoding = 4; lastKnownFileType = sourcecode.c.h; path = TTTextfield.h; sourceTree = "<group>"; };
		1898F2DB208DD1F400647FC9 /* NSString+TTTextField.h */ = {isa = PBXFileReference; fileEncoding = 4; lastKnownFileType = sourcecode.c.h; path = "NSString+TTTextField.h"; sourceTree = "<group>"; };
		1898F2DC208DD1F400647FC9 /* TTTextfield.m */ = {isa = PBXFileReference; fileEncoding = 4; lastKnownFileType = sourcecode.c.objc; path = TTTextfield.m; sourceTree = "<group>"; };
		1898F2DD208DD1F400647FC9 /* NSString+TTTextField.m */ = {isa = PBXFileReference; fileEncoding = 4; lastKnownFileType = sourcecode.c.objc; path = "NSString+TTTextField.m"; sourceTree = "<group>"; };
		1898F2DF208DD1F400647FC9 /* TTAlertView.m */ = {isa = PBXFileReference; fileEncoding = 4; lastKnownFileType = sourcecode.c.objc; path = TTAlertView.m; sourceTree = "<group>"; };
		1898F2E0208DD1F400647FC9 /* TTAlertView.h */ = {isa = PBXFileReference; fileEncoding = 4; lastKnownFileType = sourcecode.c.h; path = TTAlertView.h; sourceTree = "<group>"; };
		1898F2E2208DD1F400647FC9 /* TTWebController.h */ = {isa = PBXFileReference; fileEncoding = 4; lastKnownFileType = sourcecode.c.h; path = TTWebController.h; sourceTree = "<group>"; };
		1898F2E3208DD1F400647FC9 /* TTWebController.m */ = {isa = PBXFileReference; fileEncoding = 4; lastKnownFileType = sourcecode.c.objc; path = TTWebController.m; sourceTree = "<group>"; };
		1898F2E5208DD1F400647FC9 /* UIViewController+LogDealloc.h */ = {isa = PBXFileReference; fileEncoding = 4; lastKnownFileType = sourcecode.c.h; path = "UIViewController+LogDealloc.h"; sourceTree = "<group>"; };
		1898F2E6208DD1F400647FC9 /* UIViewController+LogDealloc.m */ = {isa = PBXFileReference; fileEncoding = 4; lastKnownFileType = sourcecode.c.objc; path = "UIViewController+LogDealloc.m"; sourceTree = "<group>"; };
		1898F2E8208DD1F400647FC9 /* UIButton+TTLayout.m */ = {isa = PBXFileReference; fileEncoding = 4; lastKnownFileType = sourcecode.c.objc; path = "UIButton+TTLayout.m"; sourceTree = "<group>"; };
		1898F2E9208DD1F400647FC9 /* UIButton+TTLayout.h */ = {isa = PBXFileReference; fileEncoding = 4; lastKnownFileType = sourcecode.c.h; path = "UIButton+TTLayout.h"; sourceTree = "<group>"; };
		1898F2EB208DD1F400647FC9 /* NSObject+DataPaging.m */ = {isa = PBXFileReference; fileEncoding = 4; lastKnownFileType = sourcecode.c.objc; path = "NSObject+DataPaging.m"; sourceTree = "<group>"; };
		1898F2EC208DD1F400647FC9 /* NetDataModel.h */ = {isa = PBXFileReference; fileEncoding = 4; lastKnownFileType = sourcecode.c.h; path = NetDataModel.h; sourceTree = "<group>"; };
		1898F2EF208DD1F400647FC9 /* TTDataConfig.h */ = {isa = PBXFileReference; fileEncoding = 4; lastKnownFileType = sourcecode.c.h; path = TTDataConfig.h; sourceTree = "<group>"; };
		1898F2F1208DD1F400647FC9 /* SandboxTools.h */ = {isa = PBXFileReference; fileEncoding = 4; lastKnownFileType = sourcecode.c.h; path = SandboxTools.h; sourceTree = "<group>"; };
		1898F2F2208DD1F400647FC9 /* SandboxTools.m */ = {isa = PBXFileReference; fileEncoding = 4; lastKnownFileType = sourcecode.c.objc; path = SandboxTools.m; sourceTree = "<group>"; };
		1898F2F5208DD1F400647FC9 /* DYYFloatWindow.h */ = {isa = PBXFileReference; fileEncoding = 4; lastKnownFileType = sourcecode.c.h; path = DYYFloatWindow.h; sourceTree = "<group>"; };
		1898F2F6208DD1F400647FC9 /* DYYFloatWindow.m */ = {isa = PBXFileReference; fileEncoding = 4; lastKnownFileType = sourcecode.c.objc; path = DYYFloatWindow.m; sourceTree = "<group>"; };
		1898F2F8208DD1F400647FC9 /* TTNetwork.bundle */ = {isa = PBXFileReference; lastKnownFileType = "wrapper.plug-in"; path = TTNetwork.bundle; sourceTree = "<group>"; };
		1898F2F9208DD1F400647FC9 /* IPModel.h */ = {isa = PBXFileReference; fileEncoding = 4; lastKnownFileType = sourcecode.c.h; path = IPModel.h; sourceTree = "<group>"; };
		1898F2FA208DD1F400647FC9 /* DebugMange.h */ = {isa = PBXFileReference; fileEncoding = 4; lastKnownFileType = sourcecode.c.h; path = DebugMange.h; sourceTree = "<group>"; };
		1898F2FB208DD1F400647FC9 /* DebugMange.m */ = {isa = PBXFileReference; fileEncoding = 4; lastKnownFileType = sourcecode.c.objc; path = DebugMange.m; sourceTree = "<group>"; };
		1898F2FC208DD1F400647FC9 /* IPModel.m */ = {isa = PBXFileReference; fileEncoding = 4; lastKnownFileType = sourcecode.c.objc; path = IPModel.m; sourceTree = "<group>"; };
		1898F2FD208DD1F400647FC9 /* TTdataMacros.h */ = {isa = PBXFileReference; fileEncoding = 4; lastKnownFileType = sourcecode.c.h; path = TTdataMacros.h; sourceTree = "<group>"; };
		1898F2FF208DD1F400647FC9 /* TTAutoModel.h */ = {isa = PBXFileReference; fileEncoding = 4; lastKnownFileType = sourcecode.c.h; path = TTAutoModel.h; sourceTree = "<group>"; };
		1898F300208DD1F400647FC9 /* NSDictionary+tt.m */ = {isa = PBXFileReference; fileEncoding = 4; lastKnownFileType = sourcecode.c.objc; path = "NSDictionary+tt.m"; sourceTree = "<group>"; };
		1898F301208DD1F400647FC9 /* NSObject+tt_PrintProperty.h */ = {isa = PBXFileReference; fileEncoding = 4; lastKnownFileType = sourcecode.c.h; path = "NSObject+tt_PrintProperty.h"; sourceTree = "<group>"; };
		1898F302208DD1F400647FC9 /* NetDataModel.m */ = {isa = PBXFileReference; fileEncoding = 4; lastKnownFileType = sourcecode.c.objc; path = NetDataModel.m; sourceTree = "<group>"; };
		1898F303208DD1F400647FC9 /* NSObject+DataPaging.h */ = {isa = PBXFileReference; fileEncoding = 4; lastKnownFileType = sourcecode.c.h; path = "NSObject+DataPaging.h"; sourceTree = "<group>"; };
		1898F304208DD1F400647FC9 /* NSDictionary+tt.h */ = {isa = PBXFileReference; fileEncoding = 4; lastKnownFileType = sourcecode.c.h; path = "NSDictionary+tt.h"; sourceTree = "<group>"; };
		1898F305208DD1F400647FC9 /* NSObject+tt_PrintProperty.m */ = {isa = PBXFileReference; fileEncoding = 4; lastKnownFileType = sourcecode.c.objc; path = "NSObject+tt_PrintProperty.m"; sourceTree = "<group>"; };
		1898F309208DD1F400647FC9 /* UIView+TTTransitions.h */ = {isa = PBXFileReference; fileEncoding = 4; lastKnownFileType = sourcecode.c.h; path = "UIView+TTTransitions.h"; sourceTree = "<group>"; };
		1898F30A208DD1F400647FC9 /* UIView+TTTransitions.m */ = {isa = PBXFileReference; fileEncoding = 4; lastKnownFileType = sourcecode.c.objc; path = "UIView+TTTransitions.m"; sourceTree = "<group>"; };
		1898F30B208DD1F400647FC9 /* UINavigationController+TTRouter.m */ = {isa = PBXFileReference; fileEncoding = 4; lastKnownFileType = sourcecode.c.objc; path = "UINavigationController+TTRouter.m"; sourceTree = "<group>"; };
		1898F30E208DD1F400647FC9 /* ModalAnimator_downMenuAnimation_black.m */ = {isa = PBXFileReference; fileEncoding = 4; lastKnownFileType = sourcecode.c.objc; path = ModalAnimator_downMenuAnimation_black.m; sourceTree = "<group>"; };
		1898F30F208DD1F400647FC9 /* ModalAnimator_midAnimation.h */ = {isa = PBXFileReference; fileEncoding = 4; lastKnownFileType = sourcecode.c.h; path = ModalAnimator_midAnimation.h; sourceTree = "<group>"; };
		1898F310208DD1F400647FC9 /* ModalAnimator_downToUpAnimation.m */ = {isa = PBXFileReference; fileEncoding = 4; lastKnownFileType = sourcecode.c.objc; path = ModalAnimator_downToUpAnimation.m; sourceTree = "<group>"; };
		1898F311208DD1F400647FC9 /* ModalAnimator_suchAsModalAnimation_black.h */ = {isa = PBXFileReference; fileEncoding = 4; lastKnownFileType = sourcecode.c.h; path = ModalAnimator_suchAsModalAnimation_black.h; sourceTree = "<group>"; };
		1898F312208DD1F400647FC9 /* ModalAnimator_Custom.m */ = {isa = PBXFileReference; fileEncoding = 4; lastKnownFileType = sourcecode.c.objc; path = ModalAnimator_Custom.m; sourceTree = "<group>"; };
		1898F313208DD1F400647FC9 /* ModalAnimator_downMenuAnimation_clear.m */ = {isa = PBXFileReference; fileEncoding = 4; lastKnownFileType = sourcecode.c.objc; path = ModalAnimator_downMenuAnimation_clear.m; sourceTree = "<group>"; };
		1898F314208DD1F400647FC9 /* ModalAnimator_midSpringPopAnimation_black.h */ = {isa = PBXFileReference; fileEncoding = 4; lastKnownFileType = sourcecode.c.h; path = ModalAnimator_midSpringPopAnimation_black.h; sourceTree = "<group>"; };
		1898F315208DD1F400647FC9 /* ModalAnimator_downToUpAnimation.h */ = {isa = PBXFileReference; fileEncoding = 4; lastKnownFileType = sourcecode.c.h; path = ModalAnimator_downToUpAnimation.h; sourceTree = "<group>"; };
		1898F316208DD1F400647FC9 /* ModalAnimator_midAnimation.m */ = {isa = PBXFileReference; fileEncoding = 4; lastKnownFileType = sourcecode.c.objc; path = ModalAnimator_midAnimation.m; sourceTree = "<group>"; };
		1898F317208DD1F400647FC9 /* ModalAnimator_downMenuAnimation_black.h */ = {isa = PBXFileReference; fileEncoding = 4; lastKnownFileType = sourcecode.c.h; path = ModalAnimator_downMenuAnimation_black.h; sourceTree = "<group>"; };
		1898F318208DD1F400647FC9 /* ModalAnimator_suchAsModalAnimation_black.m */ = {isa = PBXFileReference; fileEncoding = 4; lastKnownFileType = sourcecode.c.objc; path = ModalAnimator_suchAsModalAnimation_black.m; sourceTree = "<group>"; };
		1898F319208DD1F400647FC9 /* ModalAnimator_midSpringPopAnimation_black.m */ = {isa = PBXFileReference; fileEncoding = 4; lastKnownFileType = sourcecode.c.objc; path = ModalAnimator_midSpringPopAnimation_black.m; sourceTree = "<group>"; };
		1898F31A208DD1F400647FC9 /* ModalAnimator_downMenuAnimation_clear.h */ = {isa = PBXFileReference; fileEncoding = 4; lastKnownFileType = sourcecode.c.h; path = ModalAnimator_downMenuAnimation_clear.h; sourceTree = "<group>"; };
		1898F31B208DD1F400647FC9 /* ModalAnimator_Custom.h */ = {isa = PBXFileReference; fileEncoding = 4; lastKnownFileType = sourcecode.c.h; path = ModalAnimator_Custom.h; sourceTree = "<group>"; };
		1898F31C208DD1F400647FC9 /* UIViewController+CustomPopVc.h */ = {isa = PBXFileReference; fileEncoding = 4; lastKnownFileType = sourcecode.c.h; path = "UIViewController+CustomPopVc.h"; sourceTree = "<group>"; };
		1898F31D208DD1F400647FC9 /* UIViewController+CustomPopVc.m */ = {isa = PBXFileReference; fileEncoding = 4; lastKnownFileType = sourcecode.c.objc; path = "UIViewController+CustomPopVc.m"; sourceTree = "<group>"; };
		1898F31F208DD1F400647FC9 /* PopPresentationController_AlphaBlack_frame.h */ = {isa = PBXFileReference; fileEncoding = 4; lastKnownFileType = sourcecode.c.h; path = PopPresentationController_AlphaBlack_frame.h; sourceTree = "<group>"; };
		1898F320208DD1F400647FC9 /* PopPresentationController_fadeInAlphaBlack_frame.h */ = {isa = PBXFileReference; fileEncoding = 4; lastKnownFileType = sourcecode.c.h; path = PopPresentationController_fadeInAlphaBlack_frame.h; sourceTree = "<group>"; };
		1898F321208DD1F400647FC9 /* PopPresentationController_clearColor_frame.m */ = {isa = PBXFileReference; fileEncoding = 4; lastKnownFileType = sourcecode.c.objc; path = PopPresentationController_clearColor_frame.m; sourceTree = "<group>"; };
		1898F322208DD1F400647FC9 /* PopPresentationController_clearColor_frame.h */ = {isa = PBXFileReference; fileEncoding = 4; lastKnownFileType = sourcecode.c.h; path = PopPresentationController_clearColor_frame.h; sourceTree = "<group>"; };
		1898F323208DD1F400647FC9 /* PopPresentationController_fadeInAlphaBlack_frame.m */ = {isa = PBXFileReference; fileEncoding = 4; lastKnownFileType = sourcecode.c.objc; path = PopPresentationController_fadeInAlphaBlack_frame.m; sourceTree = "<group>"; };
		1898F324208DD1F400647FC9 /* PopPresentationController_AlphaBlack_frame.m */ = {isa = PBXFileReference; fileEncoding = 4; lastKnownFileType = sourcecode.c.objc; path = PopPresentationController_AlphaBlack_frame.m; sourceTree = "<group>"; };
		1898F325208DD1F400647FC9 /* UINavigationController+TTRouter.h */ = {isa = PBXFileReference; fileEncoding = 4; lastKnownFileType = sourcecode.c.h; path = "UINavigationController+TTRouter.h"; sourceTree = "<group>"; };
		1898F326208DD1F400647FC9 /* TTRouter.h */ = {isa = PBXFileReference; fileEncoding = 4; lastKnownFileType = sourcecode.c.h; path = TTRouter.h; sourceTree = "<group>"; };
		1898F329208DD1F400647FC9 /* PushAnimator_downToupAnimation.m */ = {isa = PBXFileReference; fileEncoding = 4; lastKnownFileType = sourcecode.c.objc; path = PushAnimator_downToupAnimation.m; sourceTree = "<group>"; };
		1898F32A208DD1F400647FC9 /* NavigationBarPop_push_Manager.m */ = {isa = PBXFileReference; fileEncoding = 4; lastKnownFileType = sourcecode.c.objc; path = NavigationBarPop_push_Manager.m; sourceTree = "<group>"; };
		1898F32B208DD1F400647FC9 /* PopAnimator_upTpdownAnimation.m */ = {isa = PBXFileReference; fileEncoding = 4; lastKnownFileType = sourcecode.c.objc; path = PopAnimator_upTpdownAnimation.m; sourceTree = "<group>"; };
		1898F32C208DD1F400647FC9 /* PushAnimator_downToupAnimation.h */ = {isa = PBXFileReference; fileEncoding = 4; lastKnownFileType = sourcecode.c.h; path = PushAnimator_downToupAnimation.h; sourceTree = "<group>"; };
		1898F32D208DD1F400647FC9 /* NavigationBarPop_push_Manager.h */ = {isa = PBXFileReference; fileEncoding = 4; lastKnownFileType = sourcecode.c.h; path = NavigationBarPop_push_Manager.h; sourceTree = "<group>"; };
		1898F32E208DD1F400647FC9 /* PopAnimator_upTpdownAnimation.h */ = {isa = PBXFileReference; fileEncoding = 4; lastKnownFileType = sourcecode.c.h; path = PopAnimator_upTpdownAnimation.h; sourceTree = "<group>"; };
		1898F375208DD21300647FC9 /* TableViewCell1.xib */ = {isa = PBXFileReference; fileEncoding = 4; lastKnownFileType = file.xib; path = TableViewCell1.xib; sourceTree = "<group>"; };
		1898F376208DD21400647FC9 /* TableViewCel2.h */ = {isa = PBXFileReference; fileEncoding = 4; lastKnownFileType = sourcecode.c.h; path = TableViewCel2.h; sourceTree = "<group>"; };
		1898F377208DD21400647FC9 /* TableViewCel2.xib */ = {isa = PBXFileReference; fileEncoding = 4; lastKnownFileType = file.xib; path = TableViewCel2.xib; sourceTree = "<group>"; };
		1898F378208DD21400647FC9 /* TableViewCel2.m */ = {isa = PBXFileReference; fileEncoding = 4; lastKnownFileType = sourcecode.c.objc; path = TableViewCel2.m; sourceTree = "<group>"; };
		1898F379208DD21400647FC9 /* TableViewCell1.m */ = {isa = PBXFileReference; fileEncoding = 4; lastKnownFileType = sourcecode.c.objc; path = TableViewCell1.m; sourceTree = "<group>"; };
		1898F37A208DD21400647FC9 /* TableViewCell1.h */ = {isa = PBXFileReference; fileEncoding = 4; lastKnownFileType = sourcecode.c.h; path = TableViewCell1.h; sourceTree = "<group>"; };
		1898F37F208DD21D00647FC9 /* tetController.xib */ = {isa = PBXFileReference; fileEncoding = 4; lastKnownFileType = file.xib; path = tetController.xib; sourceTree = "<group>"; };
		1898F380208DD21E00647FC9 /* tetController.h */ = {isa = PBXFileReference; fileEncoding = 4; lastKnownFileType = sourcecode.c.h; path = tetController.h; sourceTree = "<group>"; };
		1898F381208DD21E00647FC9 /* tetController.m */ = {isa = PBXFileReference; fileEncoding = 4; lastKnownFileType = sourcecode.c.objc; path = tetController.m; sourceTree = "<group>"; };
		1898F384208DD2A100647FC9 /* TTMacros.h */ = {isa = PBXFileReference; fileEncoding = 4; lastKnownFileType = sourcecode.c.h; path = TTMacros.h; sourceTree = "<group>"; };
		1898F385208DD2A100647FC9 /* TTSignal.h */ = {isa = PBXFileReference; fileEncoding = 4; lastKnownFileType = sourcecode.c.h; path = TTSignal.h; sourceTree = "<group>"; };
		1898F386208DD2A100647FC9 /* UIView+TTSignal.m */ = {isa = PBXFileReference; fileEncoding = 4; lastKnownFileType = sourcecode.c.objc; path = "UIView+TTSignal.m"; sourceTree = "<group>"; };
		1898F387208DD2A100647FC9 /* UIView+TTSignal.h */ = {isa = PBXFileReference; fileEncoding = 4; lastKnownFileType = sourcecode.c.h; path = "UIView+TTSignal.h"; sourceTree = "<group>"; };
		1898F389208DDB5000647FC9 /* testmodel.h */ = {isa = PBXFileReference; fileEncoding = 4; lastKnownFileType = sourcecode.c.h; path = testmodel.h; sourceTree = "<group>"; };
		1898F38A208DDB5000647FC9 /* testmodel.m */ = {isa = PBXFileReference; fileEncoding = 4; lastKnownFileType = sourcecode.c.objc; path = testmodel.m; sourceTree = "<group>"; };
		1898F38D208ED3BD00647FC9 /* NSObject+TTPlaceholderPlace.m */ = {isa = PBXFileReference; fileEncoding = 4; lastKnownFileType = sourcecode.c.objc; path = "NSObject+TTPlaceholderPlace.m"; sourceTree = "<group>"; };
		1898F38E208ED3BD00647FC9 /* NSObject+TTPlaceholderPlace.h */ = {isa = PBXFileReference; fileEncoding = 4; lastKnownFileType = sourcecode.c.h; path = "NSObject+TTPlaceholderPlace.h"; sourceTree = "<group>"; };
		1898F391208ED6BB00647FC9 /* NSString+ttLimit.h */ = {isa = PBXFileReference; fileEncoding = 4; lastKnownFileType = sourcecode.c.h; path = "NSString+ttLimit.h"; sourceTree = "<group>"; };
		1898F392208ED6BB00647FC9 /* NSString+ttLimit.m */ = {isa = PBXFileReference; fileEncoding = 4; lastKnownFileType = sourcecode.c.objc; path = "NSString+ttLimit.m"; sourceTree = "<group>"; };
		1898F395208EDB7D00647FC9 /* NSArray+BtnSelect.h */ = {isa = PBXFileReference; fileEncoding = 4; lastKnownFileType = sourcecode.c.h; path = "NSArray+BtnSelect.h"; sourceTree = "<group>"; };
		1898F396208EDB7D00647FC9 /* NSArray+BtnSelect.m */ = {isa = PBXFileReference; fileEncoding = 4; lastKnownFileType = sourcecode.c.objc; path = "NSArray+BtnSelect.m"; sourceTree = "<group>"; };
		1898F39E208EDD2000647FC9 /* TTQRScanController.bundle */ = {isa = PBXFileReference; lastKnownFileType = "wrapper.plug-in"; path = TTQRScanController.bundle; sourceTree = "<group>"; };
		1898F3A0208F03AB00647FC9 /* TTKit.podspec */ = {isa = PBXFileReference; fileEncoding = 4; lastKnownFileType = text; name = TTKit.podspec; path = ../../TTKit.podspec; sourceTree = "<group>"; xcLanguageSpecificationIdentifier = xcode.lang.ruby; };
		1898F3A4208F056F00647FC9 /* TTKitConfig.h */ = {isa = PBXFileReference; lastKnownFileType = sourcecode.c.h; path = TTKitConfig.h; sourceTree = "<group>"; };
		364E2B6AD678D9AA4CF0A710 /* Pods-TTKitDemo.debug.xcconfig */ = {isa = PBXFileReference; includeInIndex = 1; lastKnownFileType = text.xcconfig; name = "Pods-TTKitDemo.debug.xcconfig"; path = "Pods/Target Support Files/Pods-TTKitDemo/Pods-TTKitDemo.debug.xcconfig"; sourceTree = "<group>"; };
		62955859058A9B28B07C7329 /* Pods-TTKitDemo.release.xcconfig */ = {isa = PBXFileReference; includeInIndex = 1; lastKnownFileType = text.xcconfig; name = "Pods-TTKitDemo.release.xcconfig"; path = "Pods/Target Support Files/Pods-TTKitDemo/Pods-TTKitDemo.release.xcconfig"; sourceTree = "<group>"; };
		AF56E97F04EB23D0ADCE1108 /* Pods_TTKitDemo.framework */ = {isa = PBXFileReference; explicitFileType = wrapper.framework; includeInIndex = 0; path = Pods_TTKitDemo.framework; sourceTree = BUILT_PRODUCTS_DIR; };
/* End PBXFileReference section */

/* Begin PBXFrameworksBuildPhase section */
		1898F259208DD0CD00647FC9 /* Frameworks */ = {
			isa = PBXFrameworksBuildPhase;
			buildActionMask = 2147483647;
			files = (
				464145C41004139499330A12 /* Pods_TTKitDemo.framework in Frameworks */,
			);
			runOnlyForDeploymentPostprocessing = 0;
		};
/* End PBXFrameworksBuildPhase section */

/* Begin PBXGroup section */
		1898F253208DD0CD00647FC9 = {
			isa = PBXGroup;
			children = (
				1898F25E208DD0CD00647FC9 /* TTKitDemo */,
				1898F25D208DD0CD00647FC9 /* Products */,
				64038D332AD6F31E05EAE1BD /* Pods */,
				F1BDF47E711409254FFE4918 /* Frameworks */,
			);
			sourceTree = "<group>";
		};
		1898F25D208DD0CD00647FC9 /* Products */ = {
			isa = PBXGroup;
			children = (
				1898F25C208DD0CD00647FC9 /* TTKitDemo.app */,
			);
			name = Products;
			sourceTree = "<group>";
		};
		1898F25E208DD0CD00647FC9 /* TTKitDemo */ = {
			isa = PBXGroup;
			children = (
				1898F3A0208F03AB00647FC9 /* TTKit.podspec */,
				1898F275208DD1F400647FC9 /* TTKit */,
				1898F25F208DD0CD00647FC9 /* AppDelegate.h */,
				1898F260208DD0CD00647FC9 /* AppDelegate.m */,
				1898F376208DD21400647FC9 /* TableViewCel2.h */,
				1898F378208DD21400647FC9 /* TableViewCel2.m */,
				1898F377208DD21400647FC9 /* TableViewCel2.xib */,
				1898F37A208DD21400647FC9 /* TableViewCell1.h */,
				1898F379208DD21400647FC9 /* TableViewCell1.m */,
				1898F375208DD21300647FC9 /* TableViewCell1.xib */,
				1898F380208DD21E00647FC9 /* tetController.h */,
				1898F381208DD21E00647FC9 /* tetController.m */,
				1898F37F208DD21D00647FC9 /* tetController.xib */,
				1898F389208DDB5000647FC9 /* testmodel.h */,
				1898F38A208DDB5000647FC9 /* testmodel.m */,
				1898F262208DD0CD00647FC9 /* ViewController.h */,
				1898F263208DD0CD00647FC9 /* ViewController.m */,
				1898F265208DD0CD00647FC9 /* Main.storyboard */,
				1898F268208DD0CE00647FC9 /* Assets.xcassets */,
				1898F26A208DD0CE00647FC9 /* LaunchScreen.storyboard */,
				1898F26D208DD0CE00647FC9 /* Info.plist */,
				1898F26E208DD0CE00647FC9 /* main.m */,
			);
			path = TTKitDemo;
			sourceTree = "<group>";
		};
		1898F275208DD1F400647FC9 /* TTKit */ = {
			isa = PBXGroup;
			children = (
				1898F3A2208F054F00647FC9 /* TTKitHeader */,
				1898F276208DD1F400647FC9 /* TTControllerCategory */,
				1898F29D208DD1F400647FC9 /* TTMVVM */,
				1898F2AD208DD1F400647FC9 /* TTTools */,
				1898F2EA208DD1F400647FC9 /* TTNetwork */,
				1898F306208DD1F400647FC9 /* TTSignal */,
				1898F307208DD1F400647FC9 /* TTRouter */,
			);
			name = TTKit;
			path = ../../TTKit;
			sourceTree = "<group>";
		};
		1898F276208DD1F400647FC9 /* TTControllerCategory */ = {
			isa = PBXGroup;
			children = (
				1898F277208DD1F400647FC9 /* AlphaBar(半透明导航栏) */,
				1898F282208DD1F400647FC9 /* DZNEmptyDataSet(空页面扩展) */,
				1898F28A208DD1F400647FC9 /* NBarClick(导航栏点击) */,
				1898F293208DD1F400647FC9 /* bgScrollview(背景设置为scrollview) */,
				1898F296208DD1F400647FC9 /* TTControllerCategoryHeader.h */,
				1898F297208DD1F400647FC9 /* easyJump(控制器跳转) */,
			);
			path = TTControllerCategory;
			sourceTree = "<group>";
		};
		1898F277208DD1F400647FC9 /* AlphaBar(半透明导航栏) */ = {
			isa = PBXGroup;
			children = (
				1898F278208DD1F400647FC9 /* FBKVOController */,
				1898F280208DD1F400647FC9 /* UIViewController+AlphaBar.h */,
				1898F27E208DD1F400647FC9 /* UIViewController+AlphaBar.m */,
				1898F281208DD1F400647FC9 /* UINavigationBar+ttAwesome.h */,
				1898F27F208DD1F400647FC9 /* UINavigationBar+ttAwesome.m */,
			);
			path = "AlphaBar(半透明导航栏)";
			sourceTree = "<group>";
		};
		1898F278208DD1F400647FC9 /* FBKVOController */ = {
			isa = PBXGroup;
			children = (
				1898F279208DD1F400647FC9 /* KVOController.h */,
				1898F27A208DD1F400647FC9 /* FBKVOController.h */,
				1898F27B208DD1F400647FC9 /* NSObject+FBKVOController.m */,
				1898F27C208DD1F400647FC9 /* FBKVOController.m */,
				1898F27D208DD1F400647FC9 /* NSObject+FBKVOController.h */,
			);
			path = FBKVOController;
			sourceTree = "<group>";
		};
		1898F282208DD1F400647FC9 /* DZNEmptyDataSet(空页面扩展) */ = {
			isa = PBXGroup;
			children = (
				1898F283208DD1F400647FC9 /* UIViewController+DZNEmptyDataSet.h */,
				1898F284208DD1F400647FC9 /* UIViewController+DZNEmptyDataSet.m */,
				1898F285208DD1F400647FC9 /* DZNEmptyDataSet */,
			);
			path = "DZNEmptyDataSet(空页面扩展)";
			sourceTree = "<group>";
		};
		1898F285208DD1F400647FC9 /* DZNEmptyDataSet */ = {
			isa = PBXGroup;
			children = (
				1898F286208DD1F400647FC9 /* placeholder_dropbox@2x.png */,
				1898F287208DD1F400647FC9 /* placeholder_dropbox@3x.png */,
				1898F288208DD1F400647FC9 /* UIScrollView+EmptyDataSet.m */,
				1898F289208DD1F400647FC9 /* UIScrollView+EmptyDataSet.h */,
			);
			path = DZNEmptyDataSet;
			sourceTree = "<group>";
		};
		1898F28A208DD1F400647FC9 /* NBarClick(导航栏点击) */ = {
			isa = PBXGroup;
			children = (
				1898F28B208DD1F400647FC9 /* UIViewController+NVBarClick.m */,
				1898F28C208DD1F400647FC9 /* FBShimmering */,
				1898F292208DD1F400647FC9 /* UIViewController+NVBarClick.h */,
			);
			path = "NBarClick(导航栏点击)";
			sourceTree = "<group>";
		};
		1898F28C208DD1F400647FC9 /* FBShimmering */ = {
			isa = PBXGroup;
			children = (
				1898F28D208DD1F400647FC9 /* FBShimmering.h */,
				1898F28E208DD1F400647FC9 /* FBShimmeringLayer.h */,
				1898F28F208DD1F400647FC9 /* FBShimmeringView.h */,
				1898F290208DD1F400647FC9 /* FBShimmeringLayer.m */,
				1898F291208DD1F400647FC9 /* FBShimmeringView.m */,
			);
			path = FBShimmering;
			sourceTree = "<group>";
		};
		1898F293208DD1F400647FC9 /* bgScrollview(背景设置为scrollview) */ = {
			isa = PBXGroup;
			children = (
				1898F294208DD1F400647FC9 /* UIViewController+ViewIsScrollview.m */,
				1898F295208DD1F400647FC9 /* UIViewController+ViewIsScrollview.h */,
			);
			path = "bgScrollview(背景设置为scrollview)";
			sourceTree = "<group>";
		};
		1898F297208DD1F400647FC9 /* easyJump(控制器跳转) */ = {
			isa = PBXGroup;
			children = (
				1898F298208DD1F400647FC9 /* UIViewController+easyJump.m */,
				1898F299208DD1F400647FC9 /* ControllerCategoryOverride.h */,
				1898F29A208DD1F400647FC9 /* UIViewController+auto_implementation.m */,
				1898F29B208DD1F400647FC9 /* UIViewController+easyJump.h */,
				1898F29C208DD1F400647FC9 /* UIViewController+auto_implementation.h */,
			);
			path = "easyJump(控制器跳转)";
			sourceTree = "<group>";
		};
		1898F29D208DD1F400647FC9 /* TTMVVM */ = {
			isa = PBXGroup;
			children = (
				1898F29E208DD1F400647FC9 /* TTMutableProxy.m */,
				1898F29F208DD1F400647FC9 /* UIView+TTVM.m */,
				1898F2A0208DD1F400647FC9 /* TTGroupViewBaseMake.m */,
				1898F2A1208DD1F400647FC9 /* UITableView+TTVM.h */,
				1898F2A2208DD1F400647FC9 /* UITableView+TTCellAnimation.h */,
				1898F2A3208DD1F400647FC9 /* UICollectionView+TTVM.h */,
				1898F2A4208DD1F400647FC9 /* TTTableSectionMake.m */,
				1898F2A5208DD1F400647FC9 /* TTMutableProxy.h */,
				1898F2A6208DD1F400647FC9 /* UITableView+TTVM.m */,
				1898F2A7208DD1F400647FC9 /* TTGroupViewBaseMake.h */,
				1898F2A8208DD1F400647FC9 /* TTVM.h */,
				1898F2A9208DD1F400647FC9 /* UIView+TTVM.h */,
				1898F2AA208DD1F400647FC9 /* UITableView+TTCellAnimation.m */,
				1898F2AB208DD1F400647FC9 /* TTTableSectionMake.h */,
				1898F2AC208DD1F400647FC9 /* UICollectionView+TTVM.m */,
			);
			path = TTMVVM;
			sourceTree = "<group>";
		};
		1898F2AD208DD1F400647FC9 /* TTTools */ = {
			isa = PBXGroup;
			children = (
				1898F394208EDB6B00647FC9 /* TTBtnArrSelected */,
				1898F390208ED68300647FC9 /* TTNSStringCategory */,
				1898F38C208ED3BD00647FC9 /* TTPlaceholderPlace */,
				1898F2AE208DD1F400647FC9 /* TTQRScanController */,
				1898F2B5208DD1F400647FC9 /* TTPhotoBrowser */,
				1898F2BD208DD1F400647FC9 /* TTNumberTF */,
				1898F2C4208DD1F400647FC9 /* TTProgress */,
				1898F2D9208DD1F400647FC9 /* TTLimitTextField */,
				1898F2DE208DD1F400647FC9 /* TTAlertView */,
				1898F2E1208DD1F400647FC9 /* TTWebView */,
				1898F2E4208DD1F400647FC9 /* TTLogVcDealloc */,
				1898F2E7208DD1F400647FC9 /* TTButtonInnerRect */,
			);
			path = TTTools;
			sourceTree = "<group>";
		};
		1898F2AE208DD1F400647FC9 /* TTQRScanController */ = {
			isa = PBXGroup;
			children = (
				1898F39E208EDD2000647FC9 /* TTQRScanController.bundle */,
				1898F2AF208DD1F400647FC9 /* TTQRScanController.h */,
				1898F2B4208DD1F400647FC9 /* TTQRScanController.m */,
				1898F2B3208DD1F400647FC9 /* TTScanQRCodeResultDEMO.h */,
				1898F2B0208DD1F400647FC9 /* TTScanQRCodeResultDEMO.m */,
				1898F2B2208DD1F400647FC9 /* TTQRScan.storyboard */,
			);
			path = TTQRScanController;
			sourceTree = "<group>";
		};
		1898F2B5208DD1F400647FC9 /* TTPhotoBrowser */ = {
			isa = PBXGroup;
			children = (
				1898F2B6208DD1F400647FC9 /* TTBrowserImageView.m */,
				1898F2B7208DD1F400647FC9 /* TTWaitingView.h */,
				1898F2B8208DD1F400647FC9 /* TTPhotoBrowser.h */,
				1898F2B9208DD1F400647FC9 /* TTBrowserImageView.h */,
				1898F2BA208DD1F400647FC9 /* TTWaitingView.m */,
				1898F2BB208DD1F400647FC9 /* TTPhotoBrowserConfig.h */,
				1898F2BC208DD1F400647FC9 /* TTPhotoBrowser.m */,
			);
			path = TTPhotoBrowser;
			sourceTree = "<group>";
		};
		1898F2BD208DD1F400647FC9 /* TTNumberTF */ = {
			isa = PBXGroup;
			children = (
				1898F2BE208DD1F400647FC9 /* TTBankNumberTF.m */,
				1898F2BF208DD1F400647FC9 /* UITextField+TTNumberTF.h */,
				1898F2C0208DD1F400647FC9 /* TTPhoneNumberTF.m */,
				1898F2C1208DD1F400647FC9 /* TTBankNumberTF.h */,
				1898F2C2208DD1F400647FC9 /* UITextField+TTNumberTF.m */,
				1898F2C3208DD1F400647FC9 /* TTPhoneNumberTF.h */,
			);
			path = TTNumberTF;
			sourceTree = "<group>";
		};
		1898F2C4208DD1F400647FC9 /* TTProgress */ = {
			isa = PBXGroup;
			children = (
				1898F2C5208DD1F400647FC9 /* kit */,
				1898F2D7208DD1F400647FC9 /* DBProgress.h */,
				1898F2D8208DD1F400647FC9 /* DBProgress.m */,
			);
			path = TTProgress;
			sourceTree = "<group>";
		};
		1898F2C5208DD1F400647FC9 /* kit */ = {
			isa = PBXGroup;
			children = (
				1898F2C6208DD1F400647FC9 /* TTProgressView.m */,
				1898F2C7208DD1F400647FC9 /* TTProgressView.h */,
				1898F2C8208DD1F400647FC9 /* KVNProgress */,
			);
			path = kit;
			sourceTree = "<group>";
		};
		1898F2C8208DD1F400647FC9 /* KVNProgress */ = {
			isa = PBXGroup;
			children = (
				1898F2C9208DD1F400647FC9 /* Classes */,
				1898F2CE208DD1F400647FC9 /* Resources */,
				1898F2D0208DD1F400647FC9 /* Categories */,
			);
			path = KVNProgress;
			sourceTree = "<group>";
		};
		1898F2C9208DD1F400647FC9 /* Classes */ = {
			isa = PBXGroup;
			children = (
				1898F2CA208DD1F400647FC9 /* KVNProgress.m */,
				1898F2CB208DD1F400647FC9 /* KVNProgressConfiguration.m */,
				1898F2CC208DD1F400647FC9 /* KVNProgress.h */,
				1898F2CD208DD1F400647FC9 /* KVNProgressConfiguration.h */,
			);
			path = Classes;
			sourceTree = "<group>";
		};
		1898F2CE208DD1F400647FC9 /* Resources */ = {
			isa = PBXGroup;
			children = (
				1898F2CF208DD1F400647FC9 /* KVNProgressView.xib */,
			);
			path = Resources;
			sourceTree = "<group>";
		};
		1898F2D0208DD1F400647FC9 /* Categories */ = {
			isa = PBXGroup;
			children = (
				1898F2D1208DD1F400647FC9 /* UIImage+KVNImageEffects.m */,
				1898F2D2208DD1F400647FC9 /* UIImage+KVNEmpty.h */,
				1898F2D3208DD1F400647FC9 /* UIColor+KVNContrast.h */,
				1898F2D4208DD1F400647FC9 /* UIImage+KVNEmpty.m */,
				1898F2D5208DD1F400647FC9 /* UIImage+KVNImageEffects.h */,
				1898F2D6208DD1F400647FC9 /* UIColor+KVNContrast.m */,
			);
			path = Categories;
			sourceTree = "<group>";
		};
		1898F2D9208DD1F400647FC9 /* TTLimitTextField */ = {
			isa = PBXGroup;
			children = (
				1898F2DA208DD1F400647FC9 /* TTTextfield.h */,
				1898F2DB208DD1F400647FC9 /* NSString+TTTextField.h */,
				1898F2DC208DD1F400647FC9 /* TTTextfield.m */,
				1898F2DD208DD1F400647FC9 /* NSString+TTTextField.m */,
			);
			path = TTLimitTextField;
			sourceTree = "<group>";
		};
		1898F2DE208DD1F400647FC9 /* TTAlertView */ = {
			isa = PBXGroup;
			children = (
				1898F2DF208DD1F400647FC9 /* TTAlertView.m */,
				1898F2E0208DD1F400647FC9 /* TTAlertView.h */,
			);
			path = TTAlertView;
			sourceTree = "<group>";
		};
		1898F2E1208DD1F400647FC9 /* TTWebView */ = {
			isa = PBXGroup;
			children = (
				1898F2E2208DD1F400647FC9 /* TTWebController.h */,
				1898F2E3208DD1F400647FC9 /* TTWebController.m */,
			);
			path = TTWebView;
			sourceTree = "<group>";
		};
		1898F2E4208DD1F400647FC9 /* TTLogVcDealloc */ = {
			isa = PBXGroup;
			children = (
				1898F2E5208DD1F400647FC9 /* UIViewController+LogDealloc.h */,
				1898F2E6208DD1F400647FC9 /* UIViewController+LogDealloc.m */,
			);
			path = TTLogVcDealloc;
			sourceTree = "<group>";
		};
		1898F2E7208DD1F400647FC9 /* TTButtonInnerRect */ = {
			isa = PBXGroup;
			children = (
				1898F2E8208DD1F400647FC9 /* UIButton+TTLayout.m */,
				1898F2E9208DD1F400647FC9 /* UIButton+TTLayout.h */,
			);
			path = TTButtonInnerRect;
			sourceTree = "<group>";
		};
		1898F2EA208DD1F400647FC9 /* TTNetwork */ = {
			isa = PBXGroup;
			children = (
				1898F2ED208DD1F400647FC9 /* NetChangeTools服务器切换 */,
				1898F2EC208DD1F400647FC9 /* NetDataModel.h */,
				1898F302208DD1F400647FC9 /* NetDataModel.m */,
				1898F303208DD1F400647FC9 /* NSObject+DataPaging.h */,
				1898F2EB208DD1F400647FC9 /* NSObject+DataPaging.m */,
				1898F304208DD1F400647FC9 /* NSDictionary+tt.h */,
				1898F300208DD1F400647FC9 /* NSDictionary+tt.m */,
				1898F301208DD1F400647FC9 /* NSObject+tt_PrintProperty.h */,
				1898F305208DD1F400647FC9 /* NSObject+tt_PrintProperty.m */,
			);
			path = TTNetwork;
			sourceTree = "<group>";
		};
		1898F2ED208DD1F400647FC9 /* NetChangeTools服务器切换 */ = {
			isa = PBXGroup;
			children = (
				1898F2EE208DD1F400647FC9 /* TTIPManage(服务器切换) */,
				1898F2FE208DD1F400647FC9 /* TTAutoModel(万能模型) */,
			);
			path = "NetChangeTools服务器切换";
			sourceTree = "<group>";
		};
		1898F2EE208DD1F400647FC9 /* TTIPManage(服务器切换) */ = {
			isa = PBXGroup;
			children = (
				1898F2EF208DD1F400647FC9 /* TTDataConfig.h */,
				1898F2F0208DD1F400647FC9 /* 缓存工具 */,
				1898F2F3208DD1F400647FC9 /* 网络切换工具 */,
			);
			path = "TTIPManage(服务器切换)";
			sourceTree = "<group>";
		};
		1898F2F0208DD1F400647FC9 /* 缓存工具 */ = {
			isa = PBXGroup;
			children = (
				1898F2F1208DD1F400647FC9 /* SandboxTools.h */,
				1898F2F2208DD1F400647FC9 /* SandboxTools.m */,
			);
			path = "缓存工具";
			sourceTree = "<group>";
		};
		1898F2F3208DD1F400647FC9 /* 网络切换工具 */ = {
			isa = PBXGroup;
			children = (
				1898F2F4208DD1F400647FC9 /* DYYFloatWindow */,
				1898F2F9208DD1F400647FC9 /* IPModel.h */,
				1898F2FA208DD1F400647FC9 /* DebugMange.h */,
				1898F2FB208DD1F400647FC9 /* DebugMange.m */,
				1898F2FC208DD1F400647FC9 /* IPModel.m */,
				1898F2FD208DD1F400647FC9 /* TTdataMacros.h */,
			);
			path = "网络切换工具";
			sourceTree = "<group>";
		};
		1898F2F4208DD1F400647FC9 /* DYYFloatWindow */ = {
			isa = PBXGroup;
			children = (
				1898F2F5208DD1F400647FC9 /* DYYFloatWindow.h */,
				1898F2F6208DD1F400647FC9 /* DYYFloatWindow.m */,
				1898F2F7208DD1F400647FC9 /* resource */,
			);
			path = DYYFloatWindow;
			sourceTree = "<group>";
		};
		1898F2F7208DD1F400647FC9 /* resource */ = {
			isa = PBXGroup;
			children = (
				1898F2F8208DD1F400647FC9 /* TTNetwork.bundle */,
			);
			path = resource;
			sourceTree = "<group>";
		};
		1898F2FE208DD1F400647FC9 /* TTAutoModel(万能模型) */ = {
			isa = PBXGroup;
			children = (
				1898F2FF208DD1F400647FC9 /* TTAutoModel.h */,
			);
			path = "TTAutoModel(万能模型)";
			sourceTree = "<group>";
		};
		1898F306208DD1F400647FC9 /* TTSignal */ = {
			isa = PBXGroup;
			children = (
				1898F384208DD2A100647FC9 /* TTMacros.h */,
				1898F385208DD2A100647FC9 /* TTSignal.h */,
				1898F387208DD2A100647FC9 /* UIView+TTSignal.h */,
				1898F386208DD2A100647FC9 /* UIView+TTSignal.m */,
			);
			path = TTSignal;
			sourceTree = "<group>";
		};
		1898F307208DD1F400647FC9 /* TTRouter */ = {
			isa = PBXGroup;
			children = (
				1898F308208DD1F400647FC9 /* TTRouterCategory */,
				1898F30B208DD1F400647FC9 /* UINavigationController+TTRouter.m */,
				1898F30C208DD1F400647FC9 /* PresentViewController(自定义modal动画) */,
				1898F325208DD1F400647FC9 /* UINavigationController+TTRouter.h */,
				1898F326208DD1F400647FC9 /* TTRouter.h */,
				1898F327208DD1F400647FC9 /* PushViewController(自定义push动画) */,
			);
			path = TTRouter;
			sourceTree = "<group>";
		};
		1898F308208DD1F400647FC9 /* TTRouterCategory */ = {
			isa = PBXGroup;
			children = (
				1898F309208DD1F400647FC9 /* UIView+TTTransitions.h */,
				1898F30A208DD1F400647FC9 /* UIView+TTTransitions.m */,
			);
			path = TTRouterCategory;
			sourceTree = "<group>";
		};
		1898F30C208DD1F400647FC9 /* PresentViewController(自定义modal动画) */ = {
			isa = PBXGroup;
			children = (
				1898F30D208DD1F400647FC9 /* 上下控制器视图管理者 */,
				1898F31C208DD1F400647FC9 /* UIViewController+CustomPopVc.h */,
				1898F31D208DD1F400647FC9 /* UIViewController+CustomPopVc.m */,
				1898F31E208DD1F400647FC9 /* 转场隔层设置 */,
			);
			path = "PresentViewController(自定义modal动画)";
			sourceTree = "<group>";
		};
		1898F30D208DD1F400647FC9 /* 上下控制器视图管理者 */ = {
			isa = PBXGroup;
			children = (
				1898F30E208DD1F400647FC9 /* ModalAnimator_downMenuAnimation_black.m */,
				1898F30F208DD1F400647FC9 /* ModalAnimator_midAnimation.h */,
				1898F310208DD1F400647FC9 /* ModalAnimator_downToUpAnimation.m */,
				1898F311208DD1F400647FC9 /* ModalAnimator_suchAsModalAnimation_black.h */,
				1898F312208DD1F400647FC9 /* ModalAnimator_Custom.m */,
				1898F313208DD1F400647FC9 /* ModalAnimator_downMenuAnimation_clear.m */,
				1898F314208DD1F400647FC9 /* ModalAnimator_midSpringPopAnimation_black.h */,
				1898F315208DD1F400647FC9 /* ModalAnimator_downToUpAnimation.h */,
				1898F316208DD1F400647FC9 /* ModalAnimator_midAnimation.m */,
				1898F317208DD1F400647FC9 /* ModalAnimator_downMenuAnimation_black.h */,
				1898F318208DD1F400647FC9 /* ModalAnimator_suchAsModalAnimation_black.m */,
				1898F319208DD1F400647FC9 /* ModalAnimator_midSpringPopAnimation_black.m */,
				1898F31A208DD1F400647FC9 /* ModalAnimator_downMenuAnimation_clear.h */,
				1898F31B208DD1F400647FC9 /* ModalAnimator_Custom.h */,
			);
			path = "上下控制器视图管理者";
			sourceTree = "<group>";
		};
		1898F31E208DD1F400647FC9 /* 转场隔层设置 */ = {
			isa = PBXGroup;
			children = (
				1898F31F208DD1F400647FC9 /* PopPresentationController_AlphaBlack_frame.h */,
				1898F320208DD1F400647FC9 /* PopPresentationController_fadeInAlphaBlack_frame.h */,
				1898F321208DD1F400647FC9 /* PopPresentationController_clearColor_frame.m */,
				1898F322208DD1F400647FC9 /* PopPresentationController_clearColor_frame.h */,
				1898F323208DD1F400647FC9 /* PopPresentationController_fadeInAlphaBlack_frame.m */,
				1898F324208DD1F400647FC9 /* PopPresentationController_AlphaBlack_frame.m */,
			);
			path = "转场隔层设置";
			sourceTree = "<group>";
		};
		1898F327208DD1F400647FC9 /* PushViewController(自定义push动画) */ = {
			isa = PBXGroup;
			children = (
				1898F328208DD1F400647FC9 /* 上下控制器视图管理者 */,
			);
			path = "PushViewController(自定义push动画)";
			sourceTree = "<group>";
		};
		1898F328208DD1F400647FC9 /* 上下控制器视图管理者 */ = {
			isa = PBXGroup;
			children = (
				1898F329208DD1F400647FC9 /* PushAnimator_downToupAnimation.m */,
				1898F32A208DD1F400647FC9 /* NavigationBarPop_push_Manager.m */,
				1898F32B208DD1F400647FC9 /* PopAnimator_upTpdownAnimation.m */,
				1898F32C208DD1F400647FC9 /* PushAnimator_downToupAnimation.h */,
				1898F32D208DD1F400647FC9 /* NavigationBarPop_push_Manager.h */,
				1898F32E208DD1F400647FC9 /* PopAnimator_upTpdownAnimation.h */,
			);
			path = "上下控制器视图管理者";
			sourceTree = "<group>";
		};
		1898F38C208ED3BD00647FC9 /* TTPlaceholderPlace */ = {
			isa = PBXGroup;
			children = (
				1898F38E208ED3BD00647FC9 /* NSObject+TTPlaceholderPlace.h */,
				1898F38D208ED3BD00647FC9 /* NSObject+TTPlaceholderPlace.m */,
			);
			path = TTPlaceholderPlace;
			sourceTree = "<group>";
		};
		1898F390208ED68300647FC9 /* TTNSStringCategory */ = {
			isa = PBXGroup;
			children = (
				1898F391208ED6BB00647FC9 /* NSString+ttLimit.h */,
				1898F392208ED6BB00647FC9 /* NSString+ttLimit.m */,
			);
			path = TTNSStringCategory;
			sourceTree = "<group>";
		};
		1898F394208EDB6B00647FC9 /* TTBtnArrSelected */ = {
			isa = PBXGroup;
			children = (
				1898F395208EDB7D00647FC9 /* NSArray+BtnSelect.h */,
				1898F396208EDB7D00647FC9 /* NSArray+BtnSelect.m */,
			);
			path = TTBtnArrSelected;
			sourceTree = "<group>";
		};
		1898F3A2208F054F00647FC9 /* TTKitHeader */ = {
			isa = PBXGroup;
			children = (
				1898F3A4208F056F00647FC9 /* TTKitConfig.h */,
			);
			path = TTKitHeader;
			sourceTree = "<group>";
		};
		64038D332AD6F31E05EAE1BD /* Pods */ = {
			isa = PBXGroup;
			children = (
				364E2B6AD678D9AA4CF0A710 /* Pods-TTKitDemo.debug.xcconfig */,
				62955859058A9B28B07C7329 /* Pods-TTKitDemo.release.xcconfig */,
			);
			name = Pods;
			sourceTree = "<group>";
		};
		F1BDF47E711409254FFE4918 /* Frameworks */ = {
			isa = PBXGroup;
			children = (
				AF56E97F04EB23D0ADCE1108 /* Pods_TTKitDemo.framework */,
			);
			name = Frameworks;
			sourceTree = "<group>";
		};
/* End PBXGroup section */

/* Begin PBXNativeTarget section */
		1898F25B208DD0CD00647FC9 /* TTKitDemo */ = {
			isa = PBXNativeTarget;
			buildConfigurationList = 1898F272208DD0CE00647FC9 /* Build configuration list for PBXNativeTarget "TTKitDemo" */;
			buildPhases = (
				D90C0DDF48E2A1A4483C77B5 /* [CP] Check Pods Manifest.lock */,
				1898F258208DD0CD00647FC9 /* Sources */,
				1898F259208DD0CD00647FC9 /* Frameworks */,
				1898F25A208DD0CD00647FC9 /* Resources */,
				5E5A12FFD5D96C38447ACEA3 /* [CP] Embed Pods Frameworks */,
				9713978D9763A5710187076A /* [CP] Copy Pods Resources */,
			);
			buildRules = (
			);
			dependencies = (
			);
			name = TTKitDemo;
			productName = TTKitDemo;
			productReference = 1898F25C208DD0CD00647FC9 /* TTKitDemo.app */;
			productType = "com.apple.product-type.application";
		};
/* End PBXNativeTarget section */

/* Begin PBXProject section */
		1898F254208DD0CD00647FC9 /* Project object */ = {
			isa = PBXProject;
			attributes = {
				LastUpgradeCheck = 0930;
				ORGANIZATIONNAME = ttayaa;
				TargetAttributes = {
					1898F25B208DD0CD00647FC9 = {
						CreatedOnToolsVersion = 9.3;
					};
				};
			};
			buildConfigurationList = 1898F257208DD0CD00647FC9 /* Build configuration list for PBXProject "TTKitDemo" */;
			compatibilityVersion = "Xcode 9.3";
			developmentRegion = en;
			hasScannedForEncodings = 0;
			knownRegions = (
				en,
				Base,
			);
			mainGroup = 1898F253208DD0CD00647FC9;
			productRefGroup = 1898F25D208DD0CD00647FC9 /* Products */;
			projectDirPath = "";
			projectRoot = "";
			targets = (
				1898F25B208DD0CD00647FC9 /* TTKitDemo */,
			);
		};
/* End PBXProject section */

/* Begin PBXResourcesBuildPhase section */
		1898F25A208DD0CD00647FC9 /* Resources */ = {
			isa = PBXResourcesBuildPhase;
			buildActionMask = 2147483647;
			files = (
				1898F346208DD1F400647FC9 /* TTQRScan.storyboard in Resources */,
				1898F335208DD1F400647FC9 /* placeholder_dropbox@3x.png in Resources */,
				1898F26C208DD0CE00647FC9 /* LaunchScreen.storyboard in Resources */,
				1898F382208DD21E00647FC9 /* tetController.xib in Resources */,
				1898F39F208EDD2000647FC9 /* TTQRScanController.bundle in Resources */,
				1898F351208DD1F400647FC9 /* KVNProgressView.xib in Resources */,
				1898F3A1208F03AC00647FC9 /* TTKit.podspec in Resources */,
				1898F35F208DD1F400647FC9 /* TTNetwork.bundle in Resources */,
				1898F37B208DD21400647FC9 /* TableViewCell1.xib in Resources */,
				1898F37C208DD21400647FC9 /* TableViewCel2.xib in Resources */,
				1898F269208DD0CE00647FC9 /* Assets.xcassets in Resources */,
				1898F267208DD0CD00647FC9 /* Main.storyboard in Resources */,
				1898F334208DD1F400647FC9 /* placeholder_dropbox@2x.png in Resources */,
			);
			runOnlyForDeploymentPostprocessing = 0;
		};
/* End PBXResourcesBuildPhase section */

/* Begin PBXShellScriptBuildPhase section */
		5E5A12FFD5D96C38447ACEA3 /* [CP] Embed Pods Frameworks */ = {
			isa = PBXShellScriptBuildPhase;
			buildActionMask = 2147483647;
			files = (
			);
			inputPaths = (
				"${SRCROOT}/Pods/Target Support Files/Pods-TTKitDemo/Pods-TTKitDemo-frameworks.sh",
				"${BUILT_PRODUCTS_DIR}/AFNetworking/AFNetworking.framework",
				"${BUILT_PRODUCTS_DIR}/SDWebImage/SDWebImage.framework",
				"${BUILT_PRODUCTS_DIR}/YYModel/YYModel.framework",
			);
			name = "[CP] Embed Pods Frameworks";
			outputPaths = (
				"${TARGET_BUILD_DIR}/${FRAMEWORKS_FOLDER_PATH}/AFNetworking.framework",
				"${TARGET_BUILD_DIR}/${FRAMEWORKS_FOLDER_PATH}/SDWebImage.framework",
				"${TARGET_BUILD_DIR}/${FRAMEWORKS_FOLDER_PATH}/YYModel.framework",
			);
			runOnlyForDeploymentPostprocessing = 0;
			shellPath = /bin/sh;
			shellScript = "\"${SRCROOT}/Pods/Target Support Files/Pods-TTKitDemo/Pods-TTKitDemo-frameworks.sh\"\n";
			showEnvVarsInLog = 0;
		};
		9713978D9763A5710187076A /* [CP] Copy Pods Resources */ = {
			isa = PBXShellScriptBuildPhase;
			buildActionMask = 2147483647;
			files = (
			);
			inputPaths = (
			);
			name = "[CP] Copy Pods Resources";
			outputPaths = (
			);
			runOnlyForDeploymentPostprocessing = 0;
			shellPath = /bin/sh;
			shellScript = "\"${SRCROOT}/Pods/Target Support Files/Pods-TTKitDemo/Pods-TTKitDemo-resources.sh\"\n";
			showEnvVarsInLog = 0;
		};
		D90C0DDF48E2A1A4483C77B5 /* [CP] Check Pods Manifest.lock */ = {
			isa = PBXShellScriptBuildPhase;
			buildActionMask = 2147483647;
			files = (
			);
			inputPaths = (
				"${PODS_PODFILE_DIR_PATH}/Podfile.lock",
				"${PODS_ROOT}/Manifest.lock",
			);
			name = "[CP] Check Pods Manifest.lock";
			outputPaths = (
				"$(DERIVED_FILE_DIR)/Pods-TTKitDemo-checkManifestLockResult.txt",
			);
			runOnlyForDeploymentPostprocessing = 0;
			shellPath = /bin/sh;
			shellScript = "diff \"${PODS_PODFILE_DIR_PATH}/Podfile.lock\" \"${PODS_ROOT}/Manifest.lock\" > /dev/null\nif [ $? != 0 ] ; then\n    # print error to STDERR\n    echo \"error: The sandbox is not in sync with the Podfile.lock. Run 'pod install' or update your CocoaPods installation.\" >&2\n    exit 1\nfi\n# This output is used by Xcode 'outputs' to avoid re-running this script phase.\necho \"SUCCESS\" > \"${SCRIPT_OUTPUT_FILE_0}\"\n";
			showEnvVarsInLog = 0;
		};
/* End PBXShellScriptBuildPhase section */

/* Begin PBXSourcesBuildPhase section */
		1898F258208DD0CD00647FC9 /* Sources */ = {
			isa = PBXSourcesBuildPhase;
			buildActionMask = 2147483647;
			files = (
				1898F32F208DD1F400647FC9 /* NSObject+FBKVOController.m in Sources */,
				1898F338208DD1F400647FC9 /* FBShimmeringLayer.m in Sources */,
				1898F374208DD1F400647FC9 /* PopAnimator_upTpdownAnimation.m in Sources */,
				1898F342208DD1F400647FC9 /* UITableView+TTCellAnimation.m in Sources */,
				1898F370208DD1F400647FC9 /* PopPresentationController_fadeInAlphaBlack_frame.m in Sources */,
				1898F369208DD1F400647FC9 /* ModalAnimator_Custom.m in Sources */,
				1898F35D208DD1F400647FC9 /* SandboxTools.m in Sources */,
				1898F36F208DD1F400647FC9 /* PopPresentationController_clearColor_frame.m in Sources */,
				1898F357208DD1F400647FC9 /* NSString+TTTextField.m in Sources */,
				1898F347208DD1F400647FC9 /* TTQRScanController.m in Sources */,
				1898F33C208DD1F400647FC9 /* UIViewController+auto_implementation.m in Sources */,
				1898F36C208DD1F400647FC9 /* ModalAnimator_suchAsModalAnimation_black.m in Sources */,
				1898F264208DD0CD00647FC9 /* ViewController.m in Sources */,
				1898F332208DD1F400647FC9 /* UINavigationBar+ttAwesome.m in Sources */,
				1898F337208DD1F400647FC9 /* UIViewController+NVBarClick.m in Sources */,
				1898F352208DD1F400647FC9 /* UIImage+KVNImageEffects.m in Sources */,
				1898F34A208DD1F400647FC9 /* TTPhotoBrowser.m in Sources */,
				1898F35C208DD1F400647FC9 /* NSObject+DataPaging.m in Sources */,
				1898F358208DD1F400647FC9 /* TTAlertView.m in Sources */,
				1898F372208DD1F400647FC9 /* PushAnimator_downToupAnimation.m in Sources */,
				1898F344208DD1F400647FC9 /* TTScanQRCodeResultDEMO.m in Sources */,
				1898F350208DD1F400647FC9 /* KVNProgressConfiguration.m in Sources */,
				1898F34B208DD1F400647FC9 /* TTBankNumberTF.m in Sources */,
				1898F36A208DD1F400647FC9 /* ModalAnimator_downMenuAnimation_clear.m in Sources */,
				1898F33A208DD1F400647FC9 /* UIViewController+ViewIsScrollview.m in Sources */,
				1898F360208DD1F400647FC9 /* DebugMange.m in Sources */,
				1898F34F208DD1F400647FC9 /* KVNProgress.m in Sources */,
				1898F38F208ED3BD00647FC9 /* NSObject+TTPlaceholderPlace.m in Sources */,
				1898F26F208DD0CE00647FC9 /* main.m in Sources */,
				1898F341208DD1F400647FC9 /* UITableView+TTVM.m in Sources */,
				1898F331208DD1F400647FC9 /* UIViewController+AlphaBar.m in Sources */,
				1898F35A208DD1F400647FC9 /* UIViewController+LogDealloc.m in Sources */,
				1898F34C208DD1F400647FC9 /* TTPhoneNumberTF.m in Sources */,
				1898F343208DD1F400647FC9 /* UICollectionView+TTVM.m in Sources */,
				1898F35E208DD1F400647FC9 /* DYYFloatWindow.m in Sources */,
				1898F339208DD1F400647FC9 /* FBShimmeringView.m in Sources */,
				1898F37D208DD21400647FC9 /* TableViewCel2.m in Sources */,
				1898F356208DD1F400647FC9 /* TTTextfield.m in Sources */,
				1898F371208DD1F400647FC9 /* PopPresentationController_AlphaBlack_frame.m in Sources */,
				1898F355208DD1F400647FC9 /* DBProgress.m in Sources */,
				1898F261208DD0CD00647FC9 /* AppDelegate.m in Sources */,
				1898F353208DD1F400647FC9 /* UIImage+KVNEmpty.m in Sources */,
				1898F373208DD1F400647FC9 /* NavigationBarPop_push_Manager.m in Sources */,
				1898F33B208DD1F400647FC9 /* UIViewController+easyJump.m in Sources */,
				1898F34D208DD1F400647FC9 /* UITextField+TTNumberTF.m in Sources */,
				1898F333208DD1F400647FC9 /* UIViewController+DZNEmptyDataSet.m in Sources */,
				1898F365208DD1F400647FC9 /* UIView+TTTransitions.m in Sources */,
				1898F367208DD1F400647FC9 /* ModalAnimator_downMenuAnimation_black.m in Sources */,
				1898F38B208DDB5000647FC9 /* testmodel.m in Sources */,
				1898F36E208DD1F400647FC9 /* UIViewController+CustomPopVc.m in Sources */,
				1898F363208DD1F400647FC9 /* NetDataModel.m in Sources */,
				1898F362208DD1F400647FC9 /* NSDictionary+tt.m in Sources */,
				1898F33F208DD1F400647FC9 /* TTGroupViewBaseMake.m in Sources */,
				1898F33E208DD1F400647FC9 /* UIView+TTVM.m in Sources */,
				1898F336208DD1F400647FC9 /* UIScrollView+EmptyDataSet.m in Sources */,
				1898F383208DD21E00647FC9 /* tetController.m in Sources */,
				1898F330208DD1F400647FC9 /* FBKVOController.m in Sources */,
				1898F366208DD1F400647FC9 /* UINavigationController+TTRouter.m in Sources */,
				1898F388208DD2A100647FC9 /* UIView+TTSignal.m in Sources */,
				1898F34E208DD1F400647FC9 /* TTProgressView.m in Sources */,
				1898F35B208DD1F400647FC9 /* UIButton+TTLayout.m in Sources */,
				1898F36D208DD1F400647FC9 /* ModalAnimator_midSpringPopAnimation_black.m in Sources */,
				1898F364208DD1F400647FC9 /* NSObject+tt_PrintProperty.m in Sources */,
				1898F393208ED6BB00647FC9 /* NSString+ttLimit.m in Sources */,
				1898F349208DD1F400647FC9 /* TTWaitingView.m in Sources */,
				1898F36B208DD1F400647FC9 /* ModalAnimator_midAnimation.m in Sources */,
				1898F33D208DD1F400647FC9 /* TTMutableProxy.m in Sources */,
				1898F397208EDB7D00647FC9 /* NSArray+BtnSelect.m in Sources */,
				1898F354208DD1F400647FC9 /* UIColor+KVNContrast.m in Sources */,
				1898F368208DD1F400647FC9 /* ModalAnimator_downToUpAnimation.m in Sources */,
				1898F348208DD1F400647FC9 /* TTBrowserImageView.m in Sources */,
				1898F340208DD1F400647FC9 /* TTTableSectionMake.m in Sources */,
				1898F37E208DD21400647FC9 /* TableViewCell1.m in Sources */,
				1898F361208DD1F400647FC9 /* IPModel.m in Sources */,
				1898F359208DD1F400647FC9 /* TTWebController.m in Sources */,
			);
			runOnlyForDeploymentPostprocessing = 0;
		};
/* End PBXSourcesBuildPhase section */

/* Begin PBXVariantGroup section */
		1898F265208DD0CD00647FC9 /* Main.storyboard */ = {
			isa = PBXVariantGroup;
			children = (
				1898F266208DD0CD00647FC9 /* Base */,
			);
			name = Main.storyboard;
			sourceTree = "<group>";
		};
		1898F26A208DD0CE00647FC9 /* LaunchScreen.storyboard */ = {
			isa = PBXVariantGroup;
			children = (
				1898F26B208DD0CE00647FC9 /* Base */,
			);
			name = LaunchScreen.storyboard;
			sourceTree = "<group>";
		};
/* End PBXVariantGroup section */

/* Begin XCBuildConfiguration section */
		1898F270208DD0CE00647FC9 /* Debug */ = {
			isa = XCBuildConfiguration;
			buildSettings = {
				ALWAYS_SEARCH_USER_PATHS = NO;
				CLANG_ANALYZER_NONNULL = YES;
				CLANG_ANALYZER_NUMBER_OBJECT_CONVERSION = YES_AGGRESSIVE;
				CLANG_CXX_LANGUAGE_STANDARD = "gnu++14";
				CLANG_CXX_LIBRARY = "libc++";
				CLANG_ENABLE_MODULES = YES;
				CLANG_ENABLE_OBJC_ARC = YES;
				CLANG_ENABLE_OBJC_WEAK = YES;
				CLANG_WARN_BLOCK_CAPTURE_AUTORELEASING = YES;
				CLANG_WARN_BOOL_CONVERSION = YES;
				CLANG_WARN_COMMA = YES;
				CLANG_WARN_CONSTANT_CONVERSION = YES;
				CLANG_WARN_DEPRECATED_OBJC_IMPLEMENTATIONS = YES;
				CLANG_WARN_DIRECT_OBJC_ISA_USAGE = YES_ERROR;
				CLANG_WARN_DOCUMENTATION_COMMENTS = YES;
				CLANG_WARN_EMPTY_BODY = YES;
				CLANG_WARN_ENUM_CONVERSION = YES;
				CLANG_WARN_INFINITE_RECURSION = YES;
				CLANG_WARN_INT_CONVERSION = YES;
				CLANG_WARN_NON_LITERAL_NULL_CONVERSION = YES;
				CLANG_WARN_OBJC_IMPLICIT_RETAIN_SELF = YES;
				CLANG_WARN_OBJC_LITERAL_CONVERSION = YES;
				CLANG_WARN_OBJC_ROOT_CLASS = YES_ERROR;
				CLANG_WARN_RANGE_LOOP_ANALYSIS = YES;
				CLANG_WARN_STRICT_PROTOTYPES = YES;
				CLANG_WARN_SUSPICIOUS_MOVE = YES;
				CLANG_WARN_UNGUARDED_AVAILABILITY = YES_AGGRESSIVE;
				CLANG_WARN_UNREACHABLE_CODE = YES;
				CLANG_WARN__DUPLICATE_METHOD_MATCH = YES;
				CODE_SIGN_IDENTITY = "iPhone Developer";
				COPY_PHASE_STRIP = NO;
				DEBUG_INFORMATION_FORMAT = dwarf;
				ENABLE_STRICT_OBJC_MSGSEND = YES;
				ENABLE_TESTABILITY = YES;
				GCC_C_LANGUAGE_STANDARD = gnu11;
				GCC_DYNAMIC_NO_PIC = NO;
				GCC_NO_COMMON_BLOCKS = YES;
				GCC_OPTIMIZATION_LEVEL = 0;
				GCC_PREPROCESSOR_DEFINITIONS = (
					"DEBUG=1",
					"$(inherited)",
				);
				GCC_WARN_64_TO_32_BIT_CONVERSION = YES;
				GCC_WARN_ABOUT_RETURN_TYPE = YES_ERROR;
				GCC_WARN_UNDECLARED_SELECTOR = YES;
				GCC_WARN_UNINITIALIZED_AUTOS = YES_AGGRESSIVE;
				GCC_WARN_UNUSED_FUNCTION = YES;
				GCC_WARN_UNUSED_VARIABLE = YES;
				IPHONEOS_DEPLOYMENT_TARGET = 11.3;
				MTL_ENABLE_DEBUG_INFO = YES;
				ONLY_ACTIVE_ARCH = YES;
				SDKROOT = iphoneos;
			};
			name = Debug;
		};
		1898F271208DD0CE00647FC9 /* Release */ = {
			isa = XCBuildConfiguration;
			buildSettings = {
				ALWAYS_SEARCH_USER_PATHS = NO;
				CLANG_ANALYZER_NONNULL = YES;
				CLANG_ANALYZER_NUMBER_OBJECT_CONVERSION = YES_AGGRESSIVE;
				CLANG_CXX_LANGUAGE_STANDARD = "gnu++14";
				CLANG_CXX_LIBRARY = "libc++";
				CLANG_ENABLE_MODULES = YES;
				CLANG_ENABLE_OBJC_ARC = YES;
				CLANG_ENABLE_OBJC_WEAK = YES;
				CLANG_WARN_BLOCK_CAPTURE_AUTORELEASING = YES;
				CLANG_WARN_BOOL_CONVERSION = YES;
				CLANG_WARN_COMMA = YES;
				CLANG_WARN_CONSTANT_CONVERSION = YES;
				CLANG_WARN_DEPRECATED_OBJC_IMPLEMENTATIONS = YES;
				CLANG_WARN_DIRECT_OBJC_ISA_USAGE = YES_ERROR;
				CLANG_WARN_DOCUMENTATION_COMMENTS = YES;
				CLANG_WARN_EMPTY_BODY = YES;
				CLANG_WARN_ENUM_CONVERSION = YES;
				CLANG_WARN_INFINITE_RECURSION = YES;
				CLANG_WARN_INT_CONVERSION = YES;
				CLANG_WARN_NON_LITERAL_NULL_CONVERSION = YES;
				CLANG_WARN_OBJC_IMPLICIT_RETAIN_SELF = YES;
				CLANG_WARN_OBJC_LITERAL_CONVERSION = YES;
				CLANG_WARN_OBJC_ROOT_CLASS = YES_ERROR;
				CLANG_WARN_RANGE_LOOP_ANALYSIS = YES;
				CLANG_WARN_STRICT_PROTOTYPES = YES;
				CLANG_WARN_SUSPICIOUS_MOVE = YES;
				CLANG_WARN_UNGUARDED_AVAILABILITY = YES_AGGRESSIVE;
				CLANG_WARN_UNREACHABLE_CODE = YES;
				CLANG_WARN__DUPLICATE_METHOD_MATCH = YES;
				CODE_SIGN_IDENTITY = "iPhone Developer";
				COPY_PHASE_STRIP = NO;
				DEBUG_INFORMATION_FORMAT = "dwarf-with-dsym";
				ENABLE_NS_ASSERTIONS = NO;
				ENABLE_STRICT_OBJC_MSGSEND = YES;
				GCC_C_LANGUAGE_STANDARD = gnu11;
				GCC_NO_COMMON_BLOCKS = YES;
				GCC_WARN_64_TO_32_BIT_CONVERSION = YES;
				GCC_WARN_ABOUT_RETURN_TYPE = YES_ERROR;
				GCC_WARN_UNDECLARED_SELECTOR = YES;
				GCC_WARN_UNINITIALIZED_AUTOS = YES_AGGRESSIVE;
				GCC_WARN_UNUSED_FUNCTION = YES;
				GCC_WARN_UNUSED_VARIABLE = YES;
				IPHONEOS_DEPLOYMENT_TARGET = 11.3;
				MTL_ENABLE_DEBUG_INFO = NO;
				SDKROOT = iphoneos;
				VALIDATE_PRODUCT = YES;
			};
			name = Release;
		};
		1898F273208DD0CE00647FC9 /* Debug */ = {
			isa = XCBuildConfiguration;
			baseConfigurationReference = 364E2B6AD678D9AA4CF0A710 /* Pods-TTKitDemo.debug.xcconfig */;
			buildSettings = {
				ASSETCATALOG_COMPILER_APPICON_NAME = AppIcon;
				CODE_SIGN_STYLE = Automatic;
				DEVELOPMENT_TEAM = W4K85W89V2;
				INFOPLIST_FILE = TTKitDemo/Info.plist;
				LD_RUNPATH_SEARCH_PATHS = (
					"$(inherited)",
					"@executable_path/Frameworks",
				);
				PRODUCT_BUNDLE_IDENTIFIER = ttayaa.TTKitDemo;
				PRODUCT_NAME = "$(TARGET_NAME)";
				TARGETED_DEVICE_FAMILY = "1,2";
			};
			name = Debug;
		};
		1898F274208DD0CE00647FC9 /* Release */ = {
			isa = XCBuildConfiguration;
			baseConfigurationReference = 62955859058A9B28B07C7329 /* Pods-TTKitDemo.release.xcconfig */;
			buildSettings = {
				ASSETCATALOG_COMPILER_APPICON_NAME = AppIcon;
				CODE_SIGN_STYLE = Automatic;
				DEVELOPMENT_TEAM = W4K85W89V2;
				INFOPLIST_FILE = TTKitDemo/Info.plist;
				LD_RUNPATH_SEARCH_PATHS = (
					"$(inherited)",
					"@executable_path/Frameworks",
				);
				PRODUCT_BUNDLE_IDENTIFIER = ttayaa.TTKitDemo;
				PRODUCT_NAME = "$(TARGET_NAME)";
				TARGETED_DEVICE_FAMILY = "1,2";
			};
			name = Release;
		};
/* End XCBuildConfiguration section */

/* Begin XCConfigurationList section */
		1898F257208DD0CD00647FC9 /* Build configuration list for PBXProject "TTKitDemo" */ = {
			isa = XCConfigurationList;
			buildConfigurations = (
				1898F270208DD0CE00647FC9 /* Debug */,
				1898F271208DD0CE00647FC9 /* Release */,
			);
			defaultConfigurationIsVisible = 0;
			defaultConfigurationName = Release;
		};
		1898F272208DD0CE00647FC9 /* Build configuration list for PBXNativeTarget "TTKitDemo" */ = {
			isa = XCConfigurationList;
			buildConfigurations = (
				1898F273208DD0CE00647FC9 /* Debug */,
				1898F274208DD0CE00647FC9 /* Release */,
			);
			defaultConfigurationIsVisible = 0;
			defaultConfigurationName = Release;
		};
/* End XCConfigurationList section */
	};
	rootObject = 1898F254208DD0CD00647FC9 /* Project object */;
}
